PODS:
  - SwiftExt (0.0.2)

DEPENDENCIES:
  - SwiftExt (from `https://github.com/WeZZard/Swift-Extended-Library.git`, branch
    `swift-2`)

EXTERNAL SOURCES:
  SwiftExt:
    :branch: swift-2
    :git: https://github.com/WeZZard/Swift-Extended-Library.git

CHECKOUT OPTIONS:
  SwiftExt:
    :commit: 6ba79cccc0aa3376186cd68d2968bb9d813fdb34
    :git: https://github.com/WeZZard/Swift-Extended-Library.git

SPEC CHECKSUMS:
  SwiftExt: 08eabc2fef2ea84f52e3f2d1a97bee65911047ec

COCOAPODS: 0.38.0.beta.1
