// !$*UTF8*$!
{
	archiveVersion = 1;
	classes = {
	};
	objectVersion = 46;
	objects = {

/* Begin PBXBuildFile section */
		63050CA61C018C9300EDFEAD /* ObjCSelfAwareSwizzle.swift in Sources */ = {isa = PBXBuildFile; fileRef = 63050CA51C018C9300EDFEAD /* ObjCSelfAwareSwizzle.swift */; };
		63050CA71C018C9300EDFEAD /* ObjCSelfAwareSwizzle.swift in Sources */ = {isa = PBXBuildFile; fileRef = 63050CA51C018C9300EDFEAD /* ObjCSelfAwareSwizzle.swift */; };
		63050CA81C018C9300EDFEAD /* ObjCSelfAwareSwizzle.swift in Sources */ = {isa = PBXBuildFile; fileRef = 63050CA51C018C9300EDFEAD /* ObjCSelfAwareSwizzle.swift */; };
		63050CA91C018C9300EDFEAD /* ObjCSelfAwareSwizzle.swift in Sources */ = {isa = PBXBuildFile; fileRef = 63050CA51C018C9300EDFEAD /* ObjCSelfAwareSwizzle.swift */; };
		630B4D531B48473600830454 /* Nest.framework in Frameworks */ = {isa = PBXBuildFile; fileRef = 634711491B22D91B00FA2C76 /* Nest.framework */; };
		630B4D541B48473C00830454 /* Nest.framework in Frameworks */ = {isa = PBXBuildFile; fileRef = 634711681B22D92600FA2C76 /* Nest.framework */; };
		6315CB3C1BFD7C4B003A5840 /* ObjCSelfAwareSwizzle+UIKit.m in Sources */ = {isa = PBXBuildFile; fileRef = 6315CB3A1BFD7C4B003A5840 /* ObjCSelfAwareSwizzle+UIKit.m */; };
		6315CB3D1BFD7C4B003A5840 /* ObjCSelfAwareSwizzle+UIKit.m in Sources */ = {isa = PBXBuildFile; fileRef = 6315CB3A1BFD7C4B003A5840 /* ObjCSelfAwareSwizzle+UIKit.m */; };
		6315CB3E1BFD7C4B003A5840 /* ObjCSelfAwareSwizzle+UIKit.h in Headers */ = {isa = PBXBuildFile; fileRef = 6315CB3B1BFD7C4B003A5840 /* ObjCSelfAwareSwizzle+UIKit.h */; };
		6315CB3F1BFD7C4B003A5840 /* ObjCSelfAwareSwizzle+UIKit.h in Headers */ = {isa = PBXBuildFile; fileRef = 6315CB3B1BFD7C4B003A5840 /* ObjCSelfAwareSwizzle+UIKit.h */; };
		6315CB421BFD7D32003A5840 /* ObjCSelfAwareSwizzle+AppKit.m in Sources */ = {isa = PBXBuildFile; fileRef = 6315CB401BFD7D32003A5840 /* ObjCSelfAwareSwizzle+AppKit.m */; };
		6315CB441BFD7D32003A5840 /* ObjCSelfAwareSwizzle+AppKit.h in Headers */ = {isa = PBXBuildFile; fileRef = 6315CB411BFD7D32003A5840 /* ObjCSelfAwareSwizzle+AppKit.h */; };
		6315CB481BFD7D4A003A5840 /* ObjCSelfAwareSwizzle+WatchKit.m in Sources */ = {isa = PBXBuildFile; fileRef = 6315CB461BFD7D4A003A5840 /* ObjCSelfAwareSwizzle+WatchKit.m */; };
		6315CB491BFD7D4A003A5840 /* ObjCSelfAwareSwizzle+WatchKit.h in Headers */ = {isa = PBXBuildFile; fileRef = 6315CB471BFD7D4A003A5840 /* ObjCSelfAwareSwizzle+WatchKit.h */; };
		6315CB4C1BFD8746003A5840 /* ObjCSelfAwareSwizzle.m in Sources */ = {isa = PBXBuildFile; fileRef = 6315CB4A1BFD8745003A5840 /* ObjCSelfAwareSwizzle.m */; };
		6315CB4D1BFD8746003A5840 /* ObjCSelfAwareSwizzle.m in Sources */ = {isa = PBXBuildFile; fileRef = 6315CB4A1BFD8745003A5840 /* ObjCSelfAwareSwizzle.m */; };
		6315CB4E1BFD8746003A5840 /* ObjCSelfAwareSwizzle.m in Sources */ = {isa = PBXBuildFile; fileRef = 6315CB4A1BFD8745003A5840 /* ObjCSelfAwareSwizzle.m */; };
		6315CB4F1BFD8746003A5840 /* ObjCSelfAwareSwizzle.m in Sources */ = {isa = PBXBuildFile; fileRef = 6315CB4A1BFD8745003A5840 /* ObjCSelfAwareSwizzle.m */; };
		6315CB501BFD8746003A5840 /* ObjCSelfAwareSwizzle.h in Headers */ = {isa = PBXBuildFile; fileRef = 6315CB4B1BFD8746003A5840 /* ObjCSelfAwareSwizzle.h */; };
		6315CB511BFD8746003A5840 /* ObjCSelfAwareSwizzle.h in Headers */ = {isa = PBXBuildFile; fileRef = 6315CB4B1BFD8746003A5840 /* ObjCSelfAwareSwizzle.h */; };
		6315CB521BFD8746003A5840 /* ObjCSelfAwareSwizzle.h in Headers */ = {isa = PBXBuildFile; fileRef = 6315CB4B1BFD8746003A5840 /* ObjCSelfAwareSwizzle.h */; };
		6315CB531BFD8746003A5840 /* ObjCSelfAwareSwizzle.h in Headers */ = {isa = PBXBuildFile; fileRef = 6315CB4B1BFD8746003A5840 /* ObjCSelfAwareSwizzle.h */; };
		6315CC5A1BFE550E003A5840 /* NSCoding+ObjCKeyValueAccessible.swift in Sources */ = {isa = PBXBuildFile; fileRef = 6315CC591BFE550E003A5840 /* NSCoding+ObjCKeyValueAccessible.swift */; };
		6315CC5B1BFE550E003A5840 /* NSCoding+ObjCKeyValueAccessible.swift in Sources */ = {isa = PBXBuildFile; fileRef = 6315CC591BFE550E003A5840 /* NSCoding+ObjCKeyValueAccessible.swift */; };
		6315CC5C1BFE550E003A5840 /* NSCoding+ObjCKeyValueAccessible.swift in Sources */ = {isa = PBXBuildFile; fileRef = 6315CC591BFE550E003A5840 /* NSCoding+ObjCKeyValueAccessible.swift */; };
		6315CC5D1BFE550E003A5840 /* NSCoding+ObjCKeyValueAccessible.swift in Sources */ = {isa = PBXBuildFile; fileRef = 6315CC591BFE550E003A5840 /* NSCoding+ObjCKeyValueAccessible.swift */; };
		632313141B65D8A700AEA8EF /* SwiftExt.framework in Frameworks */ = {isa = PBXBuildFile; fileRef = 632313131B65D8A700AEA8EF /* SwiftExt.framework */; };
		632313161B65D8B100AEA8EF /* SwiftExt.framework in Frameworks */ = {isa = PBXBuildFile; fileRef = 632313151B65D8B100AEA8EF /* SwiftExt.framework */; };
		632313181B65D8B600AEA8EF /* SwiftExt.framework in Frameworks */ = {isa = PBXBuildFile; fileRef = 632313171B65D8B600AEA8EF /* SwiftExt.framework */; };
		634711B41B22FDBE00FA2C76 /* NSReuseCenterTest.swift in Sources */ = {isa = PBXBuildFile; fileRef = 634711B31B22FDBE00FA2C76 /* NSReuseCenterTest.swift */; };
		634711B51B22FDBE00FA2C76 /* NSReuseCenterTest.swift in Sources */ = {isa = PBXBuildFile; fileRef = 634711B31B22FDBE00FA2C76 /* NSReuseCenterTest.swift */; };
		635AE0801BFF10D300FB612A /* ObjectiveCTest.swift in Sources */ = {isa = PBXBuildFile; fileRef = 635AE07F1BFF10D300FB612A /* ObjectiveCTest.swift */; };
		635AE0811BFF10D300FB612A /* ObjectiveCTest.swift in Sources */ = {isa = PBXBuildFile; fileRef = 635AE07F1BFF10D300FB612A /* ObjectiveCTest.swift */; };
		635AE0821BFF10D300FB612A /* ObjectiveCTest.swift in Sources */ = {isa = PBXBuildFile; fileRef = 635AE07F1BFF10D300FB612A /* ObjectiveCTest.swift */; };
		635F10AE1BFAFABB004982B4 /* HierarchicalPickablePicker.swift in Sources */ = {isa = PBXBuildFile; fileRef = 635F108F1BFAFABB004982B4 /* HierarchicalPickablePicker.swift */; };
		635F10AF1BFAFABB004982B4 /* HierarchicalPickablePicker.swift in Sources */ = {isa = PBXBuildFile; fileRef = 635F108F1BFAFABB004982B4 /* HierarchicalPickablePicker.swift */; };
		635F10B01BFAFABB004982B4 /* HierarchicalPickablePicker.swift in Sources */ = {isa = PBXBuildFile; fileRef = 635F108F1BFAFABB004982B4 /* HierarchicalPickablePicker.swift */; };
		635F10B11BFAFABB004982B4 /* Notifications.swift in Sources */ = {isa = PBXBuildFile; fileRef = 635F10901BFAFABB004982B4 /* Notifications.swift */; };
		635F10B21BFAFABB004982B4 /* Notifications.swift in Sources */ = {isa = PBXBuildFile; fileRef = 635F10901BFAFABB004982B4 /* Notifications.swift */; };
		635F10B31BFAFABB004982B4 /* Notifications.swift in Sources */ = {isa = PBXBuildFile; fileRef = 635F10901BFAFABB004982B4 /* Notifications.swift */; };
		635F10B41BFAFABB004982B4 /* ObjCCodingEncodableDecodable.swift in Sources */ = {isa = PBXBuildFile; fileRef = 635F10911BFAFABB004982B4 /* ObjCCodingEncodableDecodable.swift */; };
		635F10B51BFAFABB004982B4 /* ObjCCodingEncodableDecodable.swift in Sources */ = {isa = PBXBuildFile; fileRef = 635F10911BFAFABB004982B4 /* ObjCCodingEncodableDecodable.swift */; };
		635F10B61BFAFABB004982B4 /* ObjCCodingEncodableDecodable.swift in Sources */ = {isa = PBXBuildFile; fileRef = 635F10911BFAFABB004982B4 /* ObjCCodingEncodableDecodable.swift */; };
		635F10B71BFAFABB004982B4 /* ObjCKeyValueAccessible.swift in Sources */ = {isa = PBXBuildFile; fileRef = 635F10921BFAFABB004982B4 /* ObjCKeyValueAccessible.swift */; };
		635F10B81BFAFABB004982B4 /* ObjCKeyValueAccessible.swift in Sources */ = {isa = PBXBuildFile; fileRef = 635F10921BFAFABB004982B4 /* ObjCKeyValueAccessible.swift */; };
		635F10B91BFAFABB004982B4 /* ObjCKeyValueAccessible.swift in Sources */ = {isa = PBXBuildFile; fileRef = 635F10921BFAFABB004982B4 /* ObjCKeyValueAccessible.swift */; };
		635F10BA1BFAFABB004982B4 /* ObjCAssociated.swift in Sources */ = {isa = PBXBuildFile; fileRef = 635F10931BFAFABB004982B4 /* ObjCAssociated.swift */; };
		635F10BB1BFAFABB004982B4 /* ObjCAssociated.swift in Sources */ = {isa = PBXBuildFile; fileRef = 635F10931BFAFABB004982B4 /* ObjCAssociated.swift */; };
		635F10BC1BFAFABB004982B4 /* ObjCAssociated.swift in Sources */ = {isa = PBXBuildFile; fileRef = 635F10931BFAFABB004982B4 /* ObjCAssociated.swift */; };
		635F10BD1BFAFABB004982B4 /* ObjCMultiCastDelegatable.swift in Sources */ = {isa = PBXBuildFile; fileRef = 635F10941BFAFABB004982B4 /* ObjCMultiCastDelegatable.swift */; };
		635F10BE1BFAFABB004982B4 /* ObjCMultiCastDelegatable.swift in Sources */ = {isa = PBXBuildFile; fileRef = 635F10941BFAFABB004982B4 /* ObjCMultiCastDelegatable.swift */; };
		635F10BF1BFAFABB004982B4 /* ObjCMultiCastDelegatable.swift in Sources */ = {isa = PBXBuildFile; fileRef = 635F10941BFAFABB004982B4 /* ObjCMultiCastDelegatable.swift */; };
		635F10C01BFAFABB004982B4 /* ObjCProtocolDispatcherType.swift in Sources */ = {isa = PBXBuildFile; fileRef = 635F10951BFAFABB004982B4 /* ObjCProtocolDispatcherType.swift */; };
		635F10C11BFAFABB004982B4 /* ObjCProtocolDispatcherType.swift in Sources */ = {isa = PBXBuildFile; fileRef = 635F10951BFAFABB004982B4 /* ObjCProtocolDispatcherType.swift */; };
		635F10C21BFAFABB004982B4 /* ObjCProtocolDispatcherType.swift in Sources */ = {isa = PBXBuildFile; fileRef = 635F10951BFAFABB004982B4 /* ObjCProtocolDispatcherType.swift */; };
		635F10C31BFAFABB004982B4 /* ObjCProtocolInterceptor.swift in Sources */ = {isa = PBXBuildFile; fileRef = 635F10961BFAFABB004982B4 /* ObjCProtocolInterceptor.swift */; };
		635F10C41BFAFABB004982B4 /* ObjCProtocolInterceptor.swift in Sources */ = {isa = PBXBuildFile; fileRef = 635F10961BFAFABB004982B4 /* ObjCProtocolInterceptor.swift */; };
		635F10C51BFAFABB004982B4 /* ObjCProtocolInterceptor.swift in Sources */ = {isa = PBXBuildFile; fileRef = 635F10961BFAFABB004982B4 /* ObjCProtocolInterceptor.swift */; };
		635F10C61BFAFABB004982B4 /* PersistenceController.swift in Sources */ = {isa = PBXBuildFile; fileRef = 635F10971BFAFABB004982B4 /* PersistenceController.swift */; };
		635F10C71BFAFABB004982B4 /* PersistenceController.swift in Sources */ = {isa = PBXBuildFile; fileRef = 635F10971BFAFABB004982B4 /* PersistenceController.swift */; };
		635F10C81BFAFABB004982B4 /* PersistenceController.swift in Sources */ = {isa = PBXBuildFile; fileRef = 635F10971BFAFABB004982B4 /* PersistenceController.swift */; };
		635F10CF1BFAFABB004982B4 /* CFRunLoopActivity+CustomDebugStringConvertible.swift in Sources */ = {isa = PBXBuildFile; fileRef = 635F109B1BFAFABB004982B4 /* CFRunLoopActivity+CustomDebugStringConvertible.swift */; };
		635F10D01BFAFABB004982B4 /* CFRunLoopActivity+CustomDebugStringConvertible.swift in Sources */ = {isa = PBXBuildFile; fileRef = 635F109B1BFAFABB004982B4 /* CFRunLoopActivity+CustomDebugStringConvertible.swift */; };
		635F10D11BFAFABB004982B4 /* CFRunLoopActivity+CustomDebugStringConvertible.swift in Sources */ = {isa = PBXBuildFile; fileRef = 635F109B1BFAFABB004982B4 /* CFRunLoopActivity+CustomDebugStringConvertible.swift */; };
		635F10D51BFAFABB004982B4 /* NSDate+Comparable.swift in Sources */ = {isa = PBXBuildFile; fileRef = 635F109D1BFAFABB004982B4 /* NSDate+Comparable.swift */; };
		635F10D61BFAFABB004982B4 /* NSDate+Comparable.swift in Sources */ = {isa = PBXBuildFile; fileRef = 635F109D1BFAFABB004982B4 /* NSDate+Comparable.swift */; };
		635F10D71BFAFABB004982B4 /* NSDate+Comparable.swift in Sources */ = {isa = PBXBuildFile; fileRef = 635F109D1BFAFABB004982B4 /* NSDate+Comparable.swift */; };
		635F10D81BFAFABB004982B4 /* NSError+InitConveniences.swift in Sources */ = {isa = PBXBuildFile; fileRef = 635F109E1BFAFABB004982B4 /* NSError+InitConveniences.swift */; };
		635F10D91BFAFABB004982B4 /* NSError+InitConveniences.swift in Sources */ = {isa = PBXBuildFile; fileRef = 635F109E1BFAFABB004982B4 /* NSError+InitConveniences.swift */; };
		635F10DA1BFAFABB004982B4 /* NSError+InitConveniences.swift in Sources */ = {isa = PBXBuildFile; fileRef = 635F109E1BFAFABB004982B4 /* NSError+InitConveniences.swift */; };
		635F10DB1BFAFABB004982B4 /* NSIndexPath+Comparable.swift in Sources */ = {isa = PBXBuildFile; fileRef = 635F109F1BFAFABB004982B4 /* NSIndexPath+Comparable.swift */; };
		635F10DC1BFAFABB004982B4 /* NSIndexPath+Comparable.swift in Sources */ = {isa = PBXBuildFile; fileRef = 635F109F1BFAFABB004982B4 /* NSIndexPath+Comparable.swift */; };
		635F10DD1BFAFABB004982B4 /* NSIndexPath+Comparable.swift in Sources */ = {isa = PBXBuildFile; fileRef = 635F109F1BFAFABB004982B4 /* NSIndexPath+Comparable.swift */; };
		635F10DE1BFAFABB004982B4 /* NSIndexPath+PrimitiveIndexPathType.swift in Sources */ = {isa = PBXBuildFile; fileRef = 635F10A01BFAFABB004982B4 /* NSIndexPath+PrimitiveIndexPathType.swift */; };
		635F10DF1BFAFABB004982B4 /* NSIndexPath+PrimitiveIndexPathType.swift in Sources */ = {isa = PBXBuildFile; fileRef = 635F10A01BFAFABB004982B4 /* NSIndexPath+PrimitiveIndexPathType.swift */; };
		635F10E01BFAFABB004982B4 /* NSIndexPath+PrimitiveIndexPathType.swift in Sources */ = {isa = PBXBuildFile; fileRef = 635F10A01BFAFABB004982B4 /* NSIndexPath+PrimitiveIndexPathType.swift */; };
		635F10E41BFAFABB004982B4 /* NSObjectProtocol+Collections.swift in Sources */ = {isa = PBXBuildFile; fileRef = 635F10A21BFAFABB004982B4 /* NSObjectProtocol+Collections.swift */; };
		635F10E51BFAFABB004982B4 /* NSObjectProtocol+Collections.swift in Sources */ = {isa = PBXBuildFile; fileRef = 635F10A21BFAFABB004982B4 /* NSObjectProtocol+Collections.swift */; };
		635F10E61BFAFABB004982B4 /* NSObjectProtocol+Collections.swift in Sources */ = {isa = PBXBuildFile; fileRef = 635F10A21BFAFABB004982B4 /* NSObjectProtocol+Collections.swift */; };
		635F10E71BFAFABB004982B4 /* NSRange+Equatable.swift in Sources */ = {isa = PBXBuildFile; fileRef = 635F10A31BFAFABB004982B4 /* NSRange+Equatable.swift */; };
		635F10E81BFAFABB004982B4 /* NSRange+Equatable.swift in Sources */ = {isa = PBXBuildFile; fileRef = 635F10A31BFAFABB004982B4 /* NSRange+Equatable.swift */; };
		635F10E91BFAFABB004982B4 /* NSRange+Equatable.swift in Sources */ = {isa = PBXBuildFile; fileRef = 635F10A31BFAFABB004982B4 /* NSRange+Equatable.swift */; };
		635F10EA1BFAFABB004982B4 /* NSRange+NSRangeMake.swift in Sources */ = {isa = PBXBuildFile; fileRef = 635F10A41BFAFABB004982B4 /* NSRange+NSRangeMake.swift */; };
		635F10EB1BFAFABB004982B4 /* NSRange+NSRangeMake.swift in Sources */ = {isa = PBXBuildFile; fileRef = 635F10A41BFAFABB004982B4 /* NSRange+NSRangeMake.swift */; };
		635F10EC1BFAFABB004982B4 /* NSRange+NSRangeMake.swift in Sources */ = {isa = PBXBuildFile; fileRef = 635F10A41BFAFABB004982B4 /* NSRange+NSRangeMake.swift */; };
		635F10ED1BFAFABB004982B4 /* NSRunLoop+TaskDispatcher.swift in Sources */ = {isa = PBXBuildFile; fileRef = 635F10A51BFAFABB004982B4 /* NSRunLoop+TaskDispatcher.swift */; };
		635F10EE1BFAFABB004982B4 /* NSRunLoop+TaskDispatcher.swift in Sources */ = {isa = PBXBuildFile; fileRef = 635F10A51BFAFABB004982B4 /* NSRunLoop+TaskDispatcher.swift */; };
		635F10EF1BFAFABB004982B4 /* NSRunLoop+TaskDispatcher.swift in Sources */ = {isa = PBXBuildFile; fileRef = 635F10A51BFAFABB004982B4 /* NSRunLoop+TaskDispatcher.swift */; };
		635F10F01BFAFABB004982B4 /* NSString+RangesOfString.swift in Sources */ = {isa = PBXBuildFile; fileRef = 635F10A61BFAFABB004982B4 /* NSString+RangesOfString.swift */; };
		635F10F11BFAFABB004982B4 /* NSString+RangesOfString.swift in Sources */ = {isa = PBXBuildFile; fileRef = 635F10A61BFAFABB004982B4 /* NSString+RangesOfString.swift */; };
		635F10F21BFAFABB004982B4 /* NSString+RangesOfString.swift in Sources */ = {isa = PBXBuildFile; fileRef = 635F10A61BFAFABB004982B4 /* NSString+RangesOfString.swift */; };
		635F10F61BFAFABB004982B4 /* Variables.swift in Sources */ = {isa = PBXBuildFile; fileRef = 635F10AA1BFAFABB004982B4 /* Variables.swift */; };
		635F10F71BFAFABB004982B4 /* Variables.swift in Sources */ = {isa = PBXBuildFile; fileRef = 635F10AA1BFAFABB004982B4 /* Variables.swift */; };
		635F10F81BFAFABB004982B4 /* Variables.swift in Sources */ = {isa = PBXBuildFile; fileRef = 635F10AA1BFAFABB004982B4 /* Variables.swift */; };
		635F10F91BFAFABB004982B4 /* NSPersistentStoreType.swift in Sources */ = {isa = PBXBuildFile; fileRef = 635F10AC1BFAFABB004982B4 /* NSPersistentStoreType.swift */; };
		635F10FA1BFAFABB004982B4 /* NSPersistentStoreType.swift in Sources */ = {isa = PBXBuildFile; fileRef = 635F10AC1BFAFABB004982B4 /* NSPersistentStoreType.swift */; };
		635F10FB1BFAFABB004982B4 /* NSPersistentStoreType.swift in Sources */ = {isa = PBXBuildFile; fileRef = 635F10AC1BFAFABB004982B4 /* NSPersistentStoreType.swift */; };
		635F10FC1BFAFABB004982B4 /* NSRunLoopMode.swift in Sources */ = {isa = PBXBuildFile; fileRef = 635F10AD1BFAFABB004982B4 /* NSRunLoopMode.swift */; };
		635F10FD1BFAFABB004982B4 /* NSRunLoopMode.swift in Sources */ = {isa = PBXBuildFile; fileRef = 635F10AD1BFAFABB004982B4 /* NSRunLoopMode.swift */; };
		635F10FE1BFAFABB004982B4 /* NSRunLoopMode.swift in Sources */ = {isa = PBXBuildFile; fileRef = 635F10AD1BFAFABB004982B4 /* NSRunLoopMode.swift */; };
		635F11001BFAFAED004982B4 /* ReuseCenter.swift in Sources */ = {isa = PBXBuildFile; fileRef = 635F10FF1BFAFAED004982B4 /* ReuseCenter.swift */; };
		635F11011BFAFAED004982B4 /* ReuseCenter.swift in Sources */ = {isa = PBXBuildFile; fileRef = 635F10FF1BFAFAED004982B4 /* ReuseCenter.swift */; };
		635F11021BFAFAED004982B4 /* ReuseCenter.swift in Sources */ = {isa = PBXBuildFile; fileRef = 635F10FF1BFAFAED004982B4 /* ReuseCenter.swift */; };
		635F11041BFAFB4D004982B4 /* ObjectiveC.swift in Sources */ = {isa = PBXBuildFile; fileRef = 635F11031BFAFB4D004982B4 /* ObjectiveC.swift */; };
		635F11051BFAFB4D004982B4 /* ObjectiveC.swift in Sources */ = {isa = PBXBuildFile; fileRef = 635F11031BFAFB4D004982B4 /* ObjectiveC.swift */; };
		635F11061BFAFB4D004982B4 /* ObjectiveC.swift in Sources */ = {isa = PBXBuildFile; fileRef = 635F11031BFAFB4D004982B4 /* ObjectiveC.swift */; };
		635F11081BFAFBA5004982B4 /* SubsequentSetupInitializable.swift in Sources */ = {isa = PBXBuildFile; fileRef = 635F11071BFAFBA5004982B4 /* SubsequentSetupInitializable.swift */; };
		635F11091BFAFBA5004982B4 /* SubsequentSetupInitializable.swift in Sources */ = {isa = PBXBuildFile; fileRef = 635F11071BFAFBA5004982B4 /* SubsequentSetupInitializable.swift */; };
		635F110A1BFAFBA5004982B4 /* SubsequentSetupInitializable.swift in Sources */ = {isa = PBXBuildFile; fileRef = 635F11071BFAFBA5004982B4 /* SubsequentSetupInitializable.swift */; };
		635F11341BFAFD00004982B4 /* Nest.framework in Frameworks */ = {isa = PBXBuildFile; fileRef = 635F112A1BFAFCFF004982B4 /* Nest.framework */; };
		635F11691BFAFD83004982B4 /* HierarchicalPickablePicker.swift in Sources */ = {isa = PBXBuildFile; fileRef = 635F108F1BFAFABB004982B4 /* HierarchicalPickablePicker.swift */; };
		635F116A1BFAFD83004982B4 /* Notifications.swift in Sources */ = {isa = PBXBuildFile; fileRef = 635F10901BFAFABB004982B4 /* Notifications.swift */; };
		635F116B1BFAFD83004982B4 /* ObjCCodingEncodableDecodable.swift in Sources */ = {isa = PBXBuildFile; fileRef = 635F10911BFAFABB004982B4 /* ObjCCodingEncodableDecodable.swift */; };
		635F116C1BFAFD83004982B4 /* ObjCKeyValueAccessible.swift in Sources */ = {isa = PBXBuildFile; fileRef = 635F10921BFAFABB004982B4 /* ObjCKeyValueAccessible.swift */; };
		635F116D1BFAFD83004982B4 /* ObjCAssociated.swift in Sources */ = {isa = PBXBuildFile; fileRef = 635F10931BFAFABB004982B4 /* ObjCAssociated.swift */; };
		635F116E1BFAFD83004982B4 /* ObjCMultiCastDelegatable.swift in Sources */ = {isa = PBXBuildFile; fileRef = 635F10941BFAFABB004982B4 /* ObjCMultiCastDelegatable.swift */; };
		635F116F1BFAFD83004982B4 /* ObjCProtocolDispatcherType.swift in Sources */ = {isa = PBXBuildFile; fileRef = 635F10951BFAFABB004982B4 /* ObjCProtocolDispatcherType.swift */; };
		635F11701BFAFD83004982B4 /* ObjCProtocolInterceptor.swift in Sources */ = {isa = PBXBuildFile; fileRef = 635F10961BFAFABB004982B4 /* ObjCProtocolInterceptor.swift */; };
		635F11711BFAFD83004982B4 /* PersistenceController.swift in Sources */ = {isa = PBXBuildFile; fileRef = 635F10971BFAFABB004982B4 /* PersistenceController.swift */; };
		635F11721BFAFD83004982B4 /* SubsequentSetupInitializable.swift in Sources */ = {isa = PBXBuildFile; fileRef = 635F11071BFAFBA5004982B4 /* SubsequentSetupInitializable.swift */; };
		635F11731BFAFD83004982B4 /* ReuseCenter.swift in Sources */ = {isa = PBXBuildFile; fileRef = 635F10FF1BFAFAED004982B4 /* ReuseCenter.swift */; };
		635F11741BFAFD83004982B4 /* CFRunLoopActivity+CustomDebugStringConvertible.swift in Sources */ = {isa = PBXBuildFile; fileRef = 635F109B1BFAFABB004982B4 /* CFRunLoopActivity+CustomDebugStringConvertible.swift */; };
		635F11761BFAFD83004982B4 /* NSDate+Comparable.swift in Sources */ = {isa = PBXBuildFile; fileRef = 635F109D1BFAFABB004982B4 /* NSDate+Comparable.swift */; };
		635F11771BFAFD83004982B4 /* NSError+InitConveniences.swift in Sources */ = {isa = PBXBuildFile; fileRef = 635F109E1BFAFABB004982B4 /* NSError+InitConveniences.swift */; };
		635F11781BFAFD83004982B4 /* NSIndexPath+Comparable.swift in Sources */ = {isa = PBXBuildFile; fileRef = 635F109F1BFAFABB004982B4 /* NSIndexPath+Comparable.swift */; };
		635F11791BFAFD83004982B4 /* NSIndexPath+PrimitiveIndexPathType.swift in Sources */ = {isa = PBXBuildFile; fileRef = 635F10A01BFAFABB004982B4 /* NSIndexPath+PrimitiveIndexPathType.swift */; };
		635F117A1BFAFD83004982B4 /* NSObjectProtocol+Collections.swift in Sources */ = {isa = PBXBuildFile; fileRef = 635F10A21BFAFABB004982B4 /* NSObjectProtocol+Collections.swift */; };
		635F117B1BFAFD83004982B4 /* NSRange+Equatable.swift in Sources */ = {isa = PBXBuildFile; fileRef = 635F10A31BFAFABB004982B4 /* NSRange+Equatable.swift */; };
		635F117C1BFAFD83004982B4 /* NSRange+NSRangeMake.swift in Sources */ = {isa = PBXBuildFile; fileRef = 635F10A41BFAFABB004982B4 /* NSRange+NSRangeMake.swift */; };
		635F117D1BFAFD83004982B4 /* NSRunLoop+TaskDispatcher.swift in Sources */ = {isa = PBXBuildFile; fileRef = 635F10A51BFAFABB004982B4 /* NSRunLoop+TaskDispatcher.swift */; };
		635F117E1BFAFD83004982B4 /* NSString+RangesOfString.swift in Sources */ = {isa = PBXBuildFile; fileRef = 635F10A61BFAFABB004982B4 /* NSString+RangesOfString.swift */; };
		635F117F1BFAFD83004982B4 /* ObjectiveC.swift in Sources */ = {isa = PBXBuildFile; fileRef = 635F11031BFAFB4D004982B4 /* ObjectiveC.swift */; };
		635F11801BFAFD83004982B4 /* Variables.swift in Sources */ = {isa = PBXBuildFile; fileRef = 635F10AA1BFAFABB004982B4 /* Variables.swift */; };
		635F11811BFAFD83004982B4 /* NSPersistentStoreType.swift in Sources */ = {isa = PBXBuildFile; fileRef = 635F10AC1BFAFABB004982B4 /* NSPersistentStoreType.swift */; };
		635F11821BFAFD83004982B4 /* NSRunLoopMode.swift in Sources */ = {isa = PBXBuildFile; fileRef = 635F10AD1BFAFABB004982B4 /* NSRunLoopMode.swift */; };
		635F12DA1BFB229E004982B4 /* SwiftExt.framework in Frameworks */ = {isa = PBXBuildFile; fileRef = 635F12D91BFB229E004982B4 /* SwiftExt.framework */; };
		637B6C5B1BD8DD4600F2EE5A /* NSRunLoop+TaskDispatcherTest.swift in Sources */ = {isa = PBXBuildFile; fileRef = 637B6C5A1BD8DD4600F2EE5A /* NSRunLoop+TaskDispatcherTest.swift */; };
		637B6C5C1BD8DD4600F2EE5A /* NSRunLoop+TaskDispatcherTest.swift in Sources */ = {isa = PBXBuildFile; fileRef = 637B6C5A1BD8DD4600F2EE5A /* NSRunLoop+TaskDispatcherTest.swift */; };
		6388F79A1B663CB900CDD64A /* NotificationDeliveryTest.swift in Sources */ = {isa = PBXBuildFile; fileRef = 6323131C1B65FE9800AEA8EF /* NotificationDeliveryTest.swift */; };
		6388F79C1B663CD200CDD64A /* NotificationDeliveryTest.swift in Sources */ = {isa = PBXBuildFile; fileRef = 6323131C1B65FE9800AEA8EF /* NotificationDeliveryTest.swift */; };
		63EACCF01B6A027D0086561F /* NSProtocolInterceptorTest.swift in Sources */ = {isa = PBXBuildFile; fileRef = 634711AD1B22E6FB00FA2C76 /* NSProtocolInterceptorTest.swift */; };
		63EACCF11B6A027F0086561F /* NSProtocolInterceptorTest.swift in Sources */ = {isa = PBXBuildFile; fileRef = 634711AD1B22E6FB00FA2C76 /* NSProtocolInterceptorTest.swift */; };
/* End PBXBuildFile section */

/* Begin PBXContainerItemProxy section */
		634711561B22D91B00FA2C76 /* PBXContainerItemProxy */ = {
			isa = PBXContainerItemProxy;
			containerPortal = 6347113E1B22D90600FA2C76 /* Project object */;
			proxyType = 1;
			remoteGlobalIDString = 634711481B22D91B00FA2C76;
			remoteInfo = "Nest-for-iOS";
		};
		634711741B22D92600FA2C76 /* PBXContainerItemProxy */ = {
			isa = PBXContainerItemProxy;
			containerPortal = 6347113E1B22D90600FA2C76 /* Project object */;
			proxyType = 1;
			remoteGlobalIDString = 634711671B22D92600FA2C76;
			remoteInfo = "Nest-for-OS-X";
		};
		635F11351BFAFD00004982B4 /* PBXContainerItemProxy */ = {
			isa = PBXContainerItemProxy;
			containerPortal = 6347113E1B22D90600FA2C76 /* Project object */;
			proxyType = 1;
			remoteGlobalIDString = 635F11291BFAFCFF004982B4;
			remoteInfo = "Nest-tvOS";
		};
/* End PBXContainerItemProxy section */

/* Begin PBXFileReference section */
		63050CA51C018C9300EDFEAD /* ObjCSelfAwareSwizzle.swift */ = {isa = PBXFileReference; fileEncoding = 4; lastKnownFileType = sourcecode.swift; path = ObjCSelfAwareSwizzle.swift; sourceTree = "<group>"; };
		630B4D661B48DC5800830454 /* SwiftExt.framework */ = {isa = PBXFileReference; lastKnownFileType = wrapper.framework; name = SwiftExt.framework; path = "../../../Library/Developer/Xcode/DerivedData/Nest-cpwynrnxekfpgteqxqbichddezav/Build/Products/Debug/SwiftExt.framework"; sourceTree = "<group>"; };
		630B4D701B48DD2F00830454 /* Nest.framework */ = {isa = PBXFileReference; explicitFileType = wrapper.framework; includeInIndex = 0; path = Nest.framework; sourceTree = BUILT_PRODUCTS_DIR; };
		630B4DC11B48FF4C00830454 /* SwiftExt.framework */ = {isa = PBXFileReference; lastKnownFileType = wrapper.framework; name = SwiftExt.framework; path = "../../../Library/Developer/Xcode/DerivedData/Nest-bzfrrjnuqyhzlggnfhrwoghdkynv/Build/Products/Debug/SwiftExt.framework"; sourceTree = "<group>"; };
		6315CB3A1BFD7C4B003A5840 /* ObjCSelfAwareSwizzle+UIKit.m */ = {isa = PBXFileReference; fileEncoding = 4; lastKnownFileType = sourcecode.c.objc; path = "ObjCSelfAwareSwizzle+UIKit.m"; sourceTree = "<group>"; };
		6315CB3B1BFD7C4B003A5840 /* ObjCSelfAwareSwizzle+UIKit.h */ = {isa = PBXFileReference; fileEncoding = 4; lastKnownFileType = sourcecode.c.h; path = "ObjCSelfAwareSwizzle+UIKit.h"; sourceTree = "<group>"; };
		6315CB401BFD7D32003A5840 /* ObjCSelfAwareSwizzle+AppKit.m */ = {isa = PBXFileReference; fileEncoding = 4; lastKnownFileType = sourcecode.c.objc; path = "ObjCSelfAwareSwizzle+AppKit.m"; sourceTree = "<group>"; };
		6315CB411BFD7D32003A5840 /* ObjCSelfAwareSwizzle+AppKit.h */ = {isa = PBXFileReference; fileEncoding = 4; lastKnownFileType = sourcecode.c.h; path = "ObjCSelfAwareSwizzle+AppKit.h"; sourceTree = "<group>"; };
		6315CB461BFD7D4A003A5840 /* ObjCSelfAwareSwizzle+WatchKit.m */ = {isa = PBXFileReference; fileEncoding = 4; lastKnownFileType = sourcecode.c.objc; path = "ObjCSelfAwareSwizzle+WatchKit.m"; sourceTree = "<group>"; };
		6315CB471BFD7D4A003A5840 /* ObjCSelfAwareSwizzle+WatchKit.h */ = {isa = PBXFileReference; fileEncoding = 4; lastKnownFileType = sourcecode.c.h; path = "ObjCSelfAwareSwizzle+WatchKit.h"; sourceTree = "<group>"; };
		6315CB4A1BFD8745003A5840 /* ObjCSelfAwareSwizzle.m */ = {isa = PBXFileReference; fileEncoding = 4; lastKnownFileType = sourcecode.c.objc; path = ObjCSelfAwareSwizzle.m; sourceTree = "<group>"; };
		6315CB4B1BFD8746003A5840 /* ObjCSelfAwareSwizzle.h */ = {isa = PBXFileReference; fileEncoding = 4; lastKnownFileType = sourcecode.c.h; path = ObjCSelfAwareSwizzle.h; sourceTree = "<group>"; };
		6315CC591BFE550E003A5840 /* NSCoding+ObjCKeyValueAccessible.swift */ = {isa = PBXFileReference; fileEncoding = 4; lastKnownFileType = sourcecode.swift; path = "NSCoding+ObjCKeyValueAccessible.swift"; sourceTree = "<group>"; };
		632313131B65D8A700AEA8EF /* SwiftExt.framework */ = {isa = PBXFileReference; lastKnownFileType = wrapper.framework; name = SwiftExt.framework; path = "Frameworks/SwiftExt/build/Debug-iphoneos/SwiftExt.framework"; sourceTree = "<group>"; };
		632313151B65D8B100AEA8EF /* SwiftExt.framework */ = {isa = PBXFileReference; lastKnownFileType = wrapper.framework; name = SwiftExt.framework; path = Frameworks/SwiftExt/build/Debug/SwiftExt.framework; sourceTree = "<group>"; };
		632313171B65D8B600AEA8EF /* SwiftExt.framework */ = {isa = PBXFileReference; lastKnownFileType = wrapper.framework; name = SwiftExt.framework; path = "Frameworks/SwiftExt/build/Debug-watchos/SwiftExt.framework"; sourceTree = "<group>"; };
		6323131C1B65FE9800AEA8EF /* NotificationDeliveryTest.swift */ = {isa = PBXFileReference; fileEncoding = 4; lastKnownFileType = sourcecode.swift; name = NotificationDeliveryTest.swift; path = NestTest/NotificationDeliveryTest.swift; sourceTree = SOURCE_ROOT; };
		634711491B22D91B00FA2C76 /* Nest.framework */ = {isa = PBXFileReference; explicitFileType = wrapper.framework; includeInIndex = 0; path = Nest.framework; sourceTree = BUILT_PRODUCTS_DIR; };
		634711541B22D91B00FA2C76 /* NestTest.xctest */ = {isa = PBXFileReference; explicitFileType = wrapper.cfbundle; includeInIndex = 0; path = NestTest.xctest; sourceTree = BUILT_PRODUCTS_DIR; };
		634711681B22D92600FA2C76 /* Nest.framework */ = {isa = PBXFileReference; explicitFileType = wrapper.framework; includeInIndex = 0; path = Nest.framework; sourceTree = BUILT_PRODUCTS_DIR; };
		634711721B22D92600FA2C76 /* NestTest.xctest */ = {isa = PBXFileReference; explicitFileType = wrapper.cfbundle; includeInIndex = 0; path = NestTest.xctest; sourceTree = BUILT_PRODUCTS_DIR; };
		634711AD1B22E6FB00FA2C76 /* NSProtocolInterceptorTest.swift */ = {isa = PBXFileReference; fileEncoding = 4; lastKnownFileType = sourcecode.swift; name = NSProtocolInterceptorTest.swift; path = NestTest/NSProtocolInterceptorTest.swift; sourceTree = SOURCE_ROOT; };
		634711B31B22FDBE00FA2C76 /* NSReuseCenterTest.swift */ = {isa = PBXFileReference; fileEncoding = 4; lastKnownFileType = sourcecode.swift; name = NSReuseCenterTest.swift; path = NestTest/NSReuseCenterTest.swift; sourceTree = SOURCE_ROOT; };
		635AE07F1BFF10D300FB612A /* ObjectiveCTest.swift */ = {isa = PBXFileReference; fileEncoding = 4; lastKnownFileType = sourcecode.swift; name = ObjectiveCTest.swift; path = NestTest/ObjectiveCTest.swift; sourceTree = SOURCE_ROOT; };
		635F108F1BFAFABB004982B4 /* HierarchicalPickablePicker.swift */ = {isa = PBXFileReference; fileEncoding = 4; lastKnownFileType = sourcecode.swift; path = HierarchicalPickablePicker.swift; sourceTree = "<group>"; };
		635F10901BFAFABB004982B4 /* Notifications.swift */ = {isa = PBXFileReference; fileEncoding = 4; lastKnownFileType = sourcecode.swift; path = Notifications.swift; sourceTree = "<group>"; };
		635F10911BFAFABB004982B4 /* ObjCCodingEncodableDecodable.swift */ = {isa = PBXFileReference; fileEncoding = 4; lastKnownFileType = sourcecode.swift; path = ObjCCodingEncodableDecodable.swift; sourceTree = "<group>"; };
		635F10921BFAFABB004982B4 /* ObjCKeyValueAccessible.swift */ = {isa = PBXFileReference; fileEncoding = 4; lastKnownFileType = sourcecode.swift; path = ObjCKeyValueAccessible.swift; sourceTree = "<group>"; };
		635F10931BFAFABB004982B4 /* ObjCAssociated.swift */ = {isa = PBXFileReference; fileEncoding = 4; lastKnownFileType = sourcecode.swift; path = ObjCAssociated.swift; sourceTree = "<group>"; };
		635F10941BFAFABB004982B4 /* ObjCMultiCastDelegatable.swift */ = {isa = PBXFileReference; fileEncoding = 4; lastKnownFileType = sourcecode.swift; path = ObjCMultiCastDelegatable.swift; sourceTree = "<group>"; };
		635F10951BFAFABB004982B4 /* ObjCProtocolDispatcherType.swift */ = {isa = PBXFileReference; fileEncoding = 4; lastKnownFileType = sourcecode.swift; path = ObjCProtocolDispatcherType.swift; sourceTree = "<group>"; };
		635F10961BFAFABB004982B4 /* ObjCProtocolInterceptor.swift */ = {isa = PBXFileReference; fileEncoding = 4; lastKnownFileType = sourcecode.swift; path = ObjCProtocolInterceptor.swift; sourceTree = "<group>"; };
		635F10971BFAFABB004982B4 /* PersistenceController.swift */ = {isa = PBXFileReference; fileEncoding = 4; lastKnownFileType = sourcecode.swift; path = PersistenceController.swift; sourceTree = "<group>"; };
		635F109B1BFAFABB004982B4 /* CFRunLoopActivity+CustomDebugStringConvertible.swift */ = {isa = PBXFileReference; fileEncoding = 4; lastKnownFileType = sourcecode.swift; path = "CFRunLoopActivity+CustomDebugStringConvertible.swift"; sourceTree = "<group>"; };
		635F109D1BFAFABB004982B4 /* NSDate+Comparable.swift */ = {isa = PBXFileReference; fileEncoding = 4; lastKnownFileType = sourcecode.swift; path = "NSDate+Comparable.swift"; sourceTree = "<group>"; };
		635F109E1BFAFABB004982B4 /* NSError+InitConveniences.swift */ = {isa = PBXFileReference; fileEncoding = 4; lastKnownFileType = sourcecode.swift; path = "NSError+InitConveniences.swift"; sourceTree = "<group>"; };
		635F109F1BFAFABB004982B4 /* NSIndexPath+Comparable.swift */ = {isa = PBXFileReference; fileEncoding = 4; lastKnownFileType = sourcecode.swift; path = "NSIndexPath+Comparable.swift"; sourceTree = "<group>"; };
		635F10A01BFAFABB004982B4 /* NSIndexPath+PrimitiveIndexPathType.swift */ = {isa = PBXFileReference; fileEncoding = 4; lastKnownFileType = sourcecode.swift; path = "NSIndexPath+PrimitiveIndexPathType.swift"; sourceTree = "<group>"; };
		635F10A21BFAFABB004982B4 /* NSObjectProtocol+Collections.swift */ = {isa = PBXFileReference; fileEncoding = 4; lastKnownFileType = sourcecode.swift; path = "NSObjectProtocol+Collections.swift"; sourceTree = "<group>"; };
		635F10A31BFAFABB004982B4 /* NSRange+Equatable.swift */ = {isa = PBXFileReference; fileEncoding = 4; lastKnownFileType = sourcecode.swift; path = "NSRange+Equatable.swift"; sourceTree = "<group>"; };
		635F10A41BFAFABB004982B4 /* NSRange+NSRangeMake.swift */ = {isa = PBXFileReference; fileEncoding = 4; lastKnownFileType = sourcecode.swift; path = "NSRange+NSRangeMake.swift"; sourceTree = "<group>"; };
		635F10A51BFAFABB004982B4 /* NSRunLoop+TaskDispatcher.swift */ = {isa = PBXFileReference; fileEncoding = 4; lastKnownFileType = sourcecode.swift; path = "NSRunLoop+TaskDispatcher.swift"; sourceTree = "<group>"; };
		635F10A61BFAFABB004982B4 /* NSString+RangesOfString.swift */ = {isa = PBXFileReference; fileEncoding = 4; lastKnownFileType = sourcecode.swift; path = "NSString+RangesOfString.swift"; sourceTree = "<group>"; };
		635F10AA1BFAFABB004982B4 /* Variables.swift */ = {isa = PBXFileReference; fileEncoding = 4; lastKnownFileType = sourcecode.swift; path = Variables.swift; sourceTree = "<group>"; };
		635F10AC1BFAFABB004982B4 /* NSPersistentStoreType.swift */ = {isa = PBXFileReference; fileEncoding = 4; lastKnownFileType = sourcecode.swift; path = NSPersistentStoreType.swift; sourceTree = "<group>"; };
		635F10AD1BFAFABB004982B4 /* NSRunLoopMode.swift */ = {isa = PBXFileReference; fileEncoding = 4; lastKnownFileType = sourcecode.swift; path = NSRunLoopMode.swift; sourceTree = "<group>"; };
		635F10FF1BFAFAED004982B4 /* ReuseCenter.swift */ = {isa = PBXFileReference; fileEncoding = 4; lastKnownFileType = sourcecode.swift; path = ReuseCenter.swift; sourceTree = "<group>"; };
		635F11031BFAFB4D004982B4 /* ObjectiveC.swift */ = {isa = PBXFileReference; fileEncoding = 4; lastKnownFileType = sourcecode.swift; path = ObjectiveC.swift; sourceTree = "<group>"; };
		635F11071BFAFBA5004982B4 /* SubsequentSetupInitializable.swift */ = {isa = PBXFileReference; fileEncoding = 4; lastKnownFileType = sourcecode.swift; path = SubsequentSetupInitializable.swift; sourceTree = "<group>"; };
		635F112A1BFAFCFF004982B4 /* Nest.framework */ = {isa = PBXFileReference; explicitFileType = wrapper.framework; includeInIndex = 0; path = Nest.framework; sourceTree = BUILT_PRODUCTS_DIR; };
		635F11331BFAFD00004982B4 /* Nest-tvOSTests.xctest */ = {isa = PBXFileReference; explicitFileType = wrapper.cfbundle; includeInIndex = 0; path = "Nest-tvOSTests.xctest"; sourceTree = BUILT_PRODUCTS_DIR; };
		635F11431BFAFD71004982B4 /* Info.plist */ = {isa = PBXFileReference; fileEncoding = 4; lastKnownFileType = text.plist.xml; path = Info.plist; sourceTree = "<group>"; };
		635F11451BFAFD71004982B4 /* Info.plist */ = {isa = PBXFileReference; fileEncoding = 4; lastKnownFileType = text.plist.xml; path = Info.plist; sourceTree = "<group>"; };
		635F11471BFAFD71004982B4 /* Info.plist */ = {isa = PBXFileReference; fileEncoding = 4; lastKnownFileType = text.plist.xml; path = Info.plist; sourceTree = "<group>"; };
		635F11491BFAFD71004982B4 /* Info.plist */ = {isa = PBXFileReference; fileEncoding = 4; lastKnownFileType = text.plist.xml; path = Info.plist; sourceTree = "<group>"; };
		635F114B1BFAFD71004982B4 /* Info.plist */ = {isa = PBXFileReference; fileEncoding = 4; lastKnownFileType = text.plist.xml; path = Info.plist; sourceTree = "<group>"; };
		635F114D1BFAFD71004982B4 /* Info.plist */ = {isa = PBXFileReference; fileEncoding = 4; lastKnownFileType = text.plist.xml; path = Info.plist; sourceTree = "<group>"; };
		635F11501BFAFD71004982B4 /* Info.plist */ = {isa = PBXFileReference; fileEncoding = 4; lastKnownFileType = text.plist.xml; path = Info.plist; sourceTree = "<group>"; };
		635F12D91BFB229E004982B4 /* SwiftExt.framework */ = {isa = PBXFileReference; lastKnownFileType = wrapper.framework; name = SwiftExt.framework; path = "Frameworks/SwiftExt/build/Debug-appletvos/SwiftExt.framework"; sourceTree = "<group>"; };
		637B6C5A1BD8DD4600F2EE5A /* NSRunLoop+TaskDispatcherTest.swift */ = {isa = PBXFileReference; fileEncoding = 4; lastKnownFileType = sourcecode.swift; name = "NSRunLoop+TaskDispatcherTest.swift"; path = "NestTest/NSRunLoop+TaskDispatcherTest.swift"; sourceTree = SOURCE_ROOT; };
		639D63EE1BE8404400B30F67 /* SwiftExt.framework */ = {isa = PBXFileReference; lastKnownFileType = wrapper.framework; name = SwiftExt.framework; path = "../SwiftExt/build/Debug-iphoneos/SwiftExt.framework"; sourceTree = "<group>"; };
		639D63F01BE8404E00B30F67 /* SwiftExt.framework */ = {isa = PBXFileReference; lastKnownFileType = wrapper.framework; name = SwiftExt.framework; path = ../SwiftExt/build/Debug/SwiftExt.framework; sourceTree = "<group>"; };
/* End PBXFileReference section */

/* Begin PBXFrameworksBuildPhase section */
		630B4D6C1B48DD2F00830454 /* Frameworks */ = {
			isa = PBXFrameworksBuildPhase;
			buildActionMask = 2147483647;
			files = (
				632313181B65D8B600AEA8EF /* SwiftExt.framework in Frameworks */,
			);
			runOnlyForDeploymentPostprocessing = 0;
		};
		634711451B22D91B00FA2C76 /* Frameworks */ = {
			isa = PBXFrameworksBuildPhase;
			buildActionMask = 2147483647;
			files = (
				632313141B65D8A700AEA8EF /* SwiftExt.framework in Frameworks */,
			);
			runOnlyForDeploymentPostprocessing = 0;
		};
		634711511B22D91B00FA2C76 /* Frameworks */ = {
			isa = PBXFrameworksBuildPhase;
			buildActionMask = 2147483647;
			files = (
				630B4D531B48473600830454 /* Nest.framework in Frameworks */,
			);
			runOnlyForDeploymentPostprocessing = 0;
		};
		634711641B22D92600FA2C76 /* Frameworks */ = {
			isa = PBXFrameworksBuildPhase;
			buildActionMask = 2147483647;
			files = (
				632313161B65D8B100AEA8EF /* SwiftExt.framework in Frameworks */,
			);
			runOnlyForDeploymentPostprocessing = 0;
		};
		6347116F1B22D92600FA2C76 /* Frameworks */ = {
			isa = PBXFrameworksBuildPhase;
			buildActionMask = 2147483647;
			files = (
				630B4D541B48473C00830454 /* Nest.framework in Frameworks */,
			);
			runOnlyForDeploymentPostprocessing = 0;
		};
		635F11261BFAFCFF004982B4 /* Frameworks */ = {
			isa = PBXFrameworksBuildPhase;
			buildActionMask = 2147483647;
			files = (
				635F12DA1BFB229E004982B4 /* SwiftExt.framework in Frameworks */,
			);
			runOnlyForDeploymentPostprocessing = 0;
		};
		635F11301BFAFD00004982B4 /* Frameworks */ = {
			isa = PBXFrameworksBuildPhase;
			buildActionMask = 2147483647;
			files = (
				635F11341BFAFD00004982B4 /* Nest.framework in Frameworks */,
			);
			runOnlyForDeploymentPostprocessing = 0;
		};
/* End PBXFrameworksBuildPhase section */

/* Begin PBXGroup section */
		630B4D6A1B48DC6800830454 /* Frameworks */ = {
			isa = PBXGroup;
			children = (
				635F12D91BFB229E004982B4 /* SwiftExt.framework */,
				639D63F01BE8404E00B30F67 /* SwiftExt.framework */,
				639D63EE1BE8404400B30F67 /* SwiftExt.framework */,
				632313171B65D8B600AEA8EF /* SwiftExt.framework */,
				632313151B65D8B100AEA8EF /* SwiftExt.framework */,
				632313131B65D8A700AEA8EF /* SwiftExt.framework */,
				630B4DC11B48FF4C00830454 /* SwiftExt.framework */,
				630B4D661B48DC5800830454 /* SwiftExt.framework */,
			);
			name = Frameworks;
			sourceTree = "<group>";
		};
		6315C9C61BFCE257003A5840 /* FrameworkDependent */ = {
			isa = PBXGroup;
			children = (
				6315C9C71BFCE257003A5840 /* UIKit */,
				6315CB381BFD7C22003A5840 /* AppKit */,
				6315CB391BFD7C22003A5840 /* WatchKit */,
			);
			path = FrameworkDependent;
			sourceTree = "<group>";
		};
		6315C9C71BFCE257003A5840 /* UIKit */ = {
			isa = PBXGroup;
			children = (
				6315CB3B1BFD7C4B003A5840 /* ObjCSelfAwareSwizzle+UIKit.h */,
				6315CB3A1BFD7C4B003A5840 /* ObjCSelfAwareSwizzle+UIKit.m */,
			);
			path = UIKit;
			sourceTree = "<group>";
		};
		6315CB381BFD7C22003A5840 /* AppKit */ = {
			isa = PBXGroup;
			children = (
				6315CB411BFD7D32003A5840 /* ObjCSelfAwareSwizzle+AppKit.h */,
				6315CB401BFD7D32003A5840 /* ObjCSelfAwareSwizzle+AppKit.m */,
			);
			path = AppKit;
			sourceTree = "<group>";
		};
		6315CB391BFD7C22003A5840 /* WatchKit */ = {
			isa = PBXGroup;
			children = (
				6315CB471BFD7D4A003A5840 /* ObjCSelfAwareSwizzle+WatchKit.h */,
				6315CB461BFD7D4A003A5840 /* ObjCSelfAwareSwizzle+WatchKit.m */,
			);
			path = WatchKit;
			sourceTree = "<group>";
		};
		6347113D1B22D90600FA2C76 = {
			isa = PBXGroup;
			children = (
				634711811B22D94600FA2C76 /* Nest */,
				634711821B22D94600FA2C76 /* NestTests */,
				6315C9C61BFCE257003A5840 /* FrameworkDependent */,
				635F11411BFAFD71004982B4 /* PlatformDependent */,
				6347114A1B22D91B00FA2C76 /* Products */,
				630B4D6A1B48DC6800830454 /* Frameworks */,
			);
			sourceTree = "<group>";
		};
		6347114A1B22D91B00FA2C76 /* Products */ = {
			isa = PBXGroup;
			children = (
				634711491B22D91B00FA2C76 /* Nest.framework */,
				634711541B22D91B00FA2C76 /* NestTest.xctest */,
				634711681B22D92600FA2C76 /* Nest.framework */,
				634711721B22D92600FA2C76 /* NestTest.xctest */,
				630B4D701B48DD2F00830454 /* Nest.framework */,
				635F112A1BFAFCFF004982B4 /* Nest.framework */,
				635F11331BFAFD00004982B4 /* Nest-tvOSTests.xctest */,
			);
			name = Products;
			sourceTree = "<group>";
		};
		634711811B22D94600FA2C76 /* Nest */ = {
			isa = PBXGroup;
			children = (
				635F108E1BFAFABB004982B4 /* Components */,
				635F109A1BFAFABB004982B4 /* Extensions */,
				635F10A91BFAFABB004982B4 /* Miscellaneous */,
				635F10AB1BFAFABB004982B4 /* Swiftifized */,
			);
			path = Nest;
			sourceTree = "<group>";
		};
		634711821B22D94600FA2C76 /* NestTests */ = {
			isa = PBXGroup;
			children = (
				635AE07F1BFF10D300FB612A /* ObjectiveCTest.swift */,
				634711AD1B22E6FB00FA2C76 /* NSProtocolInterceptorTest.swift */,
				634711B31B22FDBE00FA2C76 /* NSReuseCenterTest.swift */,
				6323131C1B65FE9800AEA8EF /* NotificationDeliveryTest.swift */,
				637B6C5A1BD8DD4600F2EE5A /* NSRunLoop+TaskDispatcherTest.swift */,
			);
			path = NestTests;
			sourceTree = "<group>";
		};
		635F108E1BFAFABB004982B4 /* Components */ = {
			isa = PBXGroup;
			children = (
				635F108F1BFAFABB004982B4 /* HierarchicalPickablePicker.swift */,
				635F10901BFAFABB004982B4 /* Notifications.swift */,
				635F10911BFAFABB004982B4 /* ObjCCodingEncodableDecodable.swift */,
				635F10921BFAFABB004982B4 /* ObjCKeyValueAccessible.swift */,
				635F10931BFAFABB004982B4 /* ObjCAssociated.swift */,
				635F10941BFAFABB004982B4 /* ObjCMultiCastDelegatable.swift */,
				635F10951BFAFABB004982B4 /* ObjCProtocolDispatcherType.swift */,
				635F10961BFAFABB004982B4 /* ObjCProtocolInterceptor.swift */,
				63050CA51C018C9300EDFEAD /* ObjCSelfAwareSwizzle.swift */,
				6315CB4B1BFD8746003A5840 /* ObjCSelfAwareSwizzle.h */,
				6315CB4A1BFD8745003A5840 /* ObjCSelfAwareSwizzle.m */,
				635F10971BFAFABB004982B4 /* PersistenceController.swift */,
				635F10FF1BFAFAED004982B4 /* ReuseCenter.swift */,
				635F11071BFAFBA5004982B4 /* SubsequentSetupInitializable.swift */,
			);
			path = Components;
			sourceTree = "<group>";
		};
		635F109A1BFAFABB004982B4 /* Extensions */ = {
			isa = PBXGroup;
			children = (
				635F109B1BFAFABB004982B4 /* CFRunLoopActivity+CustomDebugStringConvertible.swift */,
				635F109D1BFAFABB004982B4 /* NSDate+Comparable.swift */,
				635F109E1BFAFABB004982B4 /* NSError+InitConveniences.swift */,
				635F109F1BFAFABB004982B4 /* NSIndexPath+Comparable.swift */,
				635F10A01BFAFABB004982B4 /* NSIndexPath+PrimitiveIndexPathType.swift */,
				635F10A21BFAFABB004982B4 /* NSObjectProtocol+Collections.swift */,
				635F10A31BFAFABB004982B4 /* NSRange+Equatable.swift */,
				635F10A41BFAFABB004982B4 /* NSRange+NSRangeMake.swift */,
				635F10A51BFAFABB004982B4 /* NSRunLoop+TaskDispatcher.swift */,
				635F10A61BFAFABB004982B4 /* NSString+RangesOfString.swift */,
				6315CC591BFE550E003A5840 /* NSCoding+ObjCKeyValueAccessible.swift */,
				635F11031BFAFB4D004982B4 /* ObjectiveC.swift */,
			);
			path = Extensions;
			sourceTree = "<group>";
		};
		635F10A91BFAFABB004982B4 /* Miscellaneous */ = {
			isa = PBXGroup;
			children = (
				635F10AA1BFAFABB004982B4 /* Variables.swift */,
			);
			path = Miscellaneous;
			sourceTree = "<group>";
		};
		635F10AB1BFAFABB004982B4 /* Swiftifized */ = {
			isa = PBXGroup;
			children = (
				635F10AC1BFAFABB004982B4 /* NSPersistentStoreType.swift */,
				635F10AD1BFAFABB004982B4 /* NSRunLoopMode.swift */,
			);
			path = Swiftifized;
			sourceTree = "<group>";
		};
		635F11411BFAFD71004982B4 /* PlatformDependent */ = {
			isa = PBXGroup;
			children = (
				635F11421BFAFD71004982B4 /* Nest-iOS */,
				635F11441BFAFD71004982B4 /* Nest-iOSTests */,
				635F11461BFAFD71004982B4 /* Nest-OS-X */,
				635F11481BFAFD71004982B4 /* Nest-OS-XTests */,
				635F114A1BFAFD71004982B4 /* Nest-tvOS */,
				635F114C1BFAFD71004982B4 /* Nest-tvOSTests */,
				635F114F1BFAFD71004982B4 /* Nest-watchOS */,
			);
			path = PlatformDependent;
			sourceTree = "<group>";
		};
		635F11421BFAFD71004982B4 /* Nest-iOS */ = {
			isa = PBXGroup;
			children = (
				635F11431BFAFD71004982B4 /* Info.plist */,
			);
			path = "Nest-iOS";
			sourceTree = "<group>";
		};
		635F11441BFAFD71004982B4 /* Nest-iOSTests */ = {
			isa = PBXGroup;
			children = (
				635F11451BFAFD71004982B4 /* Info.plist */,
			);
			path = "Nest-iOSTests";
			sourceTree = "<group>";
		};
		635F11461BFAFD71004982B4 /* Nest-OS-X */ = {
			isa = PBXGroup;
			children = (
				635F11471BFAFD71004982B4 /* Info.plist */,
			);
			path = "Nest-OS-X";
			sourceTree = "<group>";
		};
		635F11481BFAFD71004982B4 /* Nest-OS-XTests */ = {
			isa = PBXGroup;
			children = (
				635F11491BFAFD71004982B4 /* Info.plist */,
			);
			path = "Nest-OS-XTests";
			sourceTree = "<group>";
		};
		635F114A1BFAFD71004982B4 /* Nest-tvOS */ = {
			isa = PBXGroup;
			children = (
				635F114B1BFAFD71004982B4 /* Info.plist */,
			);
			path = "Nest-tvOS";
			sourceTree = "<group>";
		};
		635F114C1BFAFD71004982B4 /* Nest-tvOSTests */ = {
			isa = PBXGroup;
			children = (
				635F114D1BFAFD71004982B4 /* Info.plist */,
			);
			path = "Nest-tvOSTests";
			sourceTree = "<group>";
		};
		635F114F1BFAFD71004982B4 /* Nest-watchOS */ = {
			isa = PBXGroup;
			children = (
				635F11501BFAFD71004982B4 /* Info.plist */,
			);
			path = "Nest-watchOS";
			sourceTree = "<group>";
		};
/* End PBXGroup section */

/* Begin PBXHeadersBuildPhase section */
		630B4D6D1B48DD2F00830454 /* Headers */ = {
			isa = PBXHeadersBuildPhase;
			buildActionMask = 2147483647;
			files = (
				6315CB521BFD8746003A5840 /* ObjCSelfAwareSwizzle.h in Headers */,
				6315CB491BFD7D4A003A5840 /* ObjCSelfAwareSwizzle+WatchKit.h in Headers */,
			);
			runOnlyForDeploymentPostprocessing = 0;
		};
		634711461B22D91B00FA2C76 /* Headers */ = {
			isa = PBXHeadersBuildPhase;
			buildActionMask = 2147483647;
			files = (
				6315CB501BFD8746003A5840 /* ObjCSelfAwareSwizzle.h in Headers */,
				6315CB3E1BFD7C4B003A5840 /* ObjCSelfAwareSwizzle+UIKit.h in Headers */,
			);
			runOnlyForDeploymentPostprocessing = 0;
		};
		634711651B22D92600FA2C76 /* Headers */ = {
			isa = PBXHeadersBuildPhase;
			buildActionMask = 2147483647;
			files = (
				6315CB511BFD8746003A5840 /* ObjCSelfAwareSwizzle.h in Headers */,
				6315CB441BFD7D32003A5840 /* ObjCSelfAwareSwizzle+AppKit.h in Headers */,
			);
			runOnlyForDeploymentPostprocessing = 0;
		};
		635F11271BFAFCFF004982B4 /* Headers */ = {
			isa = PBXHeadersBuildPhase;
			buildActionMask = 2147483647;
			files = (
				6315CB531BFD8746003A5840 /* ObjCSelfAwareSwizzle.h in Headers */,
				6315CB3F1BFD7C4B003A5840 /* ObjCSelfAwareSwizzle+UIKit.h in Headers */,
			);
			runOnlyForDeploymentPostprocessing = 0;
		};
/* End PBXHeadersBuildPhase section */

/* Begin PBXNativeTarget section */
		630B4D6F1B48DD2F00830454 /* Nest-watchOS */ = {
			isa = PBXNativeTarget;
			buildConfigurationList = 630B4D751B48DD2F00830454 /* Build configuration list for PBXNativeTarget "Nest-watchOS" */;
			buildPhases = (
				630B4D6B1B48DD2F00830454 /* Sources */,
				630B4D6C1B48DD2F00830454 /* Frameworks */,
				630B4D6D1B48DD2F00830454 /* Headers */,
				630B4D6E1B48DD2F00830454 /* Resources */,
			);
			buildRules = (
			);
			dependencies = (
			);
			name = "Nest-watchOS";
			productName = "Nest-for-watchOS";
			productReference = 630B4D701B48DD2F00830454 /* Nest.framework */;
			productType = "com.apple.product-type.framework";
		};
		634711481B22D91B00FA2C76 /* Nest-iOS */ = {
			isa = PBXNativeTarget;
			buildConfigurationList = 6347115D1B22D91B00FA2C76 /* Build configuration list for PBXNativeTarget "Nest-iOS" */;
			buildPhases = (
				634711441B22D91B00FA2C76 /* Sources */,
				634711451B22D91B00FA2C76 /* Frameworks */,
				634711461B22D91B00FA2C76 /* Headers */,
				634711471B22D91B00FA2C76 /* Resources */,
			);
			buildRules = (
			);
			dependencies = (
			);
			name = "Nest-iOS";
			productName = "Nest-for-iOS";
			productReference = 634711491B22D91B00FA2C76 /* Nest.framework */;
			productType = "com.apple.product-type.framework";
		};
		634711531B22D91B00FA2C76 /* Nest-iOSTests */ = {
			isa = PBXNativeTarget;
			buildConfigurationList = 634711601B22D91B00FA2C76 /* Build configuration list for PBXNativeTarget "Nest-iOSTests" */;
			buildPhases = (
				634711501B22D91B00FA2C76 /* Sources */,
				634711511B22D91B00FA2C76 /* Frameworks */,
				634711521B22D91B00FA2C76 /* Resources */,
			);
			buildRules = (
			);
			dependencies = (
				634711571B22D91B00FA2C76 /* PBXTargetDependency */,
			);
			name = "Nest-iOSTests";
			productName = "Nest-for-iOSTests";
			productReference = 634711541B22D91B00FA2C76 /* NestTest.xctest */;
			productType = "com.apple.product-type.bundle.unit-test";
		};
		634711671B22D92600FA2C76 /* Nest-OS-X */ = {
			isa = PBXNativeTarget;
			buildConfigurationList = 6347117B1B22D92600FA2C76 /* Build configuration list for PBXNativeTarget "Nest-OS-X" */;
			buildPhases = (
				634711631B22D92600FA2C76 /* Sources */,
				634711641B22D92600FA2C76 /* Frameworks */,
				634711651B22D92600FA2C76 /* Headers */,
				634711661B22D92600FA2C76 /* Resources */,
			);
			buildRules = (
			);
			dependencies = (
			);
			name = "Nest-OS-X";
			productName = "Nest-for-OS-X";
			productReference = 634711681B22D92600FA2C76 /* Nest.framework */;
			productType = "com.apple.product-type.framework";
		};
		634711711B22D92600FA2C76 /* Nest-OS-XTests */ = {
			isa = PBXNativeTarget;
			buildConfigurationList = 6347117E1B22D92600FA2C76 /* Build configuration list for PBXNativeTarget "Nest-OS-XTests" */;
			buildPhases = (
				6347116E1B22D92600FA2C76 /* Sources */,
				6347116F1B22D92600FA2C76 /* Frameworks */,
				634711701B22D92600FA2C76 /* Resources */,
			);
			buildRules = (
			);
			dependencies = (
				634711751B22D92600FA2C76 /* PBXTargetDependency */,
			);
			name = "Nest-OS-XTests";
			productName = "Nest-for-OS-XTests";
			productReference = 634711721B22D92600FA2C76 /* NestTest.xctest */;
			productType = "com.apple.product-type.bundle.unit-test";
		};
		635F11291BFAFCFF004982B4 /* Nest-tvOS */ = {
			isa = PBXNativeTarget;
			buildConfigurationList = 635F113B1BFAFD00004982B4 /* Build configuration list for PBXNativeTarget "Nest-tvOS" */;
			buildPhases = (
				635F11251BFAFCFF004982B4 /* Sources */,
				635F11261BFAFCFF004982B4 /* Frameworks */,
				635F11271BFAFCFF004982B4 /* Headers */,
				635F11281BFAFCFF004982B4 /* Resources */,
			);
			buildRules = (
			);
			dependencies = (
			);
			name = "Nest-tvOS";
			productName = "Nest-tvOS";
			productReference = 635F112A1BFAFCFF004982B4 /* Nest.framework */;
			productType = "com.apple.product-type.framework";
		};
		635F11321BFAFD00004982B4 /* Nest-tvOSTests */ = {
			isa = PBXNativeTarget;
			buildConfigurationList = 635F113E1BFAFD00004982B4 /* Build configuration list for PBXNativeTarget "Nest-tvOSTests" */;
			buildPhases = (
				635F112F1BFAFD00004982B4 /* Sources */,
				635F11301BFAFD00004982B4 /* Frameworks */,
				635F11311BFAFD00004982B4 /* Resources */,
			);
			buildRules = (
			);
			dependencies = (
				635F11361BFAFD00004982B4 /* PBXTargetDependency */,
			);
			name = "Nest-tvOSTests";
			productName = "Nest-tvOSTests";
			productReference = 635F11331BFAFD00004982B4 /* Nest-tvOSTests.xctest */;
			productType = "com.apple.product-type.bundle.unit-test";
		};
/* End PBXNativeTarget section */

/* Begin PBXProject section */
		6347113E1B22D90600FA2C76 /* Project object */ = {
			isa = PBXProject;
			attributes = {
				LastSwiftUpdateCheck = 0710;
				LastUpgradeCheck = 0700;
				TargetAttributes = {
					630B4D6F1B48DD2F00830454 = {
						CreatedOnToolsVersion = 7.0;
					};
					634711481B22D91B00FA2C76 = {
						CreatedOnToolsVersion = 6.3.2;
					};
					634711531B22D91B00FA2C76 = {
						CreatedOnToolsVersion = 6.3.2;
					};
					634711671B22D92600FA2C76 = {
						CreatedOnToolsVersion = 6.3.2;
					};
					634711711B22D92600FA2C76 = {
						CreatedOnToolsVersion = 6.3.2;
					};
					635F11291BFAFCFF004982B4 = {
						CreatedOnToolsVersion = 7.1.1;
						DevelopmentTeam = A8KGC2QQ74;
					};
					635F11321BFAFD00004982B4 = {
						CreatedOnToolsVersion = 7.1.1;
						DevelopmentTeam = A8KGC2QQ74;
					};
				};
			};
			buildConfigurationList = 634711411B22D90600FA2C76 /* Build configuration list for PBXProject "Nest" */;
			compatibilityVersion = "Xcode 3.2";
			developmentRegion = English;
			hasScannedForEncodings = 0;
			knownRegions = (
				en,
			);
			mainGroup = 6347113D1B22D90600FA2C76;
			productRefGroup = 6347114A1B22D91B00FA2C76 /* Products */;
			projectDirPath = "";
			projectRoot = "";
			targets = (
				634711481B22D91B00FA2C76 /* Nest-iOS */,
				634711531B22D91B00FA2C76 /* Nest-iOSTests */,
				634711671B22D92600FA2C76 /* Nest-OS-X */,
				634711711B22D92600FA2C76 /* Nest-OS-XTests */,
				630B4D6F1B48DD2F00830454 /* Nest-watchOS */,
				635F11291BFAFCFF004982B4 /* Nest-tvOS */,
				635F11321BFAFD00004982B4 /* Nest-tvOSTests */,
			);
		};
/* End PBXProject section */

/* Begin PBXResourcesBuildPhase section */
		630B4D6E1B48DD2F00830454 /* Resources */ = {
			isa = PBXResourcesBuildPhase;
			buildActionMask = 2147483647;
			files = (
			);
			runOnlyForDeploymentPostprocessing = 0;
		};
		634711471B22D91B00FA2C76 /* Resources */ = {
			isa = PBXResourcesBuildPhase;
			buildActionMask = 2147483647;
			files = (
			);
			runOnlyForDeploymentPostprocessing = 0;
		};
		634711521B22D91B00FA2C76 /* Resources */ = {
			isa = PBXResourcesBuildPhase;
			buildActionMask = 2147483647;
			files = (
			);
			runOnlyForDeploymentPostprocessing = 0;
		};
		634711661B22D92600FA2C76 /* Resources */ = {
			isa = PBXResourcesBuildPhase;
			buildActionMask = 2147483647;
			files = (
			);
			runOnlyForDeploymentPostprocessing = 0;
		};
		634711701B22D92600FA2C76 /* Resources */ = {
			isa = PBXResourcesBuildPhase;
			buildActionMask = 2147483647;
			files = (
			);
			runOnlyForDeploymentPostprocessing = 0;
		};
		635F11281BFAFCFF004982B4 /* Resources */ = {
			isa = PBXResourcesBuildPhase;
			buildActionMask = 2147483647;
			files = (
			);
			runOnlyForDeploymentPostprocessing = 0;
		};
		635F11311BFAFD00004982B4 /* Resources */ = {
			isa = PBXResourcesBuildPhase;
			buildActionMask = 2147483647;
			files = (
			);
			runOnlyForDeploymentPostprocessing = 0;
		};
/* End PBXResourcesBuildPhase section */

/* Begin PBXSourcesBuildPhase section */
		630B4D6B1B48DD2F00830454 /* Sources */ = {
			isa = PBXSourcesBuildPhase;
			buildActionMask = 2147483647;
			files = (
				635F10EF1BFAFABB004982B4 /* NSRunLoop+TaskDispatcher.swift in Sources */,
				635F10FB1BFAFABB004982B4 /* NSPersistentStoreType.swift in Sources */,
				635F10FE1BFAFABB004982B4 /* NSRunLoopMode.swift in Sources */,
				635F10C81BFAFABB004982B4 /* PersistenceController.swift in Sources */,
				635F10D11BFAFABB004982B4 /* CFRunLoopActivity+CustomDebugStringConvertible.swift in Sources */,
				635F10EC1BFAFABB004982B4 /* NSRange+NSRangeMake.swift in Sources */,
				635F11021BFAFAED004982B4 /* ReuseCenter.swift in Sources */,
				63050CA81C018C9300EDFEAD /* ObjCSelfAwareSwizzle.swift in Sources */,
				635F10B31BFAFABB004982B4 /* Notifications.swift in Sources */,
				635F10BF1BFAFABB004982B4 /* ObjCMultiCastDelegatable.swift in Sources */,
				6315CB481BFD7D4A003A5840 /* ObjCSelfAwareSwizzle+WatchKit.m in Sources */,
				635F10F21BFAFABB004982B4 /* NSString+RangesOfString.swift in Sources */,
				635F11061BFAFB4D004982B4 /* ObjectiveC.swift in Sources */,
				635F10B01BFAFABB004982B4 /* HierarchicalPickablePicker.swift in Sources */,
				635F10E91BFAFABB004982B4 /* NSRange+Equatable.swift in Sources */,
				635F10E61BFAFABB004982B4 /* NSObjectProtocol+Collections.swift in Sources */,
				635F10F81BFAFABB004982B4 /* Variables.swift in Sources */,
				635F10B91BFAFABB004982B4 /* ObjCKeyValueAccessible.swift in Sources */,
				635F10C21BFAFABB004982B4 /* ObjCProtocolDispatcherType.swift in Sources */,
				6315CB4E1BFD8746003A5840 /* ObjCSelfAwareSwizzle.m in Sources */,
				635F10BC1BFAFABB004982B4 /* ObjCAssociated.swift in Sources */,
				635F110A1BFAFBA5004982B4 /* SubsequentSetupInitializable.swift in Sources */,
				635F10D71BFAFABB004982B4 /* NSDate+Comparable.swift in Sources */,
				635F10B61BFAFABB004982B4 /* ObjCCodingEncodableDecodable.swift in Sources */,
				635F10C51BFAFABB004982B4 /* ObjCProtocolInterceptor.swift in Sources */,
				635F10E01BFAFABB004982B4 /* NSIndexPath+PrimitiveIndexPathType.swift in Sources */,
				6315CC5C1BFE550E003A5840 /* NSCoding+ObjCKeyValueAccessible.swift in Sources */,
				635F10DA1BFAFABB004982B4 /* NSError+InitConveniences.swift in Sources */,
				635F10DD1BFAFABB004982B4 /* NSIndexPath+Comparable.swift in Sources */,
			);
			runOnlyForDeploymentPostprocessing = 0;
		};
		634711441B22D91B00FA2C76 /* Sources */ = {
			isa = PBXSourcesBuildPhase;
			buildActionMask = 2147483647;
			files = (
				635F10ED1BFAFABB004982B4 /* NSRunLoop+TaskDispatcher.swift in Sources */,
				635F10F91BFAFABB004982B4 /* NSPersistentStoreType.swift in Sources */,
				635F10FC1BFAFABB004982B4 /* NSRunLoopMode.swift in Sources */,
				635F10C61BFAFABB004982B4 /* PersistenceController.swift in Sources */,
				635F10CF1BFAFABB004982B4 /* CFRunLoopActivity+CustomDebugStringConvertible.swift in Sources */,
				635F10EA1BFAFABB004982B4 /* NSRange+NSRangeMake.swift in Sources */,
				635F11001BFAFAED004982B4 /* ReuseCenter.swift in Sources */,
				63050CA61C018C9300EDFEAD /* ObjCSelfAwareSwizzle.swift in Sources */,
				635F10B11BFAFABB004982B4 /* Notifications.swift in Sources */,
				635F10BD1BFAFABB004982B4 /* ObjCMultiCastDelegatable.swift in Sources */,
				635F10F01BFAFABB004982B4 /* NSString+RangesOfString.swift in Sources */,
				635F11041BFAFB4D004982B4 /* ObjectiveC.swift in Sources */,
				635F10AE1BFAFABB004982B4 /* HierarchicalPickablePicker.swift in Sources */,
				635F10E71BFAFABB004982B4 /* NSRange+Equatable.swift in Sources */,
				635F10E41BFAFABB004982B4 /* NSObjectProtocol+Collections.swift in Sources */,
				635F10F61BFAFABB004982B4 /* Variables.swift in Sources */,
				6315CB3C1BFD7C4B003A5840 /* ObjCSelfAwareSwizzle+UIKit.m in Sources */,
				635F10B71BFAFABB004982B4 /* ObjCKeyValueAccessible.swift in Sources */,
				635F10C01BFAFABB004982B4 /* ObjCProtocolDispatcherType.swift in Sources */,
				6315CB4C1BFD8746003A5840 /* ObjCSelfAwareSwizzle.m in Sources */,
				635F10BA1BFAFABB004982B4 /* ObjCAssociated.swift in Sources */,
				635F11081BFAFBA5004982B4 /* SubsequentSetupInitializable.swift in Sources */,
				635F10D51BFAFABB004982B4 /* NSDate+Comparable.swift in Sources */,
				635F10B41BFAFABB004982B4 /* ObjCCodingEncodableDecodable.swift in Sources */,
				635F10C31BFAFABB004982B4 /* ObjCProtocolInterceptor.swift in Sources */,
				635F10DE1BFAFABB004982B4 /* NSIndexPath+PrimitiveIndexPathType.swift in Sources */,
				6315CC5A1BFE550E003A5840 /* NSCoding+ObjCKeyValueAccessible.swift in Sources */,
				635F10D81BFAFABB004982B4 /* NSError+InitConveniences.swift in Sources */,
				635F10DB1BFAFABB004982B4 /* NSIndexPath+Comparable.swift in Sources */,
			);
			runOnlyForDeploymentPostprocessing = 0;
		};
		634711501B22D91B00FA2C76 /* Sources */ = {
			isa = PBXSourcesBuildPhase;
			buildActionMask = 2147483647;
			files = (
				6388F79A1B663CB900CDD64A /* NotificationDeliveryTest.swift in Sources */,
				635AE0801BFF10D300FB612A /* ObjectiveCTest.swift in Sources */,
				634711B41B22FDBE00FA2C76 /* NSReuseCenterTest.swift in Sources */,
				637B6C5B1BD8DD4600F2EE5A /* NSRunLoop+TaskDispatcherTest.swift in Sources */,
				63EACCF01B6A027D0086561F /* NSProtocolInterceptorTest.swift in Sources */,
			);
			runOnlyForDeploymentPostprocessing = 0;
		};
		634711631B22D92600FA2C76 /* Sources */ = {
			isa = PBXSourcesBuildPhase;
			buildActionMask = 2147483647;
			files = (
				635F10EE1BFAFABB004982B4 /* NSRunLoop+TaskDispatcher.swift in Sources */,
				635F10FA1BFAFABB004982B4 /* NSPersistentStoreType.swift in Sources */,
				635F10FD1BFAFABB004982B4 /* NSRunLoopMode.swift in Sources */,
				635F10C71BFAFABB004982B4 /* PersistenceController.swift in Sources */,
				635F10D01BFAFABB004982B4 /* CFRunLoopActivity+CustomDebugStringConvertible.swift in Sources */,
				635F10EB1BFAFABB004982B4 /* NSRange+NSRangeMake.swift in Sources */,
				635F11011BFAFAED004982B4 /* ReuseCenter.swift in Sources */,
				63050CA71C018C9300EDFEAD /* ObjCSelfAwareSwizzle.swift in Sources */,
				635F10B21BFAFABB004982B4 /* Notifications.swift in Sources */,
				635F10BE1BFAFABB004982B4 /* ObjCMultiCastDelegatable.swift in Sources */,
				6315CB421BFD7D32003A5840 /* ObjCSelfAwareSwizzle+AppKit.m in Sources */,
				635F10F11BFAFABB004982B4 /* NSString+RangesOfString.swift in Sources */,
				635F11051BFAFB4D004982B4 /* ObjectiveC.swift in Sources */,
				635F10AF1BFAFABB004982B4 /* HierarchicalPickablePicker.swift in Sources */,
				635F10E81BFAFABB004982B4 /* NSRange+Equatable.swift in Sources */,
				635F10E51BFAFABB004982B4 /* NSObjectProtocol+Collections.swift in Sources */,
				635F10F71BFAFABB004982B4 /* Variables.swift in Sources */,
				635F10B81BFAFABB004982B4 /* ObjCKeyValueAccessible.swift in Sources */,
				635F10C11BFAFABB004982B4 /* ObjCProtocolDispatcherType.swift in Sources */,
				6315CB4D1BFD8746003A5840 /* ObjCSelfAwareSwizzle.m in Sources */,
				635F10BB1BFAFABB004982B4 /* ObjCAssociated.swift in Sources */,
				635F11091BFAFBA5004982B4 /* SubsequentSetupInitializable.swift in Sources */,
				635F10D61BFAFABB004982B4 /* NSDate+Comparable.swift in Sources */,
				635F10B51BFAFABB004982B4 /* ObjCCodingEncodableDecodable.swift in Sources */,
				635F10C41BFAFABB004982B4 /* ObjCProtocolInterceptor.swift in Sources */,
				635F10DF1BFAFABB004982B4 /* NSIndexPath+PrimitiveIndexPathType.swift in Sources */,
				6315CC5B1BFE550E003A5840 /* NSCoding+ObjCKeyValueAccessible.swift in Sources */,
				635F10D91BFAFABB004982B4 /* NSError+InitConveniences.swift in Sources */,
				635F10DC1BFAFABB004982B4 /* NSIndexPath+Comparable.swift in Sources */,
			);
			runOnlyForDeploymentPostprocessing = 0;
		};
		6347116E1B22D92600FA2C76 /* Sources */ = {
			isa = PBXSourcesBuildPhase;
			buildActionMask = 2147483647;
			files = (
				6388F79C1B663CD200CDD64A /* NotificationDeliveryTest.swift in Sources */,
				635AE0811BFF10D300FB612A /* ObjectiveCTest.swift in Sources */,
				634711B51B22FDBE00FA2C76 /* NSReuseCenterTest.swift in Sources */,
				637B6C5C1BD8DD4600F2EE5A /* NSRunLoop+TaskDispatcherTest.swift in Sources */,
				63EACCF11B6A027F0086561F /* NSProtocolInterceptorTest.swift in Sources */,
			);
			runOnlyForDeploymentPostprocessing = 0;
		};
		635F11251BFAFCFF004982B4 /* Sources */ = {
			isa = PBXSourcesBuildPhase;
			buildActionMask = 2147483647;
			files = (
				635F11721BFAFD83004982B4 /* SubsequentSetupInitializable.swift in Sources */,
				635F11741BFAFD83004982B4 /* CFRunLoopActivity+CustomDebugStringConvertible.swift in Sources */,
				635F11811BFAFD83004982B4 /* NSPersistentStoreType.swift in Sources */,
				635F11711BFAFD83004982B4 /* PersistenceController.swift in Sources */,
				635F11731BFAFD83004982B4 /* ReuseCenter.swift in Sources */,
				635F116A1BFAFD83004982B4 /* Notifications.swift in Sources */,
				635F116E1BFAFD83004982B4 /* ObjCMultiCastDelegatable.swift in Sources */,
				63050CA91C018C9300EDFEAD /* ObjCSelfAwareSwizzle.swift in Sources */,
				635F117F1BFAFD83004982B4 /* ObjectiveC.swift in Sources */,
				635F11691BFAFD83004982B4 /* HierarchicalPickablePicker.swift in Sources */,
				635F116C1BFAFD83004982B4 /* ObjCKeyValueAccessible.swift in Sources */,
				635F116F1BFAFD83004982B4 /* ObjCProtocolDispatcherType.swift in Sources */,
				635F116D1BFAFD83004982B4 /* ObjCAssociated.swift in Sources */,
				635F11761BFAFD83004982B4 /* NSDate+Comparable.swift in Sources */,
				635F117D1BFAFD83004982B4 /* NSRunLoop+TaskDispatcher.swift in Sources */,
				635F116B1BFAFD83004982B4 /* ObjCCodingEncodableDecodable.swift in Sources */,
				6315CB3D1BFD7C4B003A5840 /* ObjCSelfAwareSwizzle+UIKit.m in Sources */,
				635F117B1BFAFD83004982B4 /* NSRange+Equatable.swift in Sources */,
				635F11701BFAFD83004982B4 /* ObjCProtocolInterceptor.swift in Sources */,
				6315CB4F1BFD8746003A5840 /* ObjCSelfAwareSwizzle.m in Sources */,
				635F11791BFAFD83004982B4 /* NSIndexPath+PrimitiveIndexPathType.swift in Sources */,
				635F11801BFAFD83004982B4 /* Variables.swift in Sources */,
				635F11771BFAFD83004982B4 /* NSError+InitConveniences.swift in Sources */,
				635F117E1BFAFD83004982B4 /* NSString+RangesOfString.swift in Sources */,
				635F117A1BFAFD83004982B4 /* NSObjectProtocol+Collections.swift in Sources */,
				635F117C1BFAFD83004982B4 /* NSRange+NSRangeMake.swift in Sources */,
				6315CC5D1BFE550E003A5840 /* NSCoding+ObjCKeyValueAccessible.swift in Sources */,
				635F11781BFAFD83004982B4 /* NSIndexPath+Comparable.swift in Sources */,
				635F11821BFAFD83004982B4 /* NSRunLoopMode.swift in Sources */,
			);
			runOnlyForDeploymentPostprocessing = 0;
		};
		635F112F1BFAFD00004982B4 /* Sources */ = {
			isa = PBXSourcesBuildPhase;
			buildActionMask = 2147483647;
			files = (
				635AE0821BFF10D300FB612A /* ObjectiveCTest.swift in Sources */,
			);
			runOnlyForDeploymentPostprocessing = 0;
		};
/* End PBXSourcesBuildPhase section */

/* Begin PBXTargetDependency section */
		634711571B22D91B00FA2C76 /* PBXTargetDependency */ = {
			isa = PBXTargetDependency;
			target = 634711481B22D91B00FA2C76 /* Nest-iOS */;
			targetProxy = 634711561B22D91B00FA2C76 /* PBXContainerItemProxy */;
		};
		634711751B22D92600FA2C76 /* PBXTargetDependency */ = {
			isa = PBXTargetDependency;
			target = 634711671B22D92600FA2C76 /* Nest-OS-X */;
			targetProxy = 634711741B22D92600FA2C76 /* PBXContainerItemProxy */;
		};
		635F11361BFAFD00004982B4 /* PBXTargetDependency */ = {
			isa = PBXTargetDependency;
			target = 635F11291BFAFCFF004982B4 /* Nest-tvOS */;
			targetProxy = 635F11351BFAFD00004982B4 /* PBXContainerItemProxy */;
		};
/* End PBXTargetDependency section */

/* Begin XCBuildConfiguration section */
		630B4D761B48DD2F00830454 /* Debug */ = {
			isa = XCBuildConfiguration;
			buildSettings = {
				ALWAYS_SEARCH_USER_PATHS = NO;
				CLANG_CXX_LANGUAGE_STANDARD = "gnu++0x";
				CLANG_CXX_LIBRARY = "libc++";
				CLANG_ENABLE_MODULES = YES;
				CLANG_ENABLE_OBJC_ARC = YES;
				CLANG_WARN_BOOL_CONVERSION = YES;
				CLANG_WARN_CONSTANT_CONVERSION = YES;
				CLANG_WARN_DIRECT_OBJC_ISA_USAGE = YES_ERROR;
				CLANG_WARN_EMPTY_BODY = YES;
				CLANG_WARN_ENUM_CONVERSION = YES;
				CLANG_WARN_INT_CONVERSION = YES;
				CLANG_WARN_OBJC_ROOT_CLASS = YES_ERROR;
				CLANG_WARN_UNREACHABLE_CODE = YES;
				CLANG_WARN__DUPLICATE_METHOD_MATCH = YES;
				COPY_PHASE_STRIP = NO;
				CURRENT_PROJECT_VERSION = 1;
				DEFINES_MODULE = YES;
				DYLIB_COMPATIBILITY_VERSION = 1;
				DYLIB_CURRENT_VERSION = 1;
				DYLIB_INSTALL_NAME_BASE = "@rpath";
				ENABLE_STRICT_OBJC_MSGSEND = YES;
				FRAMEWORK_SEARCH_PATHS = (
					"$(inherited)",
					"$(PROJECT_DIR)/Frameworks/SwiftExt/build/Debug-watchos",
				);
				GCC_C_LANGUAGE_STANDARD = gnu99;
				GCC_DYNAMIC_NO_PIC = NO;
				GCC_NO_COMMON_BLOCKS = YES;
				GCC_OPTIMIZATION_LEVEL = 0;
				GCC_PREPROCESSOR_DEFINITIONS = (
					"DEBUG=1",
					"$(inherited)",
				);
				GCC_WARN_64_TO_32_BIT_CONVERSION = YES;
				GCC_WARN_ABOUT_RETURN_TYPE = YES_ERROR;
				GCC_WARN_UNDECLARED_SELECTOR = YES;
				GCC_WARN_UNINITIALIZED_AUTOS = YES_AGGRESSIVE;
				GCC_WARN_UNUSED_FUNCTION = YES;
				GCC_WARN_UNUSED_VARIABLE = YES;
				HEADER_SEARCH_PATHS = "$(CONFIGURATION_BUILD_DIR)/**";
				INFOPLIST_FILE = "PlatformDependent/Nest-watchOS/Info.plist";
				INSTALL_PATH = "$(LOCAL_LIBRARY_DIR)/Frameworks";
				LD_RUNPATH_SEARCH_PATHS = "$(inherited) @executable_path/Frameworks @loader_path/Frameworks";
				MTL_ENABLE_DEBUG_INFO = YES;
				PRODUCT_BUNDLE_IDENTIFIER = "com.WeZZard.Nest-for-watchOS";
				PRODUCT_NAME = Nest;
				PUBLIC_HEADERS_FOLDER_PATH = Nest;
				SDKROOT = watchos;
				SKIP_INSTALL = YES;
				SWIFT_OPTIMIZATION_LEVEL = "-Onone";
				TARGETED_DEVICE_FAMILY = 4;
				VERSIONING_SYSTEM = "apple-generic";
				VERSION_INFO_PREFIX = "";
				WATCHOS_DEPLOYMENT_TARGET = 2.0;
			};
			name = Debug;
		};
		630B4D771B48DD2F00830454 /* Release */ = {
			isa = XCBuildConfiguration;
			buildSettings = {
				ALWAYS_SEARCH_USER_PATHS = NO;
				CLANG_CXX_LANGUAGE_STANDARD = "gnu++0x";
				CLANG_CXX_LIBRARY = "libc++";
				CLANG_ENABLE_MODULES = YES;
				CLANG_ENABLE_OBJC_ARC = YES;
				CLANG_WARN_BOOL_CONVERSION = YES;
				CLANG_WARN_CONSTANT_CONVERSION = YES;
				CLANG_WARN_DIRECT_OBJC_ISA_USAGE = YES_ERROR;
				CLANG_WARN_EMPTY_BODY = YES;
				CLANG_WARN_ENUM_CONVERSION = YES;
				CLANG_WARN_INT_CONVERSION = YES;
				CLANG_WARN_OBJC_ROOT_CLASS = YES_ERROR;
				CLANG_WARN_UNREACHABLE_CODE = YES;
				CLANG_WARN__DUPLICATE_METHOD_MATCH = YES;
				CODE_SIGN_IDENTITY = "iPhone Distribution";
				COPY_PHASE_STRIP = NO;
				CURRENT_PROJECT_VERSION = 1;
				DEFINES_MODULE = YES;
				DYLIB_COMPATIBILITY_VERSION = 1;
				DYLIB_CURRENT_VERSION = 1;
				DYLIB_INSTALL_NAME_BASE = "@rpath";
				ENABLE_NS_ASSERTIONS = NO;
				ENABLE_STRICT_OBJC_MSGSEND = YES;
				FRAMEWORK_SEARCH_PATHS = (
					"$(inherited)",
					"$(PROJECT_DIR)/Frameworks/SwiftExt/build/Debug-watchos",
				);
				GCC_C_LANGUAGE_STANDARD = gnu99;
				GCC_NO_COMMON_BLOCKS = YES;
				GCC_WARN_64_TO_32_BIT_CONVERSION = YES;
				GCC_WARN_ABOUT_RETURN_TYPE = YES_ERROR;
				GCC_WARN_UNDECLARED_SELECTOR = YES;
				GCC_WARN_UNINITIALIZED_AUTOS = YES_AGGRESSIVE;
				GCC_WARN_UNUSED_FUNCTION = YES;
				GCC_WARN_UNUSED_VARIABLE = YES;
				HEADER_SEARCH_PATHS = "$(CONFIGURATION_BUILD_DIR)/**";
				INFOPLIST_FILE = "PlatformDependent/Nest-watchOS/Info.plist";
				INSTALL_PATH = "$(LOCAL_LIBRARY_DIR)/Frameworks";
				LD_RUNPATH_SEARCH_PATHS = "$(inherited) @executable_path/Frameworks @loader_path/Frameworks";
				MTL_ENABLE_DEBUG_INFO = NO;
				PRODUCT_BUNDLE_IDENTIFIER = "com.WeZZard.Nest-for-watchOS";
				PRODUCT_NAME = Nest;
				PUBLIC_HEADERS_FOLDER_PATH = Nest;
				SDKROOT = watchos;
				SKIP_INSTALL = YES;
				TARGETED_DEVICE_FAMILY = 4;
				VALIDATE_PRODUCT = YES;
				VERSIONING_SYSTEM = "apple-generic";
				VERSION_INFO_PREFIX = "";
				WATCHOS_DEPLOYMENT_TARGET = 2.0;
			};
			name = Release;
		};
		634711421B22D90600FA2C76 /* Debug */ = {
			isa = XCBuildConfiguration;
			buildSettings = {
				APPLICATION_EXTENSION_API_ONLY = YES;
				DEBUG_INFORMATION_FORMAT = "dwarf-with-dsym";
				ENABLE_TESTABILITY = YES;
				FRAMEWORK_SEARCH_PATHS = (
					"$(inherited)",
					"$(CONFIGURATION_BUILD_DIR)",
				);
				IPHONEOS_DEPLOYMENT_TARGET = 8.0;
				MACOSX_DEPLOYMENT_TARGET = 10.10;
				ONLY_ACTIVE_ARCH = YES;
				OTHER_SWIFT_FLAGS = "-D DEBUG";
			};
			name = Debug;
		};
		634711431B22D90600FA2C76 /* Release */ = {
			isa = XCBuildConfiguration;
			buildSettings = {
				APPLICATION_EXTENSION_API_ONLY = YES;
				DEBUG_INFORMATION_FORMAT = "dwarf-with-dsym";
				FRAMEWORK_SEARCH_PATHS = (
					"$(inherited)",
					"$(CONFIGURATION_BUILD_DIR)",
				);
				IPHONEOS_DEPLOYMENT_TARGET = 8.0;
				MACOSX_DEPLOYMENT_TARGET = 10.10;
			};
			name = Release;
		};
		6347115E1B22D91B00FA2C76 /* Debug */ = {
			isa = XCBuildConfiguration;
			buildSettings = {
				ALWAYS_SEARCH_USER_PATHS = NO;
				APPLICATION_EXTENSION_API_ONLY = YES;
				CLANG_CXX_LANGUAGE_STANDARD = "gnu++0x";
				CLANG_CXX_LIBRARY = "libc++";
				CLANG_ENABLE_MODULES = YES;
				CLANG_ENABLE_OBJC_ARC = YES;
				CLANG_WARN_BOOL_CONVERSION = YES;
				CLANG_WARN_CONSTANT_CONVERSION = YES;
				CLANG_WARN_DIRECT_OBJC_ISA_USAGE = YES_ERROR;
				CLANG_WARN_EMPTY_BODY = YES;
				CLANG_WARN_ENUM_CONVERSION = YES;
				CLANG_WARN_INT_CONVERSION = YES;
				CLANG_WARN_OBJC_ROOT_CLASS = YES_ERROR;
				CLANG_WARN_UNREACHABLE_CODE = YES;
				CLANG_WARN__DUPLICATE_METHOD_MATCH = YES;
				CODE_SIGN_IDENTITY = "iPhone Developer";
				COPY_PHASE_STRIP = NO;
				CURRENT_PROJECT_VERSION = 1;
				DEFINES_MODULE = YES;
				DYLIB_COMPATIBILITY_VERSION = 1;
				DYLIB_CURRENT_VERSION = 1;
				DYLIB_INSTALL_NAME_BASE = "@rpath";
				ENABLE_STRICT_OBJC_MSGSEND = YES;
				FRAMEWORK_SEARCH_PATHS = (
					"$(inherited)",
					"$(PROJECT_DIR)/Frameworks/SwiftExt/build/Debug-iphoneos",
				);
				GCC_C_LANGUAGE_STANDARD = gnu99;
				GCC_DYNAMIC_NO_PIC = NO;
				GCC_NO_COMMON_BLOCKS = YES;
				GCC_OPTIMIZATION_LEVEL = 0;
				GCC_PREPROCESSOR_DEFINITIONS = (
					"DEBUG=1",
					"$(inherited)",
				);
				GCC_SYMBOLS_PRIVATE_EXTERN = NO;
				GCC_WARN_64_TO_32_BIT_CONVERSION = YES;
				GCC_WARN_ABOUT_RETURN_TYPE = YES_ERROR;
				GCC_WARN_UNDECLARED_SELECTOR = YES;
				GCC_WARN_UNINITIALIZED_AUTOS = YES_AGGRESSIVE;
				GCC_WARN_UNUSED_FUNCTION = YES;
				GCC_WARN_UNUSED_VARIABLE = YES;
				HEADER_SEARCH_PATHS = "$(CONFIGURATION_BUILD_DIR)/**";
				INFOPLIST_FILE = "PlatformDependent/Nest-iOS/Info.plist";
				INSTALL_PATH = "$(LOCAL_LIBRARY_DIR)/Frameworks";
				LD_RUNPATH_SEARCH_PATHS = "$(inherited) @executable_path/Frameworks @loader_path/Frameworks";
				MTL_ENABLE_DEBUG_INFO = YES;
				ONLY_ACTIVE_ARCH = YES;
				PRODUCT_BUNDLE_IDENTIFIER = "com.WeZZard.$(PRODUCT_NAME:rfc1034identifier)";
				PRODUCT_NAME = Nest;
				PUBLIC_HEADERS_FOLDER_PATH = Nest;
				SDKROOT = iphoneos;
				SKIP_INSTALL = YES;
				SWIFT_OPTIMIZATION_LEVEL = "-Onone";
				TARGETED_DEVICE_FAMILY = "1,2";
				VERSIONING_SYSTEM = "apple-generic";
				VERSION_INFO_PREFIX = "";
			};
			name = Debug;
		};
		6347115F1B22D91B00FA2C76 /* Release */ = {
			isa = XCBuildConfiguration;
			buildSettings = {
				ALWAYS_SEARCH_USER_PATHS = NO;
				APPLICATION_EXTENSION_API_ONLY = YES;
				CLANG_CXX_LANGUAGE_STANDARD = "gnu++0x";
				CLANG_CXX_LIBRARY = "libc++";
				CLANG_ENABLE_MODULES = YES;
				CLANG_ENABLE_OBJC_ARC = YES;
				CLANG_WARN_BOOL_CONVERSION = YES;
				CLANG_WARN_CONSTANT_CONVERSION = YES;
				CLANG_WARN_DIRECT_OBJC_ISA_USAGE = YES_ERROR;
				CLANG_WARN_EMPTY_BODY = YES;
				CLANG_WARN_ENUM_CONVERSION = YES;
				CLANG_WARN_INT_CONVERSION = YES;
				CLANG_WARN_OBJC_ROOT_CLASS = YES_ERROR;
				CLANG_WARN_UNREACHABLE_CODE = YES;
				CLANG_WARN__DUPLICATE_METHOD_MATCH = YES;
				CODE_SIGN_IDENTITY = "iPhone Distribution";
				COPY_PHASE_STRIP = NO;
				CURRENT_PROJECT_VERSION = 1;
				DEFINES_MODULE = YES;
				DYLIB_COMPATIBILITY_VERSION = 1;
				DYLIB_CURRENT_VERSION = 1;
				DYLIB_INSTALL_NAME_BASE = "@rpath";
				ENABLE_NS_ASSERTIONS = NO;
				ENABLE_STRICT_OBJC_MSGSEND = YES;
				FRAMEWORK_SEARCH_PATHS = (
					"$(inherited)",
					"$(PROJECT_DIR)/Frameworks/SwiftExt/build/Debug-iphoneos",
				);
				GCC_C_LANGUAGE_STANDARD = gnu99;
				GCC_NO_COMMON_BLOCKS = YES;
				GCC_WARN_64_TO_32_BIT_CONVERSION = YES;
				GCC_WARN_ABOUT_RETURN_TYPE = YES_ERROR;
				GCC_WARN_UNDECLARED_SELECTOR = YES;
				GCC_WARN_UNINITIALIZED_AUTOS = YES_AGGRESSIVE;
				GCC_WARN_UNUSED_FUNCTION = YES;
				GCC_WARN_UNUSED_VARIABLE = YES;
				HEADER_SEARCH_PATHS = "$(CONFIGURATION_BUILD_DIR)/**";
				INFOPLIST_FILE = "PlatformDependent/Nest-iOS/Info.plist";
				INSTALL_PATH = "$(LOCAL_LIBRARY_DIR)/Frameworks";
				LD_RUNPATH_SEARCH_PATHS = "$(inherited) @executable_path/Frameworks @loader_path/Frameworks";
				MTL_ENABLE_DEBUG_INFO = NO;
				PRODUCT_BUNDLE_IDENTIFIER = "com.WeZZard.$(PRODUCT_NAME:rfc1034identifier)";
				PRODUCT_NAME = Nest;
				PUBLIC_HEADERS_FOLDER_PATH = Nest;
				SDKROOT = iphoneos;
				SKIP_INSTALL = YES;
				TARGETED_DEVICE_FAMILY = "1,2";
				VALIDATE_PRODUCT = YES;
				VERSIONING_SYSTEM = "apple-generic";
				VERSION_INFO_PREFIX = "";
			};
			name = Release;
		};
		634711611B22D91B00FA2C76 /* Debug */ = {
			isa = XCBuildConfiguration;
			buildSettings = {
				ALWAYS_SEARCH_USER_PATHS = NO;
				CLANG_CXX_LANGUAGE_STANDARD = "gnu++0x";
				CLANG_CXX_LIBRARY = "libc++";
				CLANG_ENABLE_MODULES = YES;
				CLANG_ENABLE_OBJC_ARC = YES;
				CLANG_WARN_BOOL_CONVERSION = YES;
				CLANG_WARN_CONSTANT_CONVERSION = YES;
				CLANG_WARN_DIRECT_OBJC_ISA_USAGE = YES_ERROR;
				CLANG_WARN_EMPTY_BODY = YES;
				CLANG_WARN_ENUM_CONVERSION = YES;
				CLANG_WARN_INT_CONVERSION = YES;
				CLANG_WARN_OBJC_ROOT_CLASS = YES_ERROR;
				CLANG_WARN_UNREACHABLE_CODE = YES;
				CLANG_WARN__DUPLICATE_METHOD_MATCH = YES;
				"CODE_SIGN_IDENTITY[sdk=iphoneos*]" = "iPhone Developer";
				COPY_PHASE_STRIP = NO;
				DEBUG_INFORMATION_FORMAT = "dwarf-with-dsym";
				ENABLE_STRICT_OBJC_MSGSEND = YES;
				GCC_C_LANGUAGE_STANDARD = gnu99;
				GCC_DYNAMIC_NO_PIC = NO;
				GCC_NO_COMMON_BLOCKS = YES;
				GCC_OPTIMIZATION_LEVEL = 0;
				GCC_PREPROCESSOR_DEFINITIONS = (
					"DEBUG=1",
					"$(inherited)",
				);
				GCC_SYMBOLS_PRIVATE_EXTERN = NO;
				GCC_WARN_64_TO_32_BIT_CONVERSION = YES;
				GCC_WARN_ABOUT_RETURN_TYPE = YES_ERROR;
				GCC_WARN_UNDECLARED_SELECTOR = YES;
				GCC_WARN_UNINITIALIZED_AUTOS = YES_AGGRESSIVE;
				GCC_WARN_UNUSED_FUNCTION = YES;
				GCC_WARN_UNUSED_VARIABLE = YES;
				INFOPLIST_FILE = "PlatformDependent/Nest-iOSTests/Info.plist";
				LD_RUNPATH_SEARCH_PATHS = "$(inherited) @executable_path/Frameworks @loader_path/Frameworks";
				MTL_ENABLE_DEBUG_INFO = YES;
				ONLY_ACTIVE_ARCH = YES;
				PRODUCT_BUNDLE_IDENTIFIER = "com.WeZZard.$(PRODUCT_NAME:rfc1034identifier)";
				PRODUCT_NAME = NestTest;
				SDKROOT = iphoneos;
			};
			name = Debug;
		};
		634711621B22D91B00FA2C76 /* Release */ = {
			isa = XCBuildConfiguration;
			buildSettings = {
				ALWAYS_SEARCH_USER_PATHS = NO;
				CLANG_CXX_LANGUAGE_STANDARD = "gnu++0x";
				CLANG_CXX_LIBRARY = "libc++";
				CLANG_ENABLE_MODULES = YES;
				CLANG_ENABLE_OBJC_ARC = YES;
				CLANG_WARN_BOOL_CONVERSION = YES;
				CLANG_WARN_CONSTANT_CONVERSION = YES;
				CLANG_WARN_DIRECT_OBJC_ISA_USAGE = YES_ERROR;
				CLANG_WARN_EMPTY_BODY = YES;
				CLANG_WARN_ENUM_CONVERSION = YES;
				CLANG_WARN_INT_CONVERSION = YES;
				CLANG_WARN_OBJC_ROOT_CLASS = YES_ERROR;
				CLANG_WARN_UNREACHABLE_CODE = YES;
				CLANG_WARN__DUPLICATE_METHOD_MATCH = YES;
				"CODE_SIGN_IDENTITY[sdk=iphoneos*]" = "iPhone Developer";
				COPY_PHASE_STRIP = NO;
				DEBUG_INFORMATION_FORMAT = "dwarf-with-dsym";
				ENABLE_NS_ASSERTIONS = NO;
				ENABLE_STRICT_OBJC_MSGSEND = YES;
				GCC_C_LANGUAGE_STANDARD = gnu99;
				GCC_NO_COMMON_BLOCKS = YES;
				GCC_WARN_64_TO_32_BIT_CONVERSION = YES;
				GCC_WARN_ABOUT_RETURN_TYPE = YES_ERROR;
				GCC_WARN_UNDECLARED_SELECTOR = YES;
				GCC_WARN_UNINITIALIZED_AUTOS = YES_AGGRESSIVE;
				GCC_WARN_UNUSED_FUNCTION = YES;
				GCC_WARN_UNUSED_VARIABLE = YES;
				INFOPLIST_FILE = "PlatformDependent/Nest-iOSTests/Info.plist";
				LD_RUNPATH_SEARCH_PATHS = "$(inherited) @executable_path/Frameworks @loader_path/Frameworks";
				MTL_ENABLE_DEBUG_INFO = NO;
				PRODUCT_BUNDLE_IDENTIFIER = "com.WeZZard.$(PRODUCT_NAME:rfc1034identifier)";
				PRODUCT_NAME = NestTest;
				SDKROOT = iphoneos;
				VALIDATE_PRODUCT = YES;
			};
			name = Release;
		};
		6347117C1B22D92600FA2C76 /* Debug */ = {
			isa = XCBuildConfiguration;
			buildSettings = {
				ALWAYS_SEARCH_USER_PATHS = NO;
				CLANG_CXX_LANGUAGE_STANDARD = "gnu++0x";
				CLANG_CXX_LIBRARY = "libc++";
				CLANG_ENABLE_MODULES = YES;
				CLANG_ENABLE_OBJC_ARC = YES;
				CLANG_WARN_BOOL_CONVERSION = YES;
				CLANG_WARN_CONSTANT_CONVERSION = YES;
				CLANG_WARN_DIRECT_OBJC_ISA_USAGE = YES_ERROR;
				CLANG_WARN_EMPTY_BODY = YES;
				CLANG_WARN_ENUM_CONVERSION = YES;
				CLANG_WARN_INT_CONVERSION = YES;
				CLANG_WARN_OBJC_ROOT_CLASS = YES_ERROR;
				CLANG_WARN_UNREACHABLE_CODE = YES;
				CLANG_WARN__DUPLICATE_METHOD_MATCH = YES;
				CODE_SIGN_IDENTITY = "Mac Developer";
				COMBINE_HIDPI_IMAGES = YES;
				COPY_PHASE_STRIP = NO;
				CURRENT_PROJECT_VERSION = 1;
				DEFINES_MODULE = YES;
				DYLIB_COMPATIBILITY_VERSION = 1;
				DYLIB_CURRENT_VERSION = 1;
				DYLIB_INSTALL_NAME_BASE = "@rpath";
				ENABLE_STRICT_OBJC_MSGSEND = YES;
				FRAMEWORK_SEARCH_PATHS = (
					"$(inherited)",
					"$(PROJECT_DIR)/Frameworks/SwiftExt/build/Debug",
				);
				FRAMEWORK_VERSION = A;
				GCC_C_LANGUAGE_STANDARD = gnu99;
				GCC_DYNAMIC_NO_PIC = NO;
				GCC_NO_COMMON_BLOCKS = YES;
				GCC_OPTIMIZATION_LEVEL = 0;
				GCC_PREPROCESSOR_DEFINITIONS = (
					"DEBUG=1",
					"$(inherited)",
				);
				GCC_SYMBOLS_PRIVATE_EXTERN = NO;
				GCC_WARN_64_TO_32_BIT_CONVERSION = YES;
				GCC_WARN_ABOUT_RETURN_TYPE = YES_ERROR;
				GCC_WARN_UNDECLARED_SELECTOR = YES;
				GCC_WARN_UNINITIALIZED_AUTOS = YES_AGGRESSIVE;
				GCC_WARN_UNUSED_FUNCTION = YES;
				GCC_WARN_UNUSED_VARIABLE = YES;
				HEADER_SEARCH_PATHS = "$(CONFIGURATION_BUILD_DIR)/**";
				INFOPLIST_FILE = "PlatformDependent/Nest-OS-X/Info.plist";
				INSTALL_PATH = "$(LOCAL_LIBRARY_DIR)/Frameworks";
				LD_RUNPATH_SEARCH_PATHS = "$(inherited) @executable_path/../Frameworks @loader_path/Frameworks";
				MTL_ENABLE_DEBUG_INFO = YES;
				ONLY_ACTIVE_ARCH = YES;
				PRODUCT_BUNDLE_IDENTIFIER = "com.WeZZard.$(PRODUCT_NAME:rfc1034identifier)";
				PRODUCT_NAME = Nest;
				PUBLIC_HEADERS_FOLDER_PATH = Nest;
				SDKROOT = macosx;
				SKIP_INSTALL = YES;
				SWIFT_OPTIMIZATION_LEVEL = "-Onone";
				VERSIONING_SYSTEM = "apple-generic";
				VERSION_INFO_PREFIX = "";
			};
			name = Debug;
		};
		6347117D1B22D92600FA2C76 /* Release */ = {
			isa = XCBuildConfiguration;
			buildSettings = {
				ALWAYS_SEARCH_USER_PATHS = NO;
				CLANG_CXX_LANGUAGE_STANDARD = "gnu++0x";
				CLANG_CXX_LIBRARY = "libc++";
				CLANG_ENABLE_MODULES = YES;
				CLANG_ENABLE_OBJC_ARC = YES;
				CLANG_WARN_BOOL_CONVERSION = YES;
				CLANG_WARN_CONSTANT_CONVERSION = YES;
				CLANG_WARN_DIRECT_OBJC_ISA_USAGE = YES_ERROR;
				CLANG_WARN_EMPTY_BODY = YES;
				CLANG_WARN_ENUM_CONVERSION = YES;
				CLANG_WARN_INT_CONVERSION = YES;
				CLANG_WARN_OBJC_ROOT_CLASS = YES_ERROR;
				CLANG_WARN_UNREACHABLE_CODE = YES;
				CLANG_WARN__DUPLICATE_METHOD_MATCH = YES;
				CODE_SIGN_IDENTITY = "3rd Party Mac Developer Application";
				COMBINE_HIDPI_IMAGES = YES;
				COPY_PHASE_STRIP = NO;
				CURRENT_PROJECT_VERSION = 1;
				DEFINES_MODULE = YES;
				DYLIB_COMPATIBILITY_VERSION = 1;
				DYLIB_CURRENT_VERSION = 1;
				DYLIB_INSTALL_NAME_BASE = "@rpath";
				ENABLE_NS_ASSERTIONS = NO;
				ENABLE_STRICT_OBJC_MSGSEND = YES;
				FRAMEWORK_SEARCH_PATHS = (
					"$(inherited)",
					"$(PROJECT_DIR)/Frameworks/SwiftExt/build/Debug",
				);
				FRAMEWORK_VERSION = A;
				GCC_C_LANGUAGE_STANDARD = gnu99;
				GCC_NO_COMMON_BLOCKS = YES;
				GCC_WARN_64_TO_32_BIT_CONVERSION = YES;
				GCC_WARN_ABOUT_RETURN_TYPE = YES_ERROR;
				GCC_WARN_UNDECLARED_SELECTOR = YES;
				GCC_WARN_UNINITIALIZED_AUTOS = YES_AGGRESSIVE;
				GCC_WARN_UNUSED_FUNCTION = YES;
				GCC_WARN_UNUSED_VARIABLE = YES;
				HEADER_SEARCH_PATHS = "$(CONFIGURATION_BUILD_DIR)/**";
				INFOPLIST_FILE = "PlatformDependent/Nest-OS-X/Info.plist";
				INSTALL_PATH = "$(LOCAL_LIBRARY_DIR)/Frameworks";
				LD_RUNPATH_SEARCH_PATHS = "$(inherited) @executable_path/../Frameworks @loader_path/Frameworks";
				MTL_ENABLE_DEBUG_INFO = NO;
				PRODUCT_BUNDLE_IDENTIFIER = "com.WeZZard.$(PRODUCT_NAME:rfc1034identifier)";
				PRODUCT_NAME = Nest;
				PUBLIC_HEADERS_FOLDER_PATH = Nest;
				SDKROOT = macosx;
				SKIP_INSTALL = YES;
				VERSIONING_SYSTEM = "apple-generic";
				VERSION_INFO_PREFIX = "";
			};
			name = Release;
		};
		6347117F1B22D92600FA2C76 /* Debug */ = {
			isa = XCBuildConfiguration;
			buildSettings = {
				ALWAYS_SEARCH_USER_PATHS = NO;
				CLANG_CXX_LANGUAGE_STANDARD = "gnu++0x";
				CLANG_CXX_LIBRARY = "libc++";
				CLANG_ENABLE_MODULES = YES;
				CLANG_ENABLE_OBJC_ARC = YES;
				CLANG_WARN_BOOL_CONVERSION = YES;
				CLANG_WARN_CONSTANT_CONVERSION = YES;
				CLANG_WARN_DIRECT_OBJC_ISA_USAGE = YES_ERROR;
				CLANG_WARN_EMPTY_BODY = YES;
				CLANG_WARN_ENUM_CONVERSION = YES;
				CLANG_WARN_INT_CONVERSION = YES;
				CLANG_WARN_OBJC_ROOT_CLASS = YES_ERROR;
				CLANG_WARN_UNREACHABLE_CODE = YES;
				CLANG_WARN__DUPLICATE_METHOD_MATCH = YES;
				COMBINE_HIDPI_IMAGES = YES;
				COPY_PHASE_STRIP = NO;
				DEBUG_INFORMATION_FORMAT = dwarf;
				ENABLE_STRICT_OBJC_MSGSEND = YES;
				GCC_C_LANGUAGE_STANDARD = gnu99;
				GCC_DYNAMIC_NO_PIC = NO;
				GCC_NO_COMMON_BLOCKS = YES;
				GCC_OPTIMIZATION_LEVEL = 0;
				GCC_PREPROCESSOR_DEFINITIONS = (
					"DEBUG=1",
					"$(inherited)",
				);
				GCC_SYMBOLS_PRIVATE_EXTERN = NO;
				GCC_WARN_64_TO_32_BIT_CONVERSION = YES;
				GCC_WARN_ABOUT_RETURN_TYPE = YES_ERROR;
				GCC_WARN_UNDECLARED_SELECTOR = YES;
				GCC_WARN_UNINITIALIZED_AUTOS = YES_AGGRESSIVE;
				GCC_WARN_UNUSED_FUNCTION = YES;
				GCC_WARN_UNUSED_VARIABLE = YES;
				INFOPLIST_FILE = "PlatformDependent/Nest-OS-XTests/Info.plist";
				LD_RUNPATH_SEARCH_PATHS = "$(inherited) @executable_path/../Frameworks @loader_path/../Frameworks";
				MTL_ENABLE_DEBUG_INFO = YES;
				ONLY_ACTIVE_ARCH = YES;
				PRODUCT_BUNDLE_IDENTIFIER = "com.WeZZard.$(PRODUCT_NAME:rfc1034identifier)";
				PRODUCT_NAME = NestTest;
				SDKROOT = macosx;
			};
			name = Debug;
		};
		634711801B22D92600FA2C76 /* Release */ = {
			isa = XCBuildConfiguration;
			buildSettings = {
				ALWAYS_SEARCH_USER_PATHS = NO;
				CLANG_CXX_LANGUAGE_STANDARD = "gnu++0x";
				CLANG_CXX_LIBRARY = "libc++";
				CLANG_ENABLE_MODULES = YES;
				CLANG_ENABLE_OBJC_ARC = YES;
				CLANG_WARN_BOOL_CONVERSION = YES;
				CLANG_WARN_CONSTANT_CONVERSION = YES;
				CLANG_WARN_DIRECT_OBJC_ISA_USAGE = YES_ERROR;
				CLANG_WARN_EMPTY_BODY = YES;
				CLANG_WARN_ENUM_CONVERSION = YES;
				CLANG_WARN_INT_CONVERSION = YES;
				CLANG_WARN_OBJC_ROOT_CLASS = YES_ERROR;
				CLANG_WARN_UNREACHABLE_CODE = YES;
				CLANG_WARN__DUPLICATE_METHOD_MATCH = YES;
				COMBINE_HIDPI_IMAGES = YES;
				COPY_PHASE_STRIP = NO;
				DEBUG_INFORMATION_FORMAT = "dwarf-with-dsym";
				ENABLE_NS_ASSERTIONS = NO;
				ENABLE_STRICT_OBJC_MSGSEND = YES;
				GCC_C_LANGUAGE_STANDARD = gnu99;
				GCC_NO_COMMON_BLOCKS = YES;
				GCC_WARN_64_TO_32_BIT_CONVERSION = YES;
				GCC_WARN_ABOUT_RETURN_TYPE = YES_ERROR;
				GCC_WARN_UNDECLARED_SELECTOR = YES;
				GCC_WARN_UNINITIALIZED_AUTOS = YES_AGGRESSIVE;
				GCC_WARN_UNUSED_FUNCTION = YES;
				GCC_WARN_UNUSED_VARIABLE = YES;
				INFOPLIST_FILE = "PlatformDependent/Nest-OS-XTests/Info.plist";
				LD_RUNPATH_SEARCH_PATHS = "$(inherited) @executable_path/../Frameworks @loader_path/../Frameworks";
				MTL_ENABLE_DEBUG_INFO = NO;
				PRODUCT_BUNDLE_IDENTIFIER = "com.WeZZard.$(PRODUCT_NAME:rfc1034identifier)";
				PRODUCT_NAME = NestTest;
				SDKROOT = macosx;
			};
			name = Release;
		};
		635F113C1BFAFD00004982B4 /* Debug */ = {
			isa = XCBuildConfiguration;
			buildSettings = {
				ALWAYS_SEARCH_USER_PATHS = NO;
				CLANG_CXX_LANGUAGE_STANDARD = "gnu++0x";
				CLANG_CXX_LIBRARY = "libc++";
				CLANG_ENABLE_MODULES = YES;
				CLANG_ENABLE_OBJC_ARC = YES;
				CLANG_WARN_BOOL_CONVERSION = YES;
				CLANG_WARN_CONSTANT_CONVERSION = YES;
				CLANG_WARN_DIRECT_OBJC_ISA_USAGE = YES_ERROR;
				CLANG_WARN_EMPTY_BODY = YES;
				CLANG_WARN_ENUM_CONVERSION = YES;
				CLANG_WARN_INT_CONVERSION = YES;
				CLANG_WARN_OBJC_ROOT_CLASS = YES_ERROR;
				CLANG_WARN_UNREACHABLE_CODE = YES;
				CLANG_WARN__DUPLICATE_METHOD_MATCH = YES;
				COPY_PHASE_STRIP = NO;
				CURRENT_PROJECT_VERSION = 1;
				DEBUG_INFORMATION_FORMAT = dwarf;
				DEFINES_MODULE = YES;
				DYLIB_COMPATIBILITY_VERSION = 1;
				DYLIB_CURRENT_VERSION = 1;
				DYLIB_INSTALL_NAME_BASE = "@rpath";
				ENABLE_STRICT_OBJC_MSGSEND = YES;
				FRAMEWORK_SEARCH_PATHS = (
					"$(inherited)",
					"$(PROJECT_DIR)/Frameworks/SwiftExt/build/Debug-appletvos",
				);
				GCC_C_LANGUAGE_STANDARD = gnu99;
				GCC_DYNAMIC_NO_PIC = NO;
				GCC_NO_COMMON_BLOCKS = YES;
				GCC_OPTIMIZATION_LEVEL = 0;
				GCC_PREPROCESSOR_DEFINITIONS = (
					"DEBUG=1",
					"$(inherited)",
				);
				GCC_WARN_64_TO_32_BIT_CONVERSION = YES;
				GCC_WARN_ABOUT_RETURN_TYPE = YES_ERROR;
				GCC_WARN_UNDECLARED_SELECTOR = YES;
				GCC_WARN_UNINITIALIZED_AUTOS = YES_AGGRESSIVE;
				GCC_WARN_UNUSED_FUNCTION = YES;
				GCC_WARN_UNUSED_VARIABLE = YES;
				HEADER_SEARCH_PATHS = "$(CONFIGURATION_BUILD_DIR)/**";
				INFOPLIST_FILE = "PlatformDependent/Nest-tvOS/Info.plist";
				INSTALL_PATH = "$(LOCAL_LIBRARY_DIR)/Frameworks";
				LD_RUNPATH_SEARCH_PATHS = "$(inherited) @executable_path/Frameworks @loader_path/Frameworks";
				MTL_ENABLE_DEBUG_INFO = YES;
				PRODUCT_BUNDLE_IDENTIFIER = "com.WeZZard.Nest-tvOS";
				PRODUCT_NAME = Nest;
				PUBLIC_HEADERS_FOLDER_PATH = Nest;
				SDKROOT = appletvos;
				SKIP_INSTALL = YES;
				SWIFT_OPTIMIZATION_LEVEL = "-Onone";
				TARGETED_DEVICE_FAMILY = 3;
				TVOS_DEPLOYMENT_TARGET = 9.0;
				VERSIONING_SYSTEM = "apple-generic";
				VERSION_INFO_PREFIX = "";
			};
			name = Debug;
		};
		635F113D1BFAFD00004982B4 /* Release */ = {
			isa = XCBuildConfiguration;
			buildSettings = {
				ALWAYS_SEARCH_USER_PATHS = NO;
				CLANG_CXX_LANGUAGE_STANDARD = "gnu++0x";
				CLANG_CXX_LIBRARY = "libc++";
				CLANG_ENABLE_MODULES = YES;
				CLANG_ENABLE_OBJC_ARC = YES;
				CLANG_WARN_BOOL_CONVERSION = YES;
				CLANG_WARN_CONSTANT_CONVERSION = YES;
				CLANG_WARN_DIRECT_OBJC_ISA_USAGE = YES_ERROR;
				CLANG_WARN_EMPTY_BODY = YES;
				CLANG_WARN_ENUM_CONVERSION = YES;
				CLANG_WARN_INT_CONVERSION = YES;
				CLANG_WARN_OBJC_ROOT_CLASS = YES_ERROR;
				CLANG_WARN_UNREACHABLE_CODE = YES;
				CLANG_WARN__DUPLICATE_METHOD_MATCH = YES;
				COPY_PHASE_STRIP = NO;
				CURRENT_PROJECT_VERSION = 1;
				DEFINES_MODULE = YES;
				DYLIB_COMPATIBILITY_VERSION = 1;
				DYLIB_CURRENT_VERSION = 1;
				DYLIB_INSTALL_NAME_BASE = "@rpath";
				ENABLE_NS_ASSERTIONS = NO;
				ENABLE_STRICT_OBJC_MSGSEND = YES;
				FRAMEWORK_SEARCH_PATHS = (
					"$(inherited)",
					"$(PROJECT_DIR)/Frameworks/SwiftExt/build/Debug-appletvos",
				);
				GCC_C_LANGUAGE_STANDARD = gnu99;
				GCC_NO_COMMON_BLOCKS = YES;
				GCC_WARN_64_TO_32_BIT_CONVERSION = YES;
				GCC_WARN_ABOUT_RETURN_TYPE = YES_ERROR;
				GCC_WARN_UNDECLARED_SELECTOR = YES;
				GCC_WARN_UNINITIALIZED_AUTOS = YES_AGGRESSIVE;
				GCC_WARN_UNUSED_FUNCTION = YES;
				GCC_WARN_UNUSED_VARIABLE = YES;
				HEADER_SEARCH_PATHS = "$(CONFIGURATION_BUILD_DIR)/**";
				INFOPLIST_FILE = "PlatformDependent/Nest-tvOS/Info.plist";
				INSTALL_PATH = "$(LOCAL_LIBRARY_DIR)/Frameworks";
				LD_RUNPATH_SEARCH_PATHS = "$(inherited) @executable_path/Frameworks @loader_path/Frameworks";
				MTL_ENABLE_DEBUG_INFO = NO;
				PRODUCT_BUNDLE_IDENTIFIER = "com.WeZZard.Nest-tvOS";
				PRODUCT_NAME = Nest;
				PUBLIC_HEADERS_FOLDER_PATH = Nest;
				SDKROOT = appletvos;
				SKIP_INSTALL = YES;
				TARGETED_DEVICE_FAMILY = 3;
				TVOS_DEPLOYMENT_TARGET = 9.0;
				VALIDATE_PRODUCT = YES;
				VERSIONING_SYSTEM = "apple-generic";
				VERSION_INFO_PREFIX = "";
			};
			name = Release;
		};
		635F113F1BFAFD00004982B4 /* Debug */ = {
			isa = XCBuildConfiguration;
			buildSettings = {
				ALWAYS_SEARCH_USER_PATHS = NO;
				CLANG_CXX_LANGUAGE_STANDARD = "gnu++0x";
				CLANG_CXX_LIBRARY = "libc++";
				CLANG_ENABLE_MODULES = YES;
				CLANG_ENABLE_OBJC_ARC = YES;
				CLANG_WARN_BOOL_CONVERSION = YES;
				CLANG_WARN_CONSTANT_CONVERSION = YES;
				CLANG_WARN_DIRECT_OBJC_ISA_USAGE = YES_ERROR;
				CLANG_WARN_EMPTY_BODY = YES;
				CLANG_WARN_ENUM_CONVERSION = YES;
				CLANG_WARN_INT_CONVERSION = YES;
				CLANG_WARN_OBJC_ROOT_CLASS = YES_ERROR;
				CLANG_WARN_UNREACHABLE_CODE = YES;
				CLANG_WARN__DUPLICATE_METHOD_MATCH = YES;
				COPY_PHASE_STRIP = NO;
				DEBUG_INFORMATION_FORMAT = dwarf;
				ENABLE_STRICT_OBJC_MSGSEND = YES;
				GCC_C_LANGUAGE_STANDARD = gnu99;
				GCC_DYNAMIC_NO_PIC = NO;
				GCC_NO_COMMON_BLOCKS = YES;
				GCC_OPTIMIZATION_LEVEL = 0;
				GCC_PREPROCESSOR_DEFINITIONS = (
					"DEBUG=1",
					"$(inherited)",
				);
				GCC_WARN_64_TO_32_BIT_CONVERSION = YES;
				GCC_WARN_ABOUT_RETURN_TYPE = YES_ERROR;
				GCC_WARN_UNDECLARED_SELECTOR = YES;
				GCC_WARN_UNINITIALIZED_AUTOS = YES_AGGRESSIVE;
				GCC_WARN_UNUSED_FUNCTION = YES;
				GCC_WARN_UNUSED_VARIABLE = YES;
				INFOPLIST_FILE = "PlatformDependent/Nest-tvOSTests/Info.plist";
				LD_RUNPATH_SEARCH_PATHS = "$(inherited) @executable_path/Frameworks @loader_path/Frameworks";
				MTL_ENABLE_DEBUG_INFO = YES;
				PRODUCT_BUNDLE_IDENTIFIER = "com.WeZZard.Nest-tvOSTests";
				PRODUCT_NAME = "$(TARGET_NAME)";
				SDKROOT = appletvos;
				SWIFT_OPTIMIZATION_LEVEL = "-Onone";
				TVOS_DEPLOYMENT_TARGET = 9.0;
			};
			name = Debug;
		};
		635F11401BFAFD00004982B4 /* Release */ = {
			isa = XCBuildConfiguration;
			buildSettings = {
				ALWAYS_SEARCH_USER_PATHS = NO;
				CLANG_CXX_LANGUAGE_STANDARD = "gnu++0x";
				CLANG_CXX_LIBRARY = "libc++";
				CLANG_ENABLE_MODULES = YES;
				CLANG_ENABLE_OBJC_ARC = YES;
				CLANG_WARN_BOOL_CONVERSION = YES;
				CLANG_WARN_CONSTANT_CONVERSION = YES;
				CLANG_WARN_DIRECT_OBJC_ISA_USAGE = YES_ERROR;
				CLANG_WARN_EMPTY_BODY = YES;
				CLANG_WARN_ENUM_CONVERSION = YES;
				CLANG_WARN_INT_CONVERSION = YES;
				CLANG_WARN_OBJC_ROOT_CLASS = YES_ERROR;
				CLANG_WARN_UNREACHABLE_CODE = YES;
				CLANG_WARN__DUPLICATE_METHOD_MATCH = YES;
				COPY_PHASE_STRIP = NO;
				ENABLE_NS_ASSERTIONS = NO;
				ENABLE_STRICT_OBJC_MSGSEND = YES;
				GCC_C_LANGUAGE_STANDARD = gnu99;
				GCC_NO_COMMON_BLOCKS = YES;
				GCC_WARN_64_TO_32_BIT_CONVERSION = YES;
				GCC_WARN_ABOUT_RETURN_TYPE = YES_ERROR;
				GCC_WARN_UNDECLARED_SELECTOR = YES;
				GCC_WARN_UNINITIALIZED_AUTOS = YES_AGGRESSIVE;
				GCC_WARN_UNUSED_FUNCTION = YES;
				GCC_WARN_UNUSED_VARIABLE = YES;
				INFOPLIST_FILE = "PlatformDependent/Nest-tvOSTests/Info.plist";
				LD_RUNPATH_SEARCH_PATHS = "$(inherited) @executable_path/Frameworks @loader_path/Frameworks";
				MTL_ENABLE_DEBUG_INFO = NO;
				PRODUCT_BUNDLE_IDENTIFIER = "com.WeZZard.Nest-tvOSTests";
				PRODUCT_NAME = "$(TARGET_NAME)";
				SDKROOT = appletvos;
				TVOS_DEPLOYMENT_TARGET = 9.0;
				VALIDATE_PRODUCT = YES;
			};
			name = Release;
		};
/* End XCBuildConfiguration section */

/* Begin XCConfigurationList section */
		630B4D751B48DD2F00830454 /* Build configuration list for PBXNativeTarget "Nest-watchOS" */ = {
			isa = XCConfigurationList;
			buildConfigurations = (
				630B4D761B48DD2F00830454 /* Debug */,
				630B4D771B48DD2F00830454 /* Release */,
			);
			defaultConfigurationIsVisible = 0;
			defaultConfigurationName = Release;
		};
		634711411B22D90600FA2C76 /* Build configuration list for PBXProject "Nest" */ = {
			isa = XCConfigurationList;
			buildConfigurations = (
				634711421B22D90600FA2C76 /* Debug */,
				634711431B22D90600FA2C76 /* Release */,
			);
			defaultConfigurationIsVisible = 0;
			defaultConfigurationName = Release;
		};
		6347115D1B22D91B00FA2C76 /* Build configuration list for PBXNativeTarget "Nest-iOS" */ = {
			isa = XCConfigurationList;
			buildConfigurations = (
				6347115E1B22D91B00FA2C76 /* Debug */,
				6347115F1B22D91B00FA2C76 /* Release */,
			);
			defaultConfigurationIsVisible = 0;
			defaultConfigurationName = Release;
		};
		634711601B22D91B00FA2C76 /* Build configuration list for PBXNativeTarget "Nest-iOSTests" */ = {
			isa = XCConfigurationList;
			buildConfigurations = (
				634711611B22D91B00FA2C76 /* Debug */,
				634711621B22D91B00FA2C76 /* Release */,
			);
			defaultConfigurationIsVisible = 0;
			defaultConfigurationName = Release;
		};
		6347117B1B22D92600FA2C76 /* Build configuration list for PBXNativeTarget "Nest-OS-X" */ = {
			isa = XCConfigurationList;
			buildConfigurations = (
				6347117C1B22D92600FA2C76 /* Debug */,
				6347117D1B22D92600FA2C76 /* Release */,
			);
			defaultConfigurationIsVisible = 0;
			defaultConfigurationName = Release;
		};
		6347117E1B22D92600FA2C76 /* Build configuration list for PBXNativeTarget "Nest-OS-XTests" */ = {
			isa = XCConfigurationList;
			buildConfigurations = (
				6347117F1B22D92600FA2C76 /* Debug */,
				634711801B22D92600FA2C76 /* Release */,
			);
			defaultConfigurationIsVisible = 0;
			defaultConfigurationName = Release;
		};
		635F113B1BFAFD00004982B4 /* Build configuration list for PBXNativeTarget "Nest-tvOS" */ = {
			isa = XCConfigurationList;
			buildConfigurations = (
				635F113C1BFAFD00004982B4 /* Debug */,
				635F113D1BFAFD00004982B4 /* Release */,
			);
			defaultConfigurationIsVisible = 0;
			defaultConfigurationName = Release;
		};
		635F113E1BFAFD00004982B4 /* Build configuration list for PBXNativeTarget "Nest-tvOSTests" */ = {
			isa = XCConfigurationList;
			buildConfigurations = (
				635F113F1BFAFD00004982B4 /* Debug */,
				635F11401BFAFD00004982B4 /* Release */,
			);
			defaultConfigurationIsVisible = 0;
			defaultConfigurationName = Release;
		};
/* End XCConfigurationList section */
	};
	rootObject = 6347113E1B22D90600FA2C76 /* Project object */;
}
