// !$*UTF8*$!
{
	archiveVersion = 1;
	classes = {
	};
	objectVersion = 46;
	objects = {

/* Begin PBXBuildFile section */
		39A1E929EF8AA44DCACEC972 /* Pods_Nest_for_OS_XTests.framework in Frameworks */ = {isa = PBXBuildFile; fileRef = DAD595767D9807896A88A9A4 /* Pods_Nest_for_OS_XTests.framework */; settings = {ATTRIBUTES = (Weak, ); }; };
		3D315F3A52FD57B8CBA6DB66 /* Pods_Nest_for_iOS.framework in Frameworks */ = {isa = PBXBuildFile; fileRef = B1FEEFDC8C75AC2EF470ADA4 /* Pods_Nest_for_iOS.framework */; settings = {ATTRIBUTES = (Weak, ); }; };
		63204CD11B26D844003647C8 /* NSHierarchicalPickablePicker.swift in Sources */ = {isa = PBXBuildFile; fileRef = 63204CD01B26D844003647C8 /* NSHierarchicalPickablePicker.swift */; };
		63204CD21B26D844003647C8 /* NSHierarchicalPickablePicker.swift in Sources */ = {isa = PBXBuildFile; fileRef = 63204CD01B26D844003647C8 /* NSHierarchicalPickablePicker.swift */; };
		6347114F1B22D91B00FA2C76 /* Nest-for-iOS.h in Headers */ = {isa = PBXBuildFile; fileRef = 6347114E1B22D91B00FA2C76 /* Nest-for-iOS.h */; settings = {ATTRIBUTES = (Public, ); }; };
		634711551B22D91B00FA2C76 /* Nest.framework in Frameworks */ = {isa = PBXBuildFile; fileRef = 634711491B22D91B00FA2C76 /* Nest.framework */; };
		6347116D1B22D92600FA2C76 /* Nest-for-OS-X.h in Headers */ = {isa = PBXBuildFile; fileRef = 6347116C1B22D92600FA2C76 /* Nest-for-OS-X.h */; settings = {ATTRIBUTES = (Public, ); }; };
		634711731B22D92600FA2C76 /* Nest.framework in Frameworks */ = {isa = PBXBuildFile; fileRef = 634711681B22D92600FA2C76 /* Nest.framework */; };
		6347118F1B22D9A200FA2C76 /* NSDate+Comparable.swift in Sources */ = {isa = PBXBuildFile; fileRef = 634711851B22D9A200FA2C76 /* NSDate+Comparable.swift */; };
		634711901B22D9A200FA2C76 /* NSDate+Comparable.swift in Sources */ = {isa = PBXBuildFile; fileRef = 634711851B22D9A200FA2C76 /* NSDate+Comparable.swift */; };
		634711911B22D9A200FA2C76 /* NSError+InitConveniences.swift in Sources */ = {isa = PBXBuildFile; fileRef = 634711861B22D9A200FA2C76 /* NSError+InitConveniences.swift */; };
		634711921B22D9A200FA2C76 /* NSError+InitConveniences.swift in Sources */ = {isa = PBXBuildFile; fileRef = 634711861B22D9A200FA2C76 /* NSError+InitConveniences.swift */; };
		634711951B22D9A200FA2C76 /* NSRange+NSRangeMake.swift in Sources */ = {isa = PBXBuildFile; fileRef = 634711881B22D9A200FA2C76 /* NSRange+NSRangeMake.swift */; };
		634711961B22D9A200FA2C76 /* NSRange+NSRangeMake.swift in Sources */ = {isa = PBXBuildFile; fileRef = 634711881B22D9A200FA2C76 /* NSRange+NSRangeMake.swift */; };
		634711971B22D9A200FA2C76 /* NSString+RangesOfString.swift in Sources */ = {isa = PBXBuildFile; fileRef = 634711891B22D9A200FA2C76 /* NSString+RangesOfString.swift */; };
		634711981B22D9A200FA2C76 /* NSString+RangesOfString.swift in Sources */ = {isa = PBXBuildFile; fileRef = 634711891B22D9A200FA2C76 /* NSString+RangesOfString.swift */; };
		6347119B1B22D9A200FA2C76 /* Collections.swift in Sources */ = {isa = PBXBuildFile; fileRef = 6347118C1B22D9A200FA2C76 /* Collections.swift */; };
		6347119C1B22D9A200FA2C76 /* Collections.swift in Sources */ = {isa = PBXBuildFile; fileRef = 6347118C1B22D9A200FA2C76 /* Collections.swift */; };
		6347119F1B22DEC700FA2C76 /* NSProtocolInterceptor.swift in Sources */ = {isa = PBXBuildFile; fileRef = 6347119E1B22DEC700FA2C76 /* NSProtocolInterceptor.swift */; };
		634711A01B22DEC700FA2C76 /* NSProtocolInterceptor.swift in Sources */ = {isa = PBXBuildFile; fileRef = 6347119E1B22DEC700FA2C76 /* NSProtocolInterceptor.swift */; };
		634711A21B22E4B700FA2C76 /* NSReuseCenter.swift in Sources */ = {isa = PBXBuildFile; fileRef = 634711A11B22E4B700FA2C76 /* NSReuseCenter.swift */; };
		634711A31B22E4B700FA2C76 /* NSReuseCenter.swift in Sources */ = {isa = PBXBuildFile; fileRef = 634711A11B22E4B700FA2C76 /* NSReuseCenter.swift */; };
		634711A61B22E4CE00FA2C76 /* NSReusable.swift in Sources */ = {isa = PBXBuildFile; fileRef = 634711A51B22E4CE00FA2C76 /* NSReusable.swift */; };
		634711A71B22E4CE00FA2C76 /* NSReusable.swift in Sources */ = {isa = PBXBuildFile; fileRef = 634711A51B22E4CE00FA2C76 /* NSReusable.swift */; };
		634711AE1B22E6FB00FA2C76 /* NSProtocolInterceptorTest.swift in Sources */ = {isa = PBXBuildFile; fileRef = 634711AD1B22E6FB00FA2C76 /* NSProtocolInterceptorTest.swift */; };
		634711AF1B22E6FB00FA2C76 /* NSProtocolInterceptorTest.swift in Sources */ = {isa = PBXBuildFile; fileRef = 634711AD1B22E6FB00FA2C76 /* NSProtocolInterceptorTest.swift */; };
		634711B11B22FC6300FA2C76 /* ObjectiveC.swift in Sources */ = {isa = PBXBuildFile; fileRef = 634711B01B22FC6300FA2C76 /* ObjectiveC.swift */; };
		634711B21B22FC6300FA2C76 /* ObjectiveC.swift in Sources */ = {isa = PBXBuildFile; fileRef = 634711B01B22FC6300FA2C76 /* ObjectiveC.swift */; };
		634711B41B22FDBE00FA2C76 /* NSReuseCenterTest.swift in Sources */ = {isa = PBXBuildFile; fileRef = 634711B31B22FDBE00FA2C76 /* NSReuseCenterTest.swift */; };
		634711B51B22FDBE00FA2C76 /* NSReuseCenterTest.swift in Sources */ = {isa = PBXBuildFile; fileRef = 634711B31B22FDBE00FA2C76 /* NSReuseCenterTest.swift */; };
		96798654BAD3CC94C9406F60 /* Pods_Nest_for_OS_X.framework in Frameworks */ = {isa = PBXBuildFile; fileRef = BAAF217AB079F346A7BB4AAE /* Pods_Nest_for_OS_X.framework */; settings = {ATTRIBUTES = (Weak, ); }; };
		DAB6BD8EA5DB156E16079FB4 /* Pods_Nest_for_iOSTests.framework in Frameworks */ = {isa = PBXBuildFile; fileRef = D5E50FAED4EA01B357B83D82 /* Pods_Nest_for_iOSTests.framework */; settings = {ATTRIBUTES = (Weak, ); }; };
/* End PBXBuildFile section */

/* Begin PBXContainerItemProxy section */
		634711561B22D91B00FA2C76 /* PBXContainerItemProxy */ = {
			isa = PBXContainerItemProxy;
			containerPortal = 6347113E1B22D90600FA2C76 /* Project object */;
			proxyType = 1;
			remoteGlobalIDString = 634711481B22D91B00FA2C76;
			remoteInfo = "Nest-for-iOS";
		};
		634711741B22D92600FA2C76 /* PBXContainerItemProxy */ = {
			isa = PBXContainerItemProxy;
			containerPortal = 6347113E1B22D90600FA2C76 /* Project object */;
			proxyType = 1;
			remoteGlobalIDString = 634711671B22D92600FA2C76;
			remoteInfo = "Nest-for-OS-X";
		};
/* End PBXContainerItemProxy section */

/* Begin PBXFileReference section */
		2BA32910F7B0AE09BB9CEA3D /* Pods-Nest-for-OS-XTests.release.xcconfig */ = {isa = PBXFileReference; includeInIndex = 1; lastKnownFileType = text.xcconfig; name = "Pods-Nest-for-OS-XTests.release.xcconfig"; path = "Pods/Target Support Files/Pods-Nest-for-OS-XTests/Pods-Nest-for-OS-XTests.release.xcconfig"; sourceTree = "<group>"; };
		5709564D5625CF43CD104231 /* Pods-Nest-for-iOS.release.xcconfig */ = {isa = PBXFileReference; includeInIndex = 1; lastKnownFileType = text.xcconfig; name = "Pods-Nest-for-iOS.release.xcconfig"; path = "Pods/Target Support Files/Pods-Nest-for-iOS/Pods-Nest-for-iOS.release.xcconfig"; sourceTree = "<group>"; };
		63204CD01B26D844003647C8 /* NSHierarchicalPickablePicker.swift */ = {isa = PBXFileReference; fileEncoding = 4; lastKnownFileType = sourcecode.swift; path = NSHierarchicalPickablePicker.swift; sourceTree = "<group>"; };
		634711491B22D91B00FA2C76 /* Nest.framework */ = {isa = PBXFileReference; explicitFileType = wrapper.framework; includeInIndex = 0; path = Nest.framework; sourceTree = BUILT_PRODUCTS_DIR; };
		6347114D1B22D91B00FA2C76 /* Info.plist */ = {isa = PBXFileReference; lastKnownFileType = text.plist.xml; path = Info.plist; sourceTree = "<group>"; };
		6347114E1B22D91B00FA2C76 /* Nest-for-iOS.h */ = {isa = PBXFileReference; lastKnownFileType = sourcecode.c.h; path = "Nest-for-iOS.h"; sourceTree = "<group>"; };
		634711541B22D91B00FA2C76 /* NestTest.xctest */ = {isa = PBXFileReference; explicitFileType = wrapper.cfbundle; includeInIndex = 0; path = NestTest.xctest; sourceTree = BUILT_PRODUCTS_DIR; };
		6347115A1B22D91B00FA2C76 /* Info.plist */ = {isa = PBXFileReference; lastKnownFileType = text.plist.xml; path = Info.plist; sourceTree = "<group>"; };
		634711681B22D92600FA2C76 /* Nest.framework */ = {isa = PBXFileReference; explicitFileType = wrapper.framework; includeInIndex = 0; path = Nest.framework; sourceTree = BUILT_PRODUCTS_DIR; };
		6347116B1B22D92600FA2C76 /* Info.plist */ = {isa = PBXFileReference; lastKnownFileType = text.plist.xml; path = Info.plist; sourceTree = "<group>"; };
		6347116C1B22D92600FA2C76 /* Nest-for-OS-X.h */ = {isa = PBXFileReference; lastKnownFileType = sourcecode.c.h; path = "Nest-for-OS-X.h"; sourceTree = "<group>"; };
		634711721B22D92600FA2C76 /* NestTest.xctest */ = {isa = PBXFileReference; explicitFileType = wrapper.cfbundle; includeInIndex = 0; path = NestTest.xctest; sourceTree = BUILT_PRODUCTS_DIR; };
		634711781B22D92600FA2C76 /* Info.plist */ = {isa = PBXFileReference; lastKnownFileType = text.plist.xml; path = Info.plist; sourceTree = "<group>"; };
		634711851B22D9A200FA2C76 /* NSDate+Comparable.swift */ = {isa = PBXFileReference; fileEncoding = 4; lastKnownFileType = sourcecode.swift; path = "NSDate+Comparable.swift"; sourceTree = "<group>"; };
		634711861B22D9A200FA2C76 /* NSError+InitConveniences.swift */ = {isa = PBXFileReference; fileEncoding = 4; lastKnownFileType = sourcecode.swift; path = "NSError+InitConveniences.swift"; sourceTree = "<group>"; };
		634711881B22D9A200FA2C76 /* NSRange+NSRangeMake.swift */ = {isa = PBXFileReference; fileEncoding = 4; lastKnownFileType = sourcecode.swift; path = "NSRange+NSRangeMake.swift"; sourceTree = "<group>"; };
		634711891B22D9A200FA2C76 /* NSString+RangesOfString.swift */ = {isa = PBXFileReference; fileEncoding = 4; lastKnownFileType = sourcecode.swift; path = "NSString+RangesOfString.swift"; sourceTree = "<group>"; };
		6347118C1B22D9A200FA2C76 /* Collections.swift */ = {isa = PBXFileReference; fileEncoding = 4; lastKnownFileType = sourcecode.swift; path = Collections.swift; sourceTree = "<group>"; };
		6347119E1B22DEC700FA2C76 /* NSProtocolInterceptor.swift */ = {isa = PBXFileReference; fileEncoding = 4; lastKnownFileType = sourcecode.swift; path = NSProtocolInterceptor.swift; sourceTree = "<group>"; };
		634711A11B22E4B700FA2C76 /* NSReuseCenter.swift */ = {isa = PBXFileReference; fileEncoding = 4; lastKnownFileType = sourcecode.swift; path = NSReuseCenter.swift; sourceTree = "<group>"; };
		634711A51B22E4CE00FA2C76 /* NSReusable.swift */ = {isa = PBXFileReference; fileEncoding = 4; lastKnownFileType = sourcecode.swift; path = NSReusable.swift; sourceTree = "<group>"; };
		634711AD1B22E6FB00FA2C76 /* NSProtocolInterceptorTest.swift */ = {isa = PBXFileReference; fileEncoding = 4; lastKnownFileType = sourcecode.swift; name = NSProtocolInterceptorTest.swift; path = NestTest/NSProtocolInterceptorTest.swift; sourceTree = SOURCE_ROOT; };
		634711B01B22FC6300FA2C76 /* ObjectiveC.swift */ = {isa = PBXFileReference; fileEncoding = 4; lastKnownFileType = sourcecode.swift; path = ObjectiveC.swift; sourceTree = "<group>"; };
		634711B31B22FDBE00FA2C76 /* NSReuseCenterTest.swift */ = {isa = PBXFileReference; fileEncoding = 4; lastKnownFileType = sourcecode.swift; name = NSReuseCenterTest.swift; path = NestTest/NSReuseCenterTest.swift; sourceTree = SOURCE_ROOT; };
		70110D5C33B008B1FA5CE3FC /* Pods-Nest-for-iOSTests.release.xcconfig */ = {isa = PBXFileReference; includeInIndex = 1; lastKnownFileType = text.xcconfig; name = "Pods-Nest-for-iOSTests.release.xcconfig"; path = "Pods/Target Support Files/Pods-Nest-for-iOSTests/Pods-Nest-for-iOSTests.release.xcconfig"; sourceTree = "<group>"; };
		7D337048C15B65098E576084 /* Pods-Nest-for-iOS.debug.xcconfig */ = {isa = PBXFileReference; includeInIndex = 1; lastKnownFileType = text.xcconfig; name = "Pods-Nest-for-iOS.debug.xcconfig"; path = "Pods/Target Support Files/Pods-Nest-for-iOS/Pods-Nest-for-iOS.debug.xcconfig"; sourceTree = "<group>"; };
		831950F3FBA9AB45ADF85B5E /* Pods-Nest-for-iOSTests.debug.xcconfig */ = {isa = PBXFileReference; includeInIndex = 1; lastKnownFileType = text.xcconfig; name = "Pods-Nest-for-iOSTests.debug.xcconfig"; path = "Pods/Target Support Files/Pods-Nest-for-iOSTests/Pods-Nest-for-iOSTests.debug.xcconfig"; sourceTree = "<group>"; };
		B1FEEFDC8C75AC2EF470ADA4 /* Pods_Nest_for_iOS.framework */ = {isa = PBXFileReference; explicitFileType = wrapper.framework; includeInIndex = 0; path = Pods_Nest_for_iOS.framework; sourceTree = BUILT_PRODUCTS_DIR; };
		BAAF217AB079F346A7BB4AAE /* Pods_Nest_for_OS_X.framework */ = {isa = PBXFileReference; explicitFileType = wrapper.framework; includeInIndex = 0; path = Pods_Nest_for_OS_X.framework; sourceTree = BUILT_PRODUCTS_DIR; };
		C557552FFBED517FD4446A54 /* Pods-Nest-for-OS-X.debug.xcconfig */ = {isa = PBXFileReference; includeInIndex = 1; lastKnownFileType = text.xcconfig; name = "Pods-Nest-for-OS-X.debug.xcconfig"; path = "Pods/Target Support Files/Pods-Nest-for-OS-X/Pods-Nest-for-OS-X.debug.xcconfig"; sourceTree = "<group>"; };
		D5E50FAED4EA01B357B83D82 /* Pods_Nest_for_iOSTests.framework */ = {isa = PBXFileReference; explicitFileType = wrapper.framework; includeInIndex = 0; path = Pods_Nest_for_iOSTests.framework; sourceTree = BUILT_PRODUCTS_DIR; };
		D67AAC5A5C29335B41D27C6E /* Pods-Nest-for-OS-X.release.xcconfig */ = {isa = PBXFileReference; includeInIndex = 1; lastKnownFileType = text.xcconfig; name = "Pods-Nest-for-OS-X.release.xcconfig"; path = "Pods/Target Support Files/Pods-Nest-for-OS-X/Pods-Nest-for-OS-X.release.xcconfig"; sourceTree = "<group>"; };
		DAD595767D9807896A88A9A4 /* Pods_Nest_for_OS_XTests.framework */ = {isa = PBXFileReference; explicitFileType = wrapper.framework; includeInIndex = 0; path = Pods_Nest_for_OS_XTests.framework; sourceTree = BUILT_PRODUCTS_DIR; };
		E6271B3AC5B25F27DD2563B6 /* Pods-Nest-for-OS-XTests.debug.xcconfig */ = {isa = PBXFileReference; includeInIndex = 1; lastKnownFileType = text.xcconfig; name = "Pods-Nest-for-OS-XTests.debug.xcconfig"; path = "Pods/Target Support Files/Pods-Nest-for-OS-XTests/Pods-Nest-for-OS-XTests.debug.xcconfig"; sourceTree = "<group>"; };
/* End PBXFileReference section */

/* Begin PBXFrameworksBuildPhase section */
		634711451B22D91B00FA2C76 /* Frameworks */ = {
			isa = PBXFrameworksBuildPhase;
			buildActionMask = 2147483647;
			files = (
				3D315F3A52FD57B8CBA6DB66 /* Pods_Nest_for_iOS.framework in Frameworks */,
			);
			runOnlyForDeploymentPostprocessing = 0;
		};
		634711511B22D91B00FA2C76 /* Frameworks */ = {
			isa = PBXFrameworksBuildPhase;
			buildActionMask = 2147483647;
			files = (
				634711551B22D91B00FA2C76 /* Nest.framework in Frameworks */,
				DAB6BD8EA5DB156E16079FB4 /* Pods_Nest_for_iOSTests.framework in Frameworks */,
			);
			runOnlyForDeploymentPostprocessing = 0;
		};
		634711641B22D92600FA2C76 /* Frameworks */ = {
			isa = PBXFrameworksBuildPhase;
			buildActionMask = 2147483647;
			files = (
				96798654BAD3CC94C9406F60 /* Pods_Nest_for_OS_X.framework in Frameworks */,
			);
			runOnlyForDeploymentPostprocessing = 0;
		};
		6347116F1B22D92600FA2C76 /* Frameworks */ = {
			isa = PBXFrameworksBuildPhase;
			buildActionMask = 2147483647;
			files = (
				634711731B22D92600FA2C76 /* Nest.framework in Frameworks */,
				39A1E929EF8AA44DCACEC972 /* Pods_Nest_for_OS_XTests.framework in Frameworks */,
			);
			runOnlyForDeploymentPostprocessing = 0;
		};
/* End PBXFrameworksBuildPhase section */

/* Begin PBXGroup section */
		6347113D1B22D90600FA2C76 = {
			isa = PBXGroup;
			children = (
				634711811B22D94600FA2C76 /* Nest */,
				634711821B22D94600FA2C76 /* NestTests */,
				6347114B1B22D91B00FA2C76 /* Nest-for-iOS */,
				634711581B22D91B00FA2C76 /* Nest-for-iOSTests */,
				634711691B22D92600FA2C76 /* Nest-for-OS-X */,
				634711761B22D92600FA2C76 /* Nest-for-OS-XTests */,
				6347114A1B22D91B00FA2C76 /* Products */,
				BC46A3DFD426C6D09B921FDD /* Pods */,
				B31EB395EEEDC39A05A9150F /* Frameworks */,
			);
			sourceTree = "<group>";
		};
		6347114A1B22D91B00FA2C76 /* Products */ = {
			isa = PBXGroup;
			children = (
				634711491B22D91B00FA2C76 /* Nest.framework */,
				634711541B22D91B00FA2C76 /* NestTest.xctest */,
				634711681B22D92600FA2C76 /* Nest.framework */,
				634711721B22D92600FA2C76 /* NestTest.xctest */,
			);
			name = Products;
			sourceTree = "<group>";
		};
		6347114B1B22D91B00FA2C76 /* Nest-for-iOS */ = {
			isa = PBXGroup;
			children = (
				6347114E1B22D91B00FA2C76 /* Nest-for-iOS.h */,
				6347114C1B22D91B00FA2C76 /* Supporting Files */,
			);
			path = "Nest-for-iOS";
			sourceTree = "<group>";
		};
		6347114C1B22D91B00FA2C76 /* Supporting Files */ = {
			isa = PBXGroup;
			children = (
				6347114D1B22D91B00FA2C76 /* Info.plist */,
			);
			name = "Supporting Files";
			sourceTree = "<group>";
		};
		634711581B22D91B00FA2C76 /* Nest-for-iOSTests */ = {
			isa = PBXGroup;
			children = (
				634711591B22D91B00FA2C76 /* Supporting Files */,
			);
			path = "Nest-for-iOSTests";
			sourceTree = "<group>";
		};
		634711591B22D91B00FA2C76 /* Supporting Files */ = {
			isa = PBXGroup;
			children = (
				6347115A1B22D91B00FA2C76 /* Info.plist */,
			);
			name = "Supporting Files";
			sourceTree = "<group>";
		};
		634711691B22D92600FA2C76 /* Nest-for-OS-X */ = {
			isa = PBXGroup;
			children = (
				6347116C1B22D92600FA2C76 /* Nest-for-OS-X.h */,
				6347116A1B22D92600FA2C76 /* Supporting Files */,
			);
			path = "Nest-for-OS-X";
			sourceTree = "<group>";
		};
		6347116A1B22D92600FA2C76 /* Supporting Files */ = {
			isa = PBXGroup;
			children = (
				6347116B1B22D92600FA2C76 /* Info.plist */,
			);
			name = "Supporting Files";
			sourceTree = "<group>";
		};
		634711761B22D92600FA2C76 /* Nest-for-OS-XTests */ = {
			isa = PBXGroup;
			children = (
				634711771B22D92600FA2C76 /* Supporting Files */,
			);
			path = "Nest-for-OS-XTests";
			sourceTree = "<group>";
		};
		634711771B22D92600FA2C76 /* Supporting Files */ = {
			isa = PBXGroup;
			children = (
				634711781B22D92600FA2C76 /* Info.plist */,
			);
			name = "Supporting Files";
			sourceTree = "<group>";
		};
		634711811B22D94600FA2C76 /* Nest */ = {
			isa = PBXGroup;
			children = (
				634711831B22D9A200FA2C76 /* Extensions */,
				6347118B1B22D9A200FA2C76 /* Functions */,
				6347119D1B22DEC700FA2C76 /* Controllers */,
				634711A41B22E4CE00FA2C76 /* Model */,
			);
			path = Nest;
			sourceTree = "<group>";
		};
		634711821B22D94600FA2C76 /* NestTests */ = {
			isa = PBXGroup;
			children = (
				634711AD1B22E6FB00FA2C76 /* NSProtocolInterceptorTest.swift */,
				634711B31B22FDBE00FA2C76 /* NSReuseCenterTest.swift */,
			);
			path = NestTests;
			sourceTree = "<group>";
		};
		634711831B22D9A200FA2C76 /* Extensions */ = {
			isa = PBXGroup;
			children = (
				634711851B22D9A200FA2C76 /* NSDate+Comparable.swift */,
				634711861B22D9A200FA2C76 /* NSError+InitConveniences.swift */,
				634711881B22D9A200FA2C76 /* NSRange+NSRangeMake.swift */,
				634711891B22D9A200FA2C76 /* NSString+RangesOfString.swift */,
			);
			path = Extensions;
			sourceTree = "<group>";
		};
		6347118B1B22D9A200FA2C76 /* Functions */ = {
			isa = PBXGroup;
			children = (
				6347118C1B22D9A200FA2C76 /* Collections.swift */,
				634711B01B22FC6300FA2C76 /* ObjectiveC.swift */,
			);
			path = Functions;
			sourceTree = "<group>";
		};
		6347119D1B22DEC700FA2C76 /* Controllers */ = {
			isa = PBXGroup;
			children = (
				6347119E1B22DEC700FA2C76 /* NSProtocolInterceptor.swift */,
				634711A11B22E4B700FA2C76 /* NSReuseCenter.swift */,
				63204CD01B26D844003647C8 /* NSHierarchicalPickablePicker.swift */,
			);
			path = Controllers;
			sourceTree = "<group>";
		};
		634711A41B22E4CE00FA2C76 /* Model */ = {
			isa = PBXGroup;
			children = (
				634711A51B22E4CE00FA2C76 /* NSReusable.swift */,
			);
			path = Model;
			sourceTree = "<group>";
		};
		B31EB395EEEDC39A05A9150F /* Frameworks */ = {
			isa = PBXGroup;
			children = (
				BAAF217AB079F346A7BB4AAE /* Pods_Nest_for_OS_X.framework */,
				B1FEEFDC8C75AC2EF470ADA4 /* Pods_Nest_for_iOS.framework */,
				DAD595767D9807896A88A9A4 /* Pods_Nest_for_OS_XTests.framework */,
				D5E50FAED4EA01B357B83D82 /* Pods_Nest_for_iOSTests.framework */,
			);
			name = Frameworks;
			sourceTree = "<group>";
		};
		BC46A3DFD426C6D09B921FDD /* Pods */ = {
			isa = PBXGroup;
			children = (
				C557552FFBED517FD4446A54 /* Pods-Nest-for-OS-X.debug.xcconfig */,
				D67AAC5A5C29335B41D27C6E /* Pods-Nest-for-OS-X.release.xcconfig */,
				7D337048C15B65098E576084 /* Pods-Nest-for-iOS.debug.xcconfig */,
				5709564D5625CF43CD104231 /* Pods-Nest-for-iOS.release.xcconfig */,
				E6271B3AC5B25F27DD2563B6 /* Pods-Nest-for-OS-XTests.debug.xcconfig */,
				2BA32910F7B0AE09BB9CEA3D /* Pods-Nest-for-OS-XTests.release.xcconfig */,
				831950F3FBA9AB45ADF85B5E /* Pods-Nest-for-iOSTests.debug.xcconfig */,
				70110D5C33B008B1FA5CE3FC /* Pods-Nest-for-iOSTests.release.xcconfig */,
			);
			name = Pods;
			sourceTree = "<group>";
		};
/* End PBXGroup section */

/* Begin PBXHeadersBuildPhase section */
		634711461B22D91B00FA2C76 /* Headers */ = {
			isa = PBXHeadersBuildPhase;
			buildActionMask = 2147483647;
			files = (
				6347114F1B22D91B00FA2C76 /* Nest-for-iOS.h in Headers */,
			);
			runOnlyForDeploymentPostprocessing = 0;
		};
		634711651B22D92600FA2C76 /* Headers */ = {
			isa = PBXHeadersBuildPhase;
			buildActionMask = 2147483647;
			files = (
				6347116D1B22D92600FA2C76 /* Nest-for-OS-X.h in Headers */,
			);
			runOnlyForDeploymentPostprocessing = 0;
		};
/* End PBXHeadersBuildPhase section */

/* Begin PBXNativeTarget section */
		634711481B22D91B00FA2C76 /* Nest-for-iOS */ = {
			isa = PBXNativeTarget;
			buildConfigurationList = 6347115D1B22D91B00FA2C76 /* Build configuration list for PBXNativeTarget "Nest-for-iOS" */;
			buildPhases = (
				CEA5C55664334EDDFF6F4696 /* Check Pods Manifest.lock */,
				634711441B22D91B00FA2C76 /* Sources */,
				634711451B22D91B00FA2C76 /* Frameworks */,
				634711461B22D91B00FA2C76 /* Headers */,
				634711471B22D91B00FA2C76 /* Resources */,
				AFAFA11183B71B8C9175DDEE /* Copy Pods Resources */,
			);
			buildRules = (
			);
			dependencies = (
			);
			name = "Nest-for-iOS";
			productName = "Nest-for-iOS";
			productReference = 634711491B22D91B00FA2C76 /* Nest.framework */;
			productType = "com.apple.product-type.framework";
		};
		634711531B22D91B00FA2C76 /* Nest-for-iOSTests */ = {
			isa = PBXNativeTarget;
			buildConfigurationList = 634711601B22D91B00FA2C76 /* Build configuration list for PBXNativeTarget "Nest-for-iOSTests" */;
			buildPhases = (
				27CD1D39FE584CF0683FC2FC /* Check Pods Manifest.lock */,
				634711501B22D91B00FA2C76 /* Sources */,
				634711511B22D91B00FA2C76 /* Frameworks */,
				634711521B22D91B00FA2C76 /* Resources */,
				C277C17362EA14FEBD9090B0 /* Embed Pods Frameworks */,
				3AF8631340BE7CAE4E436609 /* Copy Pods Resources */,
			);
			buildRules = (
			);
			dependencies = (
				634711571B22D91B00FA2C76 /* PBXTargetDependency */,
			);
			name = "Nest-for-iOSTests";
			productName = "Nest-for-iOSTests";
			productReference = 634711541B22D91B00FA2C76 /* NestTest.xctest */;
			productType = "com.apple.product-type.bundle.unit-test";
		};
		634711671B22D92600FA2C76 /* Nest-for-OS-X */ = {
			isa = PBXNativeTarget;
			buildConfigurationList = 6347117B1B22D92600FA2C76 /* Build configuration list for PBXNativeTarget "Nest-for-OS-X" */;
			buildPhases = (
				7A90AB0E01E68A40AFC7914D /* Check Pods Manifest.lock */,
				634711631B22D92600FA2C76 /* Sources */,
				634711641B22D92600FA2C76 /* Frameworks */,
				634711651B22D92600FA2C76 /* Headers */,
				634711661B22D92600FA2C76 /* Resources */,
				63A16DB24F87048CE9480BCB /* Copy Pods Resources */,
			);
			buildRules = (
			);
			dependencies = (
			);
			name = "Nest-for-OS-X";
			productName = "Nest-for-OS-X";
			productReference = 634711681B22D92600FA2C76 /* Nest.framework */;
			productType = "com.apple.product-type.framework";
		};
		634711711B22D92600FA2C76 /* Nest-for-OS-XTests */ = {
			isa = PBXNativeTarget;
			buildConfigurationList = 6347117E1B22D92600FA2C76 /* Build configuration list for PBXNativeTarget "Nest-for-OS-XTests" */;
			buildPhases = (
				E2F272AF1E43A4A9504011EC /* Check Pods Manifest.lock */,
				6347116E1B22D92600FA2C76 /* Sources */,
				6347116F1B22D92600FA2C76 /* Frameworks */,
				634711701B22D92600FA2C76 /* Resources */,
				0F65F885C5746F2573D3A535 /* Embed Pods Frameworks */,
				5030ABEB191FCBBBF7FAF5E6 /* Copy Pods Resources */,
			);
			buildRules = (
			);
			dependencies = (
				634711751B22D92600FA2C76 /* PBXTargetDependency */,
			);
			name = "Nest-for-OS-XTests";
			productName = "Nest-for-OS-XTests";
			productReference = 634711721B22D92600FA2C76 /* NestTest.xctest */;
			productType = "com.apple.product-type.bundle.unit-test";
		};
/* End PBXNativeTarget section */

/* Begin PBXProject section */
		6347113E1B22D90600FA2C76 /* Project object */ = {
			isa = PBXProject;
			attributes = {
				LastUpgradeCheck = 0630;
				TargetAttributes = {
					634711481B22D91B00FA2C76 = {
						CreatedOnToolsVersion = 6.3.2;
					};
					634711531B22D91B00FA2C76 = {
						CreatedOnToolsVersion = 6.3.2;
					};
					634711671B22D92600FA2C76 = {
						CreatedOnToolsVersion = 6.3.2;
					};
					634711711B22D92600FA2C76 = {
						CreatedOnToolsVersion = 6.3.2;
					};
				};
			};
			buildConfigurationList = 634711411B22D90600FA2C76 /* Build configuration list for PBXProject "Nest" */;
			compatibilityVersion = "Xcode 3.2";
			developmentRegion = English;
			hasScannedForEncodings = 0;
			knownRegions = (
				en,
			);
			mainGroup = 6347113D1B22D90600FA2C76;
			productRefGroup = 6347114A1B22D91B00FA2C76 /* Products */;
			projectDirPath = "";
			projectRoot = "";
			targets = (
				634711481B22D91B00FA2C76 /* Nest-for-iOS */,
				634711531B22D91B00FA2C76 /* Nest-for-iOSTests */,
				634711671B22D92600FA2C76 /* Nest-for-OS-X */,
				634711711B22D92600FA2C76 /* Nest-for-OS-XTests */,
			);
		};
/* End PBXProject section */

/* Begin PBXResourcesBuildPhase section */
		634711471B22D91B00FA2C76 /* Resources */ = {
			isa = PBXResourcesBuildPhase;
			buildActionMask = 2147483647;
			files = (
			);
			runOnlyForDeploymentPostprocessing = 0;
		};
		634711521B22D91B00FA2C76 /* Resources */ = {
			isa = PBXResourcesBuildPhase;
			buildActionMask = 2147483647;
			files = (
			);
			runOnlyForDeploymentPostprocessing = 0;
		};
		634711661B22D92600FA2C76 /* Resources */ = {
			isa = PBXResourcesBuildPhase;
			buildActionMask = 2147483647;
			files = (
			);
			runOnlyForDeploymentPostprocessing = 0;
		};
		634711701B22D92600FA2C76 /* Resources */ = {
			isa = PBXResourcesBuildPhase;
			buildActionMask = 2147483647;
			files = (
			);
			runOnlyForDeploymentPostprocessing = 0;
		};
/* End PBXResourcesBuildPhase section */

/* Begin PBXShellScriptBuildPhase section */
		0F65F885C5746F2573D3A535 /* Embed Pods Frameworks */ = {
			isa = PBXShellScriptBuildPhase;
			buildActionMask = 2147483647;
			files = (
			);
			inputPaths = (
			);
			name = "Embed Pods Frameworks";
			outputPaths = (
			);
			runOnlyForDeploymentPostprocessing = 0;
			shellPath = /bin/sh;
			shellScript = "\"${SRCROOT}/Pods/Target Support Files/Pods-Nest-for-OS-XTests/Pods-Nest-for-OS-XTests-frameworks.sh\"\n";
			showEnvVarsInLog = 0;
		};
		27CD1D39FE584CF0683FC2FC /* Check Pods Manifest.lock */ = {
			isa = PBXShellScriptBuildPhase;
			buildActionMask = 2147483647;
			files = (
			);
			inputPaths = (
			);
			name = "Check Pods Manifest.lock";
			outputPaths = (
			);
			runOnlyForDeploymentPostprocessing = 0;
			shellPath = /bin/sh;
			shellScript = "diff \"${PODS_ROOT}/../Podfile.lock\" \"${PODS_ROOT}/Manifest.lock\" > /dev/null\nif [[ $? != 0 ]] ; then\n    cat << EOM\nerror: The sandbox is not in sync with the Podfile.lock. Run 'pod install' or update your CocoaPods installation.\nEOM\n    exit 1\nfi\n";
			showEnvVarsInLog = 0;
		};
		3AF8631340BE7CAE4E436609 /* Copy Pods Resources */ = {
			isa = PBXShellScriptBuildPhase;
			buildActionMask = 2147483647;
			files = (
			);
			inputPaths = (
			);
			name = "Copy Pods Resources";
			outputPaths = (
			);
			runOnlyForDeploymentPostprocessing = 0;
			shellPath = /bin/sh;
			shellScript = "\"${SRCROOT}/Pods/Target Support Files/Pods-Nest-for-iOSTests/Pods-Nest-for-iOSTests-resources.sh\"\n";
			showEnvVarsInLog = 0;
		};
		5030ABEB191FCBBBF7FAF5E6 /* Copy Pods Resources */ = {
			isa = PBXShellScriptBuildPhase;
			buildActionMask = 2147483647;
			files = (
			);
			inputPaths = (
			);
			name = "Copy Pods Resources";
			outputPaths = (
			);
			runOnlyForDeploymentPostprocessing = 0;
			shellPath = /bin/sh;
			shellScript = "\"${SRCROOT}/Pods/Target Support Files/Pods-Nest-for-OS-XTests/Pods-Nest-for-OS-XTests-resources.sh\"\n";
			showEnvVarsInLog = 0;
		};
		63A16DB24F87048CE9480BCB /* Copy Pods Resources */ = {
			isa = PBXShellScriptBuildPhase;
			buildActionMask = 2147483647;
			files = (
			);
			inputPaths = (
			);
			name = "Copy Pods Resources";
			outputPaths = (
			);
			runOnlyForDeploymentPostprocessing = 0;
			shellPath = /bin/sh;
			shellScript = "\"${SRCROOT}/Pods/Target Support Files/Pods-Nest-for-OS-X/Pods-Nest-for-OS-X-resources.sh\"\n";
			showEnvVarsInLog = 0;
		};
		7A90AB0E01E68A40AFC7914D /* Check Pods Manifest.lock */ = {
			isa = PBXShellScriptBuildPhase;
			buildActionMask = 2147483647;
			files = (
			);
			inputPaths = (
			);
			name = "Check Pods Manifest.lock";
			outputPaths = (
			);
			runOnlyForDeploymentPostprocessing = 0;
			shellPath = /bin/sh;
			shellScript = "diff \"${PODS_ROOT}/../Podfile.lock\" \"${PODS_ROOT}/Manifest.lock\" > /dev/null\nif [[ $? != 0 ]] ; then\n    cat << EOM\nerror: The sandbox is not in sync with the Podfile.lock. Run 'pod install' or update your CocoaPods installation.\nEOM\n    exit 1\nfi\n";
			showEnvVarsInLog = 0;
		};
		AFAFA11183B71B8C9175DDEE /* Copy Pods Resources */ = {
			isa = PBXShellScriptBuildPhase;
			buildActionMask = 2147483647;
			files = (
			);
			inputPaths = (
			);
			name = "Copy Pods Resources";
			outputPaths = (
			);
			runOnlyForDeploymentPostprocessing = 0;
			shellPath = /bin/sh;
			shellScript = "\"${SRCROOT}/Pods/Target Support Files/Pods-Nest-for-iOS/Pods-Nest-for-iOS-resources.sh\"\n";
			showEnvVarsInLog = 0;
		};
		C277C17362EA14FEBD9090B0 /* Embed Pods Frameworks */ = {
			isa = PBXShellScriptBuildPhase;
			buildActionMask = 2147483647;
			files = (
			);
			inputPaths = (
			);
			name = "Embed Pods Frameworks";
			outputPaths = (
			);
			runOnlyForDeploymentPostprocessing = 0;
			shellPath = /bin/sh;
			shellScript = "\"${SRCROOT}/Pods/Target Support Files/Pods-Nest-for-iOSTests/Pods-Nest-for-iOSTests-frameworks.sh\"\n";
			showEnvVarsInLog = 0;
		};
		CEA5C55664334EDDFF6F4696 /* Check Pods Manifest.lock */ = {
			isa = PBXShellScriptBuildPhase;
			buildActionMask = 2147483647;
			files = (
			);
			inputPaths = (
			);
			name = "Check Pods Manifest.lock";
			outputPaths = (
			);
			runOnlyForDeploymentPostprocessing = 0;
			shellPath = /bin/sh;
			shellScript = "diff \"${PODS_ROOT}/../Podfile.lock\" \"${PODS_ROOT}/Manifest.lock\" > /dev/null\nif [[ $? != 0 ]] ; then\n    cat << EOM\nerror: The sandbox is not in sync with the Podfile.lock. Run 'pod install' or update your CocoaPods installation.\nEOM\n    exit 1\nfi\n";
			showEnvVarsInLog = 0;
		};
		E2F272AF1E43A4A9504011EC /* Check Pods Manifest.lock */ = {
			isa = PBXShellScriptBuildPhase;
			buildActionMask = 2147483647;
			files = (
			);
			inputPaths = (
			);
			name = "Check Pods Manifest.lock";
			outputPaths = (
			);
			runOnlyForDeploymentPostprocessing = 0;
			shellPath = /bin/sh;
			shellScript = "diff \"${PODS_ROOT}/../Podfile.lock\" \"${PODS_ROOT}/Manifest.lock\" > /dev/null\nif [[ $? != 0 ]] ; then\n    cat << EOM\nerror: The sandbox is not in sync with the Podfile.lock. Run 'pod install' or update your CocoaPods installation.\nEOM\n    exit 1\nfi\n";
			showEnvVarsInLog = 0;
		};
/* End PBXShellScriptBuildPhase section */

/* Begin PBXSourcesBuildPhase section */
		634711441B22D91B00FA2C76 /* Sources */ = {
			isa = PBXSourcesBuildPhase;
			buildActionMask = 2147483647;
			files = (
				634711971B22D9A200FA2C76 /* NSString+RangesOfString.swift in Sources */,
				634711A21B22E4B700FA2C76 /* NSReuseCenter.swift in Sources */,
				63204CD11B26D844003647C8 /* NSHierarchicalPickablePicker.swift in Sources */,
				634711A61B22E4CE00FA2C76 /* NSReusable.swift in Sources */,
				6347119B1B22D9A200FA2C76 /* Collections.swift in Sources */,
				634711B11B22FC6300FA2C76 /* ObjectiveC.swift in Sources */,
				6347118F1B22D9A200FA2C76 /* NSDate+Comparable.swift in Sources */,
				634711951B22D9A200FA2C76 /* NSRange+NSRangeMake.swift in Sources */,
				634711911B22D9A200FA2C76 /* NSError+InitConveniences.swift in Sources */,
				6347119F1B22DEC700FA2C76 /* NSProtocolInterceptor.swift in Sources */,
			);
			runOnlyForDeploymentPostprocessing = 0;
		};
		634711501B22D91B00FA2C76 /* Sources */ = {
			isa = PBXSourcesBuildPhase;
			buildActionMask = 2147483647;
			files = (
				634711AE1B22E6FB00FA2C76 /* NSProtocolInterceptorTest.swift in Sources */,
				634711B41B22FDBE00FA2C76 /* NSReuseCenterTest.swift in Sources */,
			);
			runOnlyForDeploymentPostprocessing = 0;
		};
		634711631B22D92600FA2C76 /* Sources */ = {
			isa = PBXSourcesBuildPhase;
			buildActionMask = 2147483647;
			files = (
				634711981B22D9A200FA2C76 /* NSString+RangesOfString.swift in Sources */,
				634711A31B22E4B700FA2C76 /* NSReuseCenter.swift in Sources */,
				63204CD21B26D844003647C8 /* NSHierarchicalPickablePicker.swift in Sources */,
				634711A71B22E4CE00FA2C76 /* NSReusable.swift in Sources */,
				6347119C1B22D9A200FA2C76 /* Collections.swift in Sources */,
				634711B21B22FC6300FA2C76 /* ObjectiveC.swift in Sources */,
				634711901B22D9A200FA2C76 /* NSDate+Comparable.swift in Sources */,
				634711961B22D9A200FA2C76 /* NSRange+NSRangeMake.swift in Sources */,
				634711921B22D9A200FA2C76 /* NSError+InitConveniences.swift in Sources */,
				634711A01B22DEC700FA2C76 /* NSProtocolInterceptor.swift in Sources */,
			);
			runOnlyForDeploymentPostprocessing = 0;
		};
		6347116E1B22D92600FA2C76 /* Sources */ = {
			isa = PBXSourcesBuildPhase;
			buildActionMask = 2147483647;
			files = (
				634711AF1B22E6FB00FA2C76 /* NSProtocolInterceptorTest.swift in Sources */,
				634711B51B22FDBE00FA2C76 /* NSReuseCenterTest.swift in Sources */,
			);
			runOnlyForDeploymentPostprocessing = 0;
		};
/* End PBXSourcesBuildPhase section */

/* Begin PBXTargetDependency section */
		634711571B22D91B00FA2C76 /* PBXTargetDependency */ = {
			isa = PBXTargetDependency;
			target = 634711481B22D91B00FA2C76 /* Nest-for-iOS */;
			targetProxy = 634711561B22D91B00FA2C76 /* PBXContainerItemProxy */;
		};
		634711751B22D92600FA2C76 /* PBXTargetDependency */ = {
			isa = PBXTargetDependency;
			target = 634711671B22D92600FA2C76 /* Nest-for-OS-X */;
			targetProxy = 634711741B22D92600FA2C76 /* PBXContainerItemProxy */;
		};
/* End PBXTargetDependency section */

/* Begin XCBuildConfiguration section */
		634711421B22D90600FA2C76 /* Debug */ = {
			isa = XCBuildConfiguration;
			buildSettings = {
			};
			name = Debug;
		};
		634711431B22D90600FA2C76 /* Release */ = {
			isa = XCBuildConfiguration;
			buildSettings = {
			};
			name = Release;
		};
		6347115E1B22D91B00FA2C76 /* Debug */ = {
			isa = XCBuildConfiguration;
			baseConfigurationReference = 7D337048C15B65098E576084 /* Pods-Nest-for-iOS.debug.xcconfig */;
			buildSettings = {
				ALWAYS_SEARCH_USER_PATHS = NO;
				CLANG_CXX_LANGUAGE_STANDARD = "gnu++0x";
				CLANG_CXX_LIBRARY = "libc++";
				CLANG_ENABLE_MODULES = YES;
				CLANG_ENABLE_OBJC_ARC = YES;
				CLANG_WARN_BOOL_CONVERSION = YES;
				CLANG_WARN_CONSTANT_CONVERSION = YES;
				CLANG_WARN_DIRECT_OBJC_ISA_USAGE = YES_ERROR;
				CLANG_WARN_EMPTY_BODY = YES;
				CLANG_WARN_ENUM_CONVERSION = YES;
				CLANG_WARN_INT_CONVERSION = YES;
				CLANG_WARN_OBJC_ROOT_CLASS = YES_ERROR;
				CLANG_WARN_UNREACHABLE_CODE = YES;
				CLANG_WARN__DUPLICATE_METHOD_MATCH = YES;
				"CODE_SIGN_IDENTITY[sdk=iphoneos*]" = "iPhone Developer";
				COPY_PHASE_STRIP = NO;
				CURRENT_PROJECT_VERSION = 1;
				DEBUG_INFORMATION_FORMAT = "dwarf-with-dsym";
				DEFINES_MODULE = YES;
				DYLIB_COMPATIBILITY_VERSION = 1;
				DYLIB_CURRENT_VERSION = 1;
				DYLIB_INSTALL_NAME_BASE = "@rpath";
				ENABLE_STRICT_OBJC_MSGSEND = YES;
				GCC_C_LANGUAGE_STANDARD = gnu99;
				GCC_DYNAMIC_NO_PIC = NO;
				GCC_NO_COMMON_BLOCKS = YES;
				GCC_OPTIMIZATION_LEVEL = 0;
				GCC_PREPROCESSOR_DEFINITIONS = (
					"DEBUG=1",
					"$(inherited)",
				);
				GCC_SYMBOLS_PRIVATE_EXTERN = NO;
				GCC_WARN_64_TO_32_BIT_CONVERSION = YES;
				GCC_WARN_ABOUT_RETURN_TYPE = YES_ERROR;
				GCC_WARN_UNDECLARED_SELECTOR = YES;
				GCC_WARN_UNINITIALIZED_AUTOS = YES_AGGRESSIVE;
				GCC_WARN_UNUSED_FUNCTION = YES;
				GCC_WARN_UNUSED_VARIABLE = YES;
				INFOPLIST_FILE = "Nest-for-iOS/Info.plist";
				INSTALL_PATH = "$(LOCAL_LIBRARY_DIR)/Frameworks";
				IPHONEOS_DEPLOYMENT_TARGET = 8.3;
				LD_RUNPATH_SEARCH_PATHS = "$(inherited) @executable_path/Frameworks @loader_path/Frameworks";
				MTL_ENABLE_DEBUG_INFO = YES;
				ONLY_ACTIVE_ARCH = YES;
				PRODUCT_NAME = Nest;
				SDKROOT = iphoneos;
				SKIP_INSTALL = YES;
				SWIFT_OPTIMIZATION_LEVEL = "-Onone";
				TARGETED_DEVICE_FAMILY = "1,2";
				VERSIONING_SYSTEM = "apple-generic";
				VERSION_INFO_PREFIX = "";
			};
			name = Debug;
		};
		6347115F1B22D91B00FA2C76 /* Release */ = {
			isa = XCBuildConfiguration;
			baseConfigurationReference = 5709564D5625CF43CD104231 /* Pods-Nest-for-iOS.release.xcconfig */;
			buildSettings = {
				ALWAYS_SEARCH_USER_PATHS = NO;
				CLANG_CXX_LANGUAGE_STANDARD = "gnu++0x";
				CLANG_CXX_LIBRARY = "libc++";
				CLANG_ENABLE_MODULES = YES;
				CLANG_ENABLE_OBJC_ARC = YES;
				CLANG_WARN_BOOL_CONVERSION = YES;
				CLANG_WARN_CONSTANT_CONVERSION = YES;
				CLANG_WARN_DIRECT_OBJC_ISA_USAGE = YES_ERROR;
				CLANG_WARN_EMPTY_BODY = YES;
				CLANG_WARN_ENUM_CONVERSION = YES;
				CLANG_WARN_INT_CONVERSION = YES;
				CLANG_WARN_OBJC_ROOT_CLASS = YES_ERROR;
				CLANG_WARN_UNREACHABLE_CODE = YES;
				CLANG_WARN__DUPLICATE_METHOD_MATCH = YES;
				"CODE_SIGN_IDENTITY[sdk=iphoneos*]" = "iPhone Developer";
				COPY_PHASE_STRIP = NO;
				CURRENT_PROJECT_VERSION = 1;
				DEBUG_INFORMATION_FORMAT = "dwarf-with-dsym";
				DEFINES_MODULE = YES;
				DYLIB_COMPATIBILITY_VERSION = 1;
				DYLIB_CURRENT_VERSION = 1;
				DYLIB_INSTALL_NAME_BASE = "@rpath";
				ENABLE_NS_ASSERTIONS = NO;
				ENABLE_STRICT_OBJC_MSGSEND = YES;
				GCC_C_LANGUAGE_STANDARD = gnu99;
				GCC_NO_COMMON_BLOCKS = YES;
				GCC_WARN_64_TO_32_BIT_CONVERSION = YES;
				GCC_WARN_ABOUT_RETURN_TYPE = YES_ERROR;
				GCC_WARN_UNDECLARED_SELECTOR = YES;
				GCC_WARN_UNINITIALIZED_AUTOS = YES_AGGRESSIVE;
				GCC_WARN_UNUSED_FUNCTION = YES;
				GCC_WARN_UNUSED_VARIABLE = YES;
				INFOPLIST_FILE = "Nest-for-iOS/Info.plist";
				INSTALL_PATH = "$(LOCAL_LIBRARY_DIR)/Frameworks";
				IPHONEOS_DEPLOYMENT_TARGET = 8.3;
				LD_RUNPATH_SEARCH_PATHS = "$(inherited) @executable_path/Frameworks @loader_path/Frameworks";
				MTL_ENABLE_DEBUG_INFO = NO;
				PRODUCT_NAME = Nest;
				SDKROOT = iphoneos;
				SKIP_INSTALL = YES;
				TARGETED_DEVICE_FAMILY = "1,2";
				VALIDATE_PRODUCT = YES;
				VERSIONING_SYSTEM = "apple-generic";
				VERSION_INFO_PREFIX = "";
			};
			name = Release;
		};
		634711611B22D91B00FA2C76 /* Debug */ = {
			isa = XCBuildConfiguration;
			baseConfigurationReference = 831950F3FBA9AB45ADF85B5E /* Pods-Nest-for-iOSTests.debug.xcconfig */;
			buildSettings = {
				ALWAYS_SEARCH_USER_PATHS = NO;
				CLANG_CXX_LANGUAGE_STANDARD = "gnu++0x";
				CLANG_CXX_LIBRARY = "libc++";
				CLANG_ENABLE_MODULES = YES;
				CLANG_ENABLE_OBJC_ARC = YES;
				CLANG_WARN_BOOL_CONVERSION = YES;
				CLANG_WARN_CONSTANT_CONVERSION = YES;
				CLANG_WARN_DIRECT_OBJC_ISA_USAGE = YES_ERROR;
				CLANG_WARN_EMPTY_BODY = YES;
				CLANG_WARN_ENUM_CONVERSION = YES;
				CLANG_WARN_INT_CONVERSION = YES;
				CLANG_WARN_OBJC_ROOT_CLASS = YES_ERROR;
				CLANG_WARN_UNREACHABLE_CODE = YES;
				CLANG_WARN__DUPLICATE_METHOD_MATCH = YES;
				"CODE_SIGN_IDENTITY[sdk=iphoneos*]" = "iPhone Developer";
				COPY_PHASE_STRIP = NO;
				DEBUG_INFORMATION_FORMAT = "dwarf-with-dsym";
				ENABLE_STRICT_OBJC_MSGSEND = YES;
				FRAMEWORK_SEARCH_PATHS = (
					"$(SDKROOT)/Developer/Library/Frameworks",
					"$(inherited)",
				);
				GCC_C_LANGUAGE_STANDARD = gnu99;
				GCC_DYNAMIC_NO_PIC = NO;
				GCC_NO_COMMON_BLOCKS = YES;
				GCC_OPTIMIZATION_LEVEL = 0;
				GCC_PREPROCESSOR_DEFINITIONS = (
					"DEBUG=1",
					"$(inherited)",
				);
				GCC_SYMBOLS_PRIVATE_EXTERN = NO;
				GCC_WARN_64_TO_32_BIT_CONVERSION = YES;
				GCC_WARN_ABOUT_RETURN_TYPE = YES_ERROR;
				GCC_WARN_UNDECLARED_SELECTOR = YES;
				GCC_WARN_UNINITIALIZED_AUTOS = YES_AGGRESSIVE;
				GCC_WARN_UNUSED_FUNCTION = YES;
				GCC_WARN_UNUSED_VARIABLE = YES;
				INFOPLIST_FILE = "Nest-for-iOSTests/Info.plist";
				IPHONEOS_DEPLOYMENT_TARGET = 8.3;
				LD_RUNPATH_SEARCH_PATHS = "$(inherited) @executable_path/Frameworks @loader_path/Frameworks";
				MTL_ENABLE_DEBUG_INFO = YES;
				ONLY_ACTIVE_ARCH = YES;
				PRODUCT_NAME = NestTest;
				SDKROOT = iphoneos;
			};
			name = Debug;
		};
		634711621B22D91B00FA2C76 /* Release */ = {
			isa = XCBuildConfiguration;
			baseConfigurationReference = 70110D5C33B008B1FA5CE3FC /* Pods-Nest-for-iOSTests.release.xcconfig */;
			buildSettings = {
				ALWAYS_SEARCH_USER_PATHS = NO;
				CLANG_CXX_LANGUAGE_STANDARD = "gnu++0x";
				CLANG_CXX_LIBRARY = "libc++";
				CLANG_ENABLE_MODULES = YES;
				CLANG_ENABLE_OBJC_ARC = YES;
				CLANG_WARN_BOOL_CONVERSION = YES;
				CLANG_WARN_CONSTANT_CONVERSION = YES;
				CLANG_WARN_DIRECT_OBJC_ISA_USAGE = YES_ERROR;
				CLANG_WARN_EMPTY_BODY = YES;
				CLANG_WARN_ENUM_CONVERSION = YES;
				CLANG_WARN_INT_CONVERSION = YES;
				CLANG_WARN_OBJC_ROOT_CLASS = YES_ERROR;
				CLANG_WARN_UNREACHABLE_CODE = YES;
				CLANG_WARN__DUPLICATE_METHOD_MATCH = YES;
				"CODE_SIGN_IDENTITY[sdk=iphoneos*]" = "iPhone Developer";
				COPY_PHASE_STRIP = NO;
				DEBUG_INFORMATION_FORMAT = "dwarf-with-dsym";
				ENABLE_NS_ASSERTIONS = NO;
				ENABLE_STRICT_OBJC_MSGSEND = YES;
				FRAMEWORK_SEARCH_PATHS = (
					"$(SDKROOT)/Developer/Library/Frameworks",
					"$(inherited)",
				);
				GCC_C_LANGUAGE_STANDARD = gnu99;
				GCC_NO_COMMON_BLOCKS = YES;
				GCC_WARN_64_TO_32_BIT_CONVERSION = YES;
				GCC_WARN_ABOUT_RETURN_TYPE = YES_ERROR;
				GCC_WARN_UNDECLARED_SELECTOR = YES;
				GCC_WARN_UNINITIALIZED_AUTOS = YES_AGGRESSIVE;
				GCC_WARN_UNUSED_FUNCTION = YES;
				GCC_WARN_UNUSED_VARIABLE = YES;
				INFOPLIST_FILE = "Nest-for-iOSTests/Info.plist";
				IPHONEOS_DEPLOYMENT_TARGET = 8.3;
				LD_RUNPATH_SEARCH_PATHS = "$(inherited) @executable_path/Frameworks @loader_path/Frameworks";
				MTL_ENABLE_DEBUG_INFO = NO;
				PRODUCT_NAME = NestTest;
				SDKROOT = iphoneos;
				VALIDATE_PRODUCT = YES;
			};
			name = Release;
		};
		6347117C1B22D92600FA2C76 /* Debug */ = {
			isa = XCBuildConfiguration;
			baseConfigurationReference = C557552FFBED517FD4446A54 /* Pods-Nest-for-OS-X.debug.xcconfig */;
			buildSettings = {
				ALWAYS_SEARCH_USER_PATHS = NO;
				CLANG_CXX_LANGUAGE_STANDARD = "gnu++0x";
				CLANG_CXX_LIBRARY = "libc++";
				CLANG_ENABLE_MODULES = YES;
				CLANG_ENABLE_OBJC_ARC = YES;
				CLANG_WARN_BOOL_CONVERSION = YES;
				CLANG_WARN_CONSTANT_CONVERSION = YES;
				CLANG_WARN_DIRECT_OBJC_ISA_USAGE = YES_ERROR;
				CLANG_WARN_EMPTY_BODY = YES;
				CLANG_WARN_ENUM_CONVERSION = YES;
				CLANG_WARN_INT_CONVERSION = YES;
				CLANG_WARN_OBJC_ROOT_CLASS = YES_ERROR;
				CLANG_WARN_UNREACHABLE_CODE = YES;
				CLANG_WARN__DUPLICATE_METHOD_MATCH = YES;
				COMBINE_HIDPI_IMAGES = YES;
				COPY_PHASE_STRIP = NO;
				CURRENT_PROJECT_VERSION = 1;
				DEBUG_INFORMATION_FORMAT = dwarf;
				DEFINES_MODULE = YES;
				DYLIB_COMPATIBILITY_VERSION = 1;
				DYLIB_CURRENT_VERSION = 1;
				DYLIB_INSTALL_NAME_BASE = "@rpath";
				ENABLE_STRICT_OBJC_MSGSEND = YES;
				FRAMEWORK_VERSION = A;
				GCC_C_LANGUAGE_STANDARD = gnu99;
				GCC_DYNAMIC_NO_PIC = NO;
				GCC_NO_COMMON_BLOCKS = YES;
				GCC_OPTIMIZATION_LEVEL = 0;
				GCC_PREPROCESSOR_DEFINITIONS = (
					"DEBUG=1",
					"$(inherited)",
				);
				GCC_SYMBOLS_PRIVATE_EXTERN = NO;
				GCC_WARN_64_TO_32_BIT_CONVERSION = YES;
				GCC_WARN_ABOUT_RETURN_TYPE = YES_ERROR;
				GCC_WARN_UNDECLARED_SELECTOR = YES;
				GCC_WARN_UNINITIALIZED_AUTOS = YES_AGGRESSIVE;
				GCC_WARN_UNUSED_FUNCTION = YES;
				GCC_WARN_UNUSED_VARIABLE = YES;
				INFOPLIST_FILE = "Nest-for-OS-X/Info.plist";
				INSTALL_PATH = "$(LOCAL_LIBRARY_DIR)/Frameworks";
				LD_RUNPATH_SEARCH_PATHS = "$(inherited) @executable_path/../Frameworks @loader_path/Frameworks";
				MACOSX_DEPLOYMENT_TARGET = 10.10;
				MTL_ENABLE_DEBUG_INFO = YES;
				ONLY_ACTIVE_ARCH = YES;
				PRODUCT_NAME = Nest;
				SDKROOT = macosx;
				SKIP_INSTALL = YES;
				SWIFT_OPTIMIZATION_LEVEL = "-Onone";
				VERSIONING_SYSTEM = "apple-generic";
				VERSION_INFO_PREFIX = "";
			};
			name = Debug;
		};
		6347117D1B22D92600FA2C76 /* Release */ = {
			isa = XCBuildConfiguration;
			baseConfigurationReference = D67AAC5A5C29335B41D27C6E /* Pods-Nest-for-OS-X.release.xcconfig */;
			buildSettings = {
				ALWAYS_SEARCH_USER_PATHS = NO;
				CLANG_CXX_LANGUAGE_STANDARD = "gnu++0x";
				CLANG_CXX_LIBRARY = "libc++";
				CLANG_ENABLE_MODULES = YES;
				CLANG_ENABLE_OBJC_ARC = YES;
				CLANG_WARN_BOOL_CONVERSION = YES;
				CLANG_WARN_CONSTANT_CONVERSION = YES;
				CLANG_WARN_DIRECT_OBJC_ISA_USAGE = YES_ERROR;
				CLANG_WARN_EMPTY_BODY = YES;
				CLANG_WARN_ENUM_CONVERSION = YES;
				CLANG_WARN_INT_CONVERSION = YES;
				CLANG_WARN_OBJC_ROOT_CLASS = YES_ERROR;
				CLANG_WARN_UNREACHABLE_CODE = YES;
				CLANG_WARN__DUPLICATE_METHOD_MATCH = YES;
				COMBINE_HIDPI_IMAGES = YES;
				COPY_PHASE_STRIP = NO;
				CURRENT_PROJECT_VERSION = 1;
				DEBUG_INFORMATION_FORMAT = "dwarf-with-dsym";
				DEFINES_MODULE = YES;
				DYLIB_COMPATIBILITY_VERSION = 1;
				DYLIB_CURRENT_VERSION = 1;
				DYLIB_INSTALL_NAME_BASE = "@rpath";
				ENABLE_NS_ASSERTIONS = NO;
				ENABLE_STRICT_OBJC_MSGSEND = YES;
				FRAMEWORK_VERSION = A;
				GCC_C_LANGUAGE_STANDARD = gnu99;
				GCC_NO_COMMON_BLOCKS = YES;
				GCC_WARN_64_TO_32_BIT_CONVERSION = YES;
				GCC_WARN_ABOUT_RETURN_TYPE = YES_ERROR;
				GCC_WARN_UNDECLARED_SELECTOR = YES;
				GCC_WARN_UNINITIALIZED_AUTOS = YES_AGGRESSIVE;
				GCC_WARN_UNUSED_FUNCTION = YES;
				GCC_WARN_UNUSED_VARIABLE = YES;
				INFOPLIST_FILE = "Nest-for-OS-X/Info.plist";
				INSTALL_PATH = "$(LOCAL_LIBRARY_DIR)/Frameworks";
				LD_RUNPATH_SEARCH_PATHS = "$(inherited) @executable_path/../Frameworks @loader_path/Frameworks";
				MACOSX_DEPLOYMENT_TARGET = 10.10;
				MTL_ENABLE_DEBUG_INFO = NO;
				PRODUCT_NAME = Nest;
				SDKROOT = macosx;
				SKIP_INSTALL = YES;
				VERSIONING_SYSTEM = "apple-generic";
				VERSION_INFO_PREFIX = "";
			};
			name = Release;
		};
		6347117F1B22D92600FA2C76 /* Debug */ = {
			isa = XCBuildConfiguration;
			baseConfigurationReference = E6271B3AC5B25F27DD2563B6 /* Pods-Nest-for-OS-XTests.debug.xcconfig */;
			buildSettings = {
				ALWAYS_SEARCH_USER_PATHS = NO;
				CLANG_CXX_LANGUAGE_STANDARD = "gnu++0x";
				CLANG_CXX_LIBRARY = "libc++";
				CLANG_ENABLE_MODULES = YES;
				CLANG_ENABLE_OBJC_ARC = YES;
				CLANG_WARN_BOOL_CONVERSION = YES;
				CLANG_WARN_CONSTANT_CONVERSION = YES;
				CLANG_WARN_DIRECT_OBJC_ISA_USAGE = YES_ERROR;
				CLANG_WARN_EMPTY_BODY = YES;
				CLANG_WARN_ENUM_CONVERSION = YES;
				CLANG_WARN_INT_CONVERSION = YES;
				CLANG_WARN_OBJC_ROOT_CLASS = YES_ERROR;
				CLANG_WARN_UNREACHABLE_CODE = YES;
				CLANG_WARN__DUPLICATE_METHOD_MATCH = YES;
				COMBINE_HIDPI_IMAGES = YES;
				COPY_PHASE_STRIP = NO;
				DEBUG_INFORMATION_FORMAT = dwarf;
				ENABLE_STRICT_OBJC_MSGSEND = YES;
				FRAMEWORK_SEARCH_PATHS = (
					"$(DEVELOPER_FRAMEWORKS_DIR)",
					"$(inherited)",
				);
				GCC_C_LANGUAGE_STANDARD = gnu99;
				GCC_DYNAMIC_NO_PIC = NO;
				GCC_NO_COMMON_BLOCKS = YES;
				GCC_OPTIMIZATION_LEVEL = 0;
				GCC_PREPROCESSOR_DEFINITIONS = (
					"DEBUG=1",
					"$(inherited)",
				);
				GCC_SYMBOLS_PRIVATE_EXTERN = NO;
				GCC_WARN_64_TO_32_BIT_CONVERSION = YES;
				GCC_WARN_ABOUT_RETURN_TYPE = YES_ERROR;
				GCC_WARN_UNDECLARED_SELECTOR = YES;
				GCC_WARN_UNINITIALIZED_AUTOS = YES_AGGRESSIVE;
				GCC_WARN_UNUSED_FUNCTION = YES;
				GCC_WARN_UNUSED_VARIABLE = YES;
				INFOPLIST_FILE = "Nest-for-OS-XTests/Info.plist";
				LD_RUNPATH_SEARCH_PATHS = "$(inherited) @executable_path/../Frameworks @loader_path/../Frameworks";
				MACOSX_DEPLOYMENT_TARGET = 10.10;
				MTL_ENABLE_DEBUG_INFO = YES;
				ONLY_ACTIVE_ARCH = YES;
				PRODUCT_NAME = NestTest;
				SDKROOT = macosx;
			};
			name = Debug;
		};
		634711801B22D92600FA2C76 /* Release */ = {
			isa = XCBuildConfiguration;
			baseConfigurationReference = 2BA32910F7B0AE09BB9CEA3D /* Pods-Nest-for-OS-XTests.release.xcconfig */;
			buildSettings = {
				ALWAYS_SEARCH_USER_PATHS = NO;
				CLANG_CXX_LANGUAGE_STANDARD = "gnu++0x";
				CLANG_CXX_LIBRARY = "libc++";
				CLANG_ENABLE_MODULES = YES;
				CLANG_ENABLE_OBJC_ARC = YES;
				CLANG_WARN_BOOL_CONVERSION = YES;
				CLANG_WARN_CONSTANT_CONVERSION = YES;
				CLANG_WARN_DIRECT_OBJC_ISA_USAGE = YES_ERROR;
				CLANG_WARN_EMPTY_BODY = YES;
				CLANG_WARN_ENUM_CONVERSION = YES;
				CLANG_WARN_INT_CONVERSION = YES;
				CLANG_WARN_OBJC_ROOT_CLASS = YES_ERROR;
				CLANG_WARN_UNREACHABLE_CODE = YES;
				CLANG_WARN__DUPLICATE_METHOD_MATCH = YES;
				COMBINE_HIDPI_IMAGES = YES;
				COPY_PHASE_STRIP = NO;
				DEBUG_INFORMATION_FORMAT = "dwarf-with-dsym";
				ENABLE_NS_ASSERTIONS = NO;
				ENABLE_STRICT_OBJC_MSGSEND = YES;
				FRAMEWORK_SEARCH_PATHS = (
					"$(DEVELOPER_FRAMEWORKS_DIR)",
					"$(inherited)",
				);
				GCC_C_LANGUAGE_STANDARD = gnu99;
				GCC_NO_COMMON_BLOCKS = YES;
				GCC_WARN_64_TO_32_BIT_CONVERSION = YES;
				GCC_WARN_ABOUT_RETURN_TYPE = YES_ERROR;
				GCC_WARN_UNDECLARED_SELECTOR = YES;
				GCC_WARN_UNINITIALIZED_AUTOS = YES_AGGRESSIVE;
				GCC_WARN_UNUSED_FUNCTION = YES;
				GCC_WARN_UNUSED_VARIABLE = YES;
				INFOPLIST_FILE = "Nest-for-OS-XTests/Info.plist";
				LD_RUNPATH_SEARCH_PATHS = "$(inherited) @executable_path/../Frameworks @loader_path/../Frameworks";
				MACOSX_DEPLOYMENT_TARGET = 10.10;
				MTL_ENABLE_DEBUG_INFO = NO;
				PRODUCT_NAME = NestTest;
				SDKROOT = macosx;
			};
			name = Release;
		};
/* End XCBuildConfiguration section */

/* Begin XCConfigurationList section */
		634711411B22D90600FA2C76 /* Build configuration list for PBXProject "Nest" */ = {
			isa = XCConfigurationList;
			buildConfigurations = (
				634711421B22D90600FA2C76 /* Debug */,
				634711431B22D90600FA2C76 /* Release */,
			);
			defaultConfigurationIsVisible = 0;
			defaultConfigurationName = Release;
		};
		6347115D1B22D91B00FA2C76 /* Build configuration list for PBXNativeTarget "Nest-for-iOS" */ = {
			isa = XCConfigurationList;
			buildConfigurations = (
				6347115E1B22D91B00FA2C76 /* Debug */,
				6347115F1B22D91B00FA2C76 /* Release */,
			);
			defaultConfigurationIsVisible = 0;
			defaultConfigurationName = Release;
		};
		634711601B22D91B00FA2C76 /* Build configuration list for PBXNativeTarget "Nest-for-iOSTests" */ = {
			isa = XCConfigurationList;
			buildConfigurations = (
				634711611B22D91B00FA2C76 /* Debug */,
				634711621B22D91B00FA2C76 /* Release */,
			);
			defaultConfigurationIsVisible = 0;
			defaultConfigurationName = Release;
		};
		6347117B1B22D92600FA2C76 /* Build configuration list for PBXNativeTarget "Nest-for-OS-X" */ = {
			isa = XCConfigurationList;
			buildConfigurations = (
				6347117C1B22D92600FA2C76 /* Debug */,
				6347117D1B22D92600FA2C76 /* Release */,
			);
			defaultConfigurationIsVisible = 0;
			defaultConfigurationName = Release;
		};
		6347117E1B22D92600FA2C76 /* Build configuration list for PBXNativeTarget "Nest-for-OS-XTests" */ = {
			isa = XCConfigurationList;
			buildConfigurations = (
				6347117F1B22D92600FA2C76 /* Debug */,
				634711801B22D92600FA2C76 /* Release */,
			);
			defaultConfigurationIsVisible = 0;
			defaultConfigurationName = Release;
		};
/* End XCConfigurationList section */
	};
	rootObject = 6347113E1B22D90600FA2C76 /* Project object */;
}
