// !$*UTF8*$!
{
	archiveVersion = 1;
	classes = {
	};
	objectVersion = 46;
	objects = {

/* Begin PBXBuildFile section */
		630B4D531B48473600830454 /* Nest.framework in Frameworks */ = {isa = PBXBuildFile; fileRef = 634711491B22D91B00FA2C76 /* Nest.framework */; };
		630B4D541B48473C00830454 /* Nest.framework in Frameworks */ = {isa = PBXBuildFile; fileRef = 634711681B22D92600FA2C76 /* Nest.framework */; };
		630B4D731B48DD2F00830454 /* Nest-for-watchOS.h in Headers */ = {isa = PBXBuildFile; fileRef = 630B4D721B48DD2F00830454 /* Nest-for-watchOS.h */; settings = {ATTRIBUTES = (Public, ); }; };
		630B4D781B48DD4B00830454 /* NSDate+Comparable.swift in Sources */ = {isa = PBXBuildFile; fileRef = 634711851B22D9A200FA2C76 /* NSDate+Comparable.swift */; };
		630B4D791B48DD4B00830454 /* NSError+InitConveniences.swift in Sources */ = {isa = PBXBuildFile; fileRef = 634711861B22D9A200FA2C76 /* NSError+InitConveniences.swift */; };
		630B4D7A1B48DD4B00830454 /* NSRange+NSRangeMake.swift in Sources */ = {isa = PBXBuildFile; fileRef = 634711881B22D9A200FA2C76 /* NSRange+NSRangeMake.swift */; };
		630B4D7B1B48DD4B00830454 /* NSString+RangesOfString.swift in Sources */ = {isa = PBXBuildFile; fileRef = 634711891B22D9A200FA2C76 /* NSString+RangesOfString.swift */; };
		630B4D7C1B48DD4B00830454 /* Collections.swift in Sources */ = {isa = PBXBuildFile; fileRef = 6347118C1B22D9A200FA2C76 /* Collections.swift */; };
		630B4D7D1B48DD4B00830454 /* ObjectiveC.swift in Sources */ = {isa = PBXBuildFile; fileRef = 634711B01B22FC6300FA2C76 /* ObjectiveC.swift */; };
		630B4D7E1B48DD4B00830454 /* NSProtocolInterceptor.swift in Sources */ = {isa = PBXBuildFile; fileRef = 6347119E1B22DEC700FA2C76 /* NSProtocolInterceptor.swift */; };
		630B4D7F1B48DD4B00830454 /* ReuseCenter.swift in Sources */ = {isa = PBXBuildFile; fileRef = 634711A11B22E4B700FA2C76 /* ReuseCenter.swift */; };
		630B4D801B48DD4B00830454 /* HierarchicalPickablePicker.swift in Sources */ = {isa = PBXBuildFile; fileRef = 63204CD01B26D844003647C8 /* HierarchicalPickablePicker.swift */; };
		630B4D811B48DD4B00830454 /* ReusableType.swift in Sources */ = {isa = PBXBuildFile; fileRef = 634711A51B22E4CE00FA2C76 /* ReusableType.swift */; };
		631AA5811B6515E70037CF4D /* Notifications.swift in Sources */ = {isa = PBXBuildFile; fileRef = 631AA5801B6515E70037CF4D /* Notifications.swift */; };
		631AA5821B6515E70037CF4D /* Notifications.swift in Sources */ = {isa = PBXBuildFile; fileRef = 631AA5801B6515E70037CF4D /* Notifications.swift */; };
		631AA5831B6515E70037CF4D /* Notifications.swift in Sources */ = {isa = PBXBuildFile; fileRef = 631AA5801B6515E70037CF4D /* Notifications.swift */; };
		63204CD11B26D844003647C8 /* HierarchicalPickablePicker.swift in Sources */ = {isa = PBXBuildFile; fileRef = 63204CD01B26D844003647C8 /* HierarchicalPickablePicker.swift */; };
		63204CD21B26D844003647C8 /* HierarchicalPickablePicker.swift in Sources */ = {isa = PBXBuildFile; fileRef = 63204CD01B26D844003647C8 /* HierarchicalPickablePicker.swift */; };
		632313141B65D8A700AEA8EF /* SwiftExt.framework in Frameworks */ = {isa = PBXBuildFile; fileRef = 632313131B65D8A700AEA8EF /* SwiftExt.framework */; };
		632313161B65D8B100AEA8EF /* SwiftExt.framework in Frameworks */ = {isa = PBXBuildFile; fileRef = 632313151B65D8B100AEA8EF /* SwiftExt.framework */; };
		632313181B65D8B600AEA8EF /* SwiftExt.framework in Frameworks */ = {isa = PBXBuildFile; fileRef = 632313171B65D8B600AEA8EF /* SwiftExt.framework */; };
		6347114F1B22D91B00FA2C76 /* Nest-for-iOS.h in Headers */ = {isa = PBXBuildFile; fileRef = 6347114E1B22D91B00FA2C76 /* Nest-for-iOS.h */; settings = {ATTRIBUTES = (Public, ); }; };
		6347116D1B22D92600FA2C76 /* Nest-for-OS-X.h in Headers */ = {isa = PBXBuildFile; fileRef = 6347116C1B22D92600FA2C76 /* Nest-for-OS-X.h */; settings = {ATTRIBUTES = (Public, ); }; };
		6347118F1B22D9A200FA2C76 /* NSDate+Comparable.swift in Sources */ = {isa = PBXBuildFile; fileRef = 634711851B22D9A200FA2C76 /* NSDate+Comparable.swift */; };
		634711901B22D9A200FA2C76 /* NSDate+Comparable.swift in Sources */ = {isa = PBXBuildFile; fileRef = 634711851B22D9A200FA2C76 /* NSDate+Comparable.swift */; };
		634711911B22D9A200FA2C76 /* NSError+InitConveniences.swift in Sources */ = {isa = PBXBuildFile; fileRef = 634711861B22D9A200FA2C76 /* NSError+InitConveniences.swift */; };
		634711921B22D9A200FA2C76 /* NSError+InitConveniences.swift in Sources */ = {isa = PBXBuildFile; fileRef = 634711861B22D9A200FA2C76 /* NSError+InitConveniences.swift */; };
		634711951B22D9A200FA2C76 /* NSRange+NSRangeMake.swift in Sources */ = {isa = PBXBuildFile; fileRef = 634711881B22D9A200FA2C76 /* NSRange+NSRangeMake.swift */; };
		634711961B22D9A200FA2C76 /* NSRange+NSRangeMake.swift in Sources */ = {isa = PBXBuildFile; fileRef = 634711881B22D9A200FA2C76 /* NSRange+NSRangeMake.swift */; };
		634711971B22D9A200FA2C76 /* NSString+RangesOfString.swift in Sources */ = {isa = PBXBuildFile; fileRef = 634711891B22D9A200FA2C76 /* NSString+RangesOfString.swift */; };
		634711981B22D9A200FA2C76 /* NSString+RangesOfString.swift in Sources */ = {isa = PBXBuildFile; fileRef = 634711891B22D9A200FA2C76 /* NSString+RangesOfString.swift */; };
		6347119B1B22D9A200FA2C76 /* Collections.swift in Sources */ = {isa = PBXBuildFile; fileRef = 6347118C1B22D9A200FA2C76 /* Collections.swift */; };
		6347119C1B22D9A200FA2C76 /* Collections.swift in Sources */ = {isa = PBXBuildFile; fileRef = 6347118C1B22D9A200FA2C76 /* Collections.swift */; };
		6347119F1B22DEC700FA2C76 /* NSProtocolInterceptor.swift in Sources */ = {isa = PBXBuildFile; fileRef = 6347119E1B22DEC700FA2C76 /* NSProtocolInterceptor.swift */; };
		634711A01B22DEC700FA2C76 /* NSProtocolInterceptor.swift in Sources */ = {isa = PBXBuildFile; fileRef = 6347119E1B22DEC700FA2C76 /* NSProtocolInterceptor.swift */; };
		634711A21B22E4B700FA2C76 /* ReuseCenter.swift in Sources */ = {isa = PBXBuildFile; fileRef = 634711A11B22E4B700FA2C76 /* ReuseCenter.swift */; };
		634711A31B22E4B700FA2C76 /* ReuseCenter.swift in Sources */ = {isa = PBXBuildFile; fileRef = 634711A11B22E4B700FA2C76 /* ReuseCenter.swift */; };
		634711A61B22E4CE00FA2C76 /* ReusableType.swift in Sources */ = {isa = PBXBuildFile; fileRef = 634711A51B22E4CE00FA2C76 /* ReusableType.swift */; };
		634711A71B22E4CE00FA2C76 /* ReusableType.swift in Sources */ = {isa = PBXBuildFile; fileRef = 634711A51B22E4CE00FA2C76 /* ReusableType.swift */; };
		634711B11B22FC6300FA2C76 /* ObjectiveC.swift in Sources */ = {isa = PBXBuildFile; fileRef = 634711B01B22FC6300FA2C76 /* ObjectiveC.swift */; };
		634711B21B22FC6300FA2C76 /* ObjectiveC.swift in Sources */ = {isa = PBXBuildFile; fileRef = 634711B01B22FC6300FA2C76 /* ObjectiveC.swift */; };
		634711B41B22FDBE00FA2C76 /* NSReuseCenterTest.swift in Sources */ = {isa = PBXBuildFile; fileRef = 634711B31B22FDBE00FA2C76 /* NSReuseCenterTest.swift */; };
		634711B51B22FDBE00FA2C76 /* NSReuseCenterTest.swift in Sources */ = {isa = PBXBuildFile; fileRef = 634711B31B22FDBE00FA2C76 /* NSReuseCenterTest.swift */; };
		6388F79A1B663CB900CDD64A /* NotificationDeliveryTest.swift in Sources */ = {isa = PBXBuildFile; fileRef = 6323131C1B65FE9800AEA8EF /* NotificationDeliveryTest.swift */; };
		6388F79C1B663CD200CDD64A /* NotificationDeliveryTest.swift in Sources */ = {isa = PBXBuildFile; fileRef = 6323131C1B65FE9800AEA8EF /* NotificationDeliveryTest.swift */; };
		63A2EA3C1B69DA3900CA9F46 /* NSRunLoopMode.swift in Sources */ = {isa = PBXBuildFile; fileRef = 63A2EA3B1B69DA3900CA9F46 /* NSRunLoopMode.swift */; };
		63A2EA3D1B69DA3900CA9F46 /* NSRunLoopMode.swift in Sources */ = {isa = PBXBuildFile; fileRef = 63A2EA3B1B69DA3900CA9F46 /* NSRunLoopMode.swift */; };
		63A2EA3E1B69DA3900CA9F46 /* NSRunLoopMode.swift in Sources */ = {isa = PBXBuildFile; fileRef = 63A2EA3B1B69DA3900CA9F46 /* NSRunLoopMode.swift */; };
		63A5214A1BB0E30300D7876D /* NSProtocolDispatcherType.swift in Sources */ = {isa = PBXBuildFile; fileRef = 63A521491BB0E30300D7876D /* NSProtocolDispatcherType.swift */; settings = {ASSET_TAGS = (); }; };
		63A5214B1BB0E30300D7876D /* NSProtocolDispatcherType.swift in Sources */ = {isa = PBXBuildFile; fileRef = 63A521491BB0E30300D7876D /* NSProtocolDispatcherType.swift */; settings = {ASSET_TAGS = (); }; };
		63A5214C1BB0E30300D7876D /* NSProtocolDispatcherType.swift in Sources */ = {isa = PBXBuildFile; fileRef = 63A521491BB0E30300D7876D /* NSProtocolDispatcherType.swift */; settings = {ASSET_TAGS = (); }; };
		63AADF3A1B9E97B1007A7116 /* NSIndexPath+Comparable.swift in Sources */ = {isa = PBXBuildFile; fileRef = 63AADF391B9E97B1007A7116 /* NSIndexPath+Comparable.swift */; settings = {ASSET_TAGS = (); }; };
		63AADF3B1B9E97B1007A7116 /* NSIndexPath+Comparable.swift in Sources */ = {isa = PBXBuildFile; fileRef = 63AADF391B9E97B1007A7116 /* NSIndexPath+Comparable.swift */; settings = {ASSET_TAGS = (); }; };
		63AADF3C1B9E97B1007A7116 /* NSIndexPath+Comparable.swift in Sources */ = {isa = PBXBuildFile; fileRef = 63AADF391B9E97B1007A7116 /* NSIndexPath+Comparable.swift */; settings = {ASSET_TAGS = (); }; };
		63EACCF01B6A027D0086561F /* NSProtocolInterceptorTest.swift in Sources */ = {isa = PBXBuildFile; fileRef = 634711AD1B22E6FB00FA2C76 /* NSProtocolInterceptorTest.swift */; };
		63EACCF11B6A027F0086561F /* NSProtocolInterceptorTest.swift in Sources */ = {isa = PBXBuildFile; fileRef = 634711AD1B22E6FB00FA2C76 /* NSProtocolInterceptorTest.swift */; };
/* End PBXBuildFile section */

/* Begin PBXContainerItemProxy section */
		634711561B22D91B00FA2C76 /* PBXContainerItemProxy */ = {
			isa = PBXContainerItemProxy;
			containerPortal = 6347113E1B22D90600FA2C76 /* Project object */;
			proxyType = 1;
			remoteGlobalIDString = 634711481B22D91B00FA2C76;
			remoteInfo = "Nest-for-iOS";
		};
		634711741B22D92600FA2C76 /* PBXContainerItemProxy */ = {
			isa = PBXContainerItemProxy;
			containerPortal = 6347113E1B22D90600FA2C76 /* Project object */;
			proxyType = 1;
			remoteGlobalIDString = 634711671B22D92600FA2C76;
			remoteInfo = "Nest-for-OS-X";
		};
/* End PBXContainerItemProxy section */

/* Begin PBXFileReference section */
		630B4D661B48DC5800830454 /* SwiftExt.framework */ = {isa = PBXFileReference; lastKnownFileType = wrapper.framework; name = SwiftExt.framework; path = "../../../Library/Developer/Xcode/DerivedData/Nest-cpwynrnxekfpgteqxqbichddezav/Build/Products/Debug/SwiftExt.framework"; sourceTree = "<group>"; };
		630B4D701B48DD2F00830454 /* Nest.framework */ = {isa = PBXFileReference; explicitFileType = wrapper.framework; includeInIndex = 0; path = Nest.framework; sourceTree = BUILT_PRODUCTS_DIR; };
		630B4D721B48DD2F00830454 /* Nest-for-watchOS.h */ = {isa = PBXFileReference; lastKnownFileType = sourcecode.c.h; path = "Nest-for-watchOS.h"; sourceTree = "<group>"; };
		630B4D741B48DD2F00830454 /* Info.plist */ = {isa = PBXFileReference; lastKnownFileType = text.plist.xml; path = Info.plist; sourceTree = "<group>"; };
		630B4DC11B48FF4C00830454 /* SwiftExt.framework */ = {isa = PBXFileReference; lastKnownFileType = wrapper.framework; name = SwiftExt.framework; path = "../../../Library/Developer/Xcode/DerivedData/Nest-bzfrrjnuqyhzlggnfhrwoghdkynv/Build/Products/Debug/SwiftExt.framework"; sourceTree = "<group>"; };
		631AA5801B6515E70037CF4D /* Notifications.swift */ = {isa = PBXFileReference; fileEncoding = 4; lastKnownFileType = sourcecode.swift; path = Notifications.swift; sourceTree = "<group>"; };
		63204CD01B26D844003647C8 /* HierarchicalPickablePicker.swift */ = {isa = PBXFileReference; fileEncoding = 4; lastKnownFileType = sourcecode.swift; path = HierarchicalPickablePicker.swift; sourceTree = "<group>"; };
		632313131B65D8A700AEA8EF /* SwiftExt.framework */ = {isa = PBXFileReference; lastKnownFileType = wrapper.framework; name = SwiftExt.framework; path = "Frameworks/SwiftExt/build/Debug-iphoneos/SwiftExt.framework"; sourceTree = "<group>"; };
		632313151B65D8B100AEA8EF /* SwiftExt.framework */ = {isa = PBXFileReference; lastKnownFileType = wrapper.framework; name = SwiftExt.framework; path = Frameworks/SwiftExt/build/Debug/SwiftExt.framework; sourceTree = "<group>"; };
		632313171B65D8B600AEA8EF /* SwiftExt.framework */ = {isa = PBXFileReference; lastKnownFileType = wrapper.framework; name = SwiftExt.framework; path = "Frameworks/SwiftExt/build/Debug-watchos/SwiftExt.framework"; sourceTree = "<group>"; };
		6323131C1B65FE9800AEA8EF /* NotificationDeliveryTest.swift */ = {isa = PBXFileReference; fileEncoding = 4; lastKnownFileType = sourcecode.swift; name = NotificationDeliveryTest.swift; path = NestTest/NotificationDeliveryTest.swift; sourceTree = SOURCE_ROOT; };
		634711491B22D91B00FA2C76 /* Nest.framework */ = {isa = PBXFileReference; explicitFileType = wrapper.framework; includeInIndex = 0; path = Nest.framework; sourceTree = BUILT_PRODUCTS_DIR; };
		6347114D1B22D91B00FA2C76 /* Info.plist */ = {isa = PBXFileReference; lastKnownFileType = text.plist.xml; path = Info.plist; sourceTree = "<group>"; };
		6347114E1B22D91B00FA2C76 /* Nest-for-iOS.h */ = {isa = PBXFileReference; lastKnownFileType = sourcecode.c.h; path = "Nest-for-iOS.h"; sourceTree = "<group>"; };
		634711541B22D91B00FA2C76 /* NestTest.xctest */ = {isa = PBXFileReference; explicitFileType = wrapper.cfbundle; includeInIndex = 0; path = NestTest.xctest; sourceTree = BUILT_PRODUCTS_DIR; };
		6347115A1B22D91B00FA2C76 /* Info.plist */ = {isa = PBXFileReference; lastKnownFileType = text.plist.xml; path = Info.plist; sourceTree = "<group>"; };
		634711681B22D92600FA2C76 /* Nest.framework */ = {isa = PBXFileReference; explicitFileType = wrapper.framework; includeInIndex = 0; path = Nest.framework; sourceTree = BUILT_PRODUCTS_DIR; };
		6347116B1B22D92600FA2C76 /* Info.plist */ = {isa = PBXFileReference; lastKnownFileType = text.plist.xml; path = Info.plist; sourceTree = "<group>"; };
		6347116C1B22D92600FA2C76 /* Nest-for-OS-X.h */ = {isa = PBXFileReference; lastKnownFileType = sourcecode.c.h; path = "Nest-for-OS-X.h"; sourceTree = "<group>"; };
		634711721B22D92600FA2C76 /* NestTest.xctest */ = {isa = PBXFileReference; explicitFileType = wrapper.cfbundle; includeInIndex = 0; path = NestTest.xctest; sourceTree = BUILT_PRODUCTS_DIR; };
		634711781B22D92600FA2C76 /* Info.plist */ = {isa = PBXFileReference; lastKnownFileType = text.plist.xml; path = Info.plist; sourceTree = "<group>"; };
		634711851B22D9A200FA2C76 /* NSDate+Comparable.swift */ = {isa = PBXFileReference; fileEncoding = 4; lastKnownFileType = sourcecode.swift; path = "NSDate+Comparable.swift"; sourceTree = "<group>"; };
		634711861B22D9A200FA2C76 /* NSError+InitConveniences.swift */ = {isa = PBXFileReference; fileEncoding = 4; lastKnownFileType = sourcecode.swift; path = "NSError+InitConveniences.swift"; sourceTree = "<group>"; };
		634711881B22D9A200FA2C76 /* NSRange+NSRangeMake.swift */ = {isa = PBXFileReference; fileEncoding = 4; lastKnownFileType = sourcecode.swift; path = "NSRange+NSRangeMake.swift"; sourceTree = "<group>"; };
		634711891B22D9A200FA2C76 /* NSString+RangesOfString.swift */ = {isa = PBXFileReference; fileEncoding = 4; lastKnownFileType = sourcecode.swift; path = "NSString+RangesOfString.swift"; sourceTree = "<group>"; };
		6347118C1B22D9A200FA2C76 /* Collections.swift */ = {isa = PBXFileReference; fileEncoding = 4; lastKnownFileType = sourcecode.swift; path = Collections.swift; sourceTree = "<group>"; };
		6347119E1B22DEC700FA2C76 /* NSProtocolInterceptor.swift */ = {isa = PBXFileReference; fileEncoding = 4; lastKnownFileType = sourcecode.swift; path = NSProtocolInterceptor.swift; sourceTree = "<group>"; };
		634711A11B22E4B700FA2C76 /* ReuseCenter.swift */ = {isa = PBXFileReference; fileEncoding = 4; lastKnownFileType = sourcecode.swift; path = ReuseCenter.swift; sourceTree = "<group>"; };
		634711A51B22E4CE00FA2C76 /* ReusableType.swift */ = {isa = PBXFileReference; fileEncoding = 4; lastKnownFileType = sourcecode.swift; path = ReusableType.swift; sourceTree = "<group>"; };
		634711AD1B22E6FB00FA2C76 /* NSProtocolInterceptorTest.swift */ = {isa = PBXFileReference; fileEncoding = 4; lastKnownFileType = sourcecode.swift; name = NSProtocolInterceptorTest.swift; path = NestTest/NSProtocolInterceptorTest.swift; sourceTree = SOURCE_ROOT; };
		634711B01B22FC6300FA2C76 /* ObjectiveC.swift */ = {isa = PBXFileReference; fileEncoding = 4; lastKnownFileType = sourcecode.swift; path = ObjectiveC.swift; sourceTree = "<group>"; };
		634711B31B22FDBE00FA2C76 /* NSReuseCenterTest.swift */ = {isa = PBXFileReference; fileEncoding = 4; lastKnownFileType = sourcecode.swift; name = NSReuseCenterTest.swift; path = NestTest/NSReuseCenterTest.swift; sourceTree = SOURCE_ROOT; };
		63A2EA3B1B69DA3900CA9F46 /* NSRunLoopMode.swift */ = {isa = PBXFileReference; fileEncoding = 4; lastKnownFileType = sourcecode.swift; path = NSRunLoopMode.swift; sourceTree = "<group>"; };
		63A521491BB0E30300D7876D /* NSProtocolDispatcherType.swift */ = {isa = PBXFileReference; fileEncoding = 4; lastKnownFileType = sourcecode.swift; path = NSProtocolDispatcherType.swift; sourceTree = "<group>"; };
		63AADF391B9E97B1007A7116 /* NSIndexPath+Comparable.swift */ = {isa = PBXFileReference; fileEncoding = 4; lastKnownFileType = sourcecode.swift; path = "NSIndexPath+Comparable.swift"; sourceTree = "<group>"; };
/* End PBXFileReference section */

/* Begin PBXFrameworksBuildPhase section */
		630B4D6C1B48DD2F00830454 /* Frameworks */ = {
			isa = PBXFrameworksBuildPhase;
			buildActionMask = 2147483647;
			files = (
				632313181B65D8B600AEA8EF /* SwiftExt.framework in Frameworks */,
			);
			runOnlyForDeploymentPostprocessing = 0;
		};
		634711451B22D91B00FA2C76 /* Frameworks */ = {
			isa = PBXFrameworksBuildPhase;
			buildActionMask = 2147483647;
			files = (
				632313141B65D8A700AEA8EF /* SwiftExt.framework in Frameworks */,
			);
			runOnlyForDeploymentPostprocessing = 0;
		};
		634711511B22D91B00FA2C76 /* Frameworks */ = {
			isa = PBXFrameworksBuildPhase;
			buildActionMask = 2147483647;
			files = (
				630B4D531B48473600830454 /* Nest.framework in Frameworks */,
			);
			runOnlyForDeploymentPostprocessing = 0;
		};
		634711641B22D92600FA2C76 /* Frameworks */ = {
			isa = PBXFrameworksBuildPhase;
			buildActionMask = 2147483647;
			files = (
				632313161B65D8B100AEA8EF /* SwiftExt.framework in Frameworks */,
			);
			runOnlyForDeploymentPostprocessing = 0;
		};
		6347116F1B22D92600FA2C76 /* Frameworks */ = {
			isa = PBXFrameworksBuildPhase;
			buildActionMask = 2147483647;
			files = (
				630B4D541B48473C00830454 /* Nest.framework in Frameworks */,
			);
			runOnlyForDeploymentPostprocessing = 0;
		};
/* End PBXFrameworksBuildPhase section */

/* Begin PBXGroup section */
		630B4D6A1B48DC6800830454 /* Frameworks */ = {
			isa = PBXGroup;
			children = (
				632313171B65D8B600AEA8EF /* SwiftExt.framework */,
				632313151B65D8B100AEA8EF /* SwiftExt.framework */,
				632313131B65D8A700AEA8EF /* SwiftExt.framework */,
				630B4DC11B48FF4C00830454 /* SwiftExt.framework */,
				630B4D661B48DC5800830454 /* SwiftExt.framework */,
			);
			name = Frameworks;
			sourceTree = "<group>";
		};
		630B4D711B48DD2F00830454 /* Nest-for-watchOS */ = {
			isa = PBXGroup;
			children = (
				630B4D721B48DD2F00830454 /* Nest-for-watchOS.h */,
				630B4D741B48DD2F00830454 /* Info.plist */,
			);
			path = "Nest-for-watchOS";
			sourceTree = "<group>";
		};
		630B4DA61B48DE5F00830454 /* Targets */ = {
			isa = PBXGroup;
			children = (
				6347114B1B22D91B00FA2C76 /* Nest-for-iOS */,
				634711581B22D91B00FA2C76 /* Nest-for-iOSTests */,
				634711691B22D92600FA2C76 /* Nest-for-OS-X */,
				634711761B22D92600FA2C76 /* Nest-for-OS-XTests */,
				630B4D711B48DD2F00830454 /* Nest-for-watchOS */,
			);
			name = Targets;
			sourceTree = "<group>";
		};
		6347113D1B22D90600FA2C76 = {
			isa = PBXGroup;
			children = (
				634711811B22D94600FA2C76 /* Nest */,
				634711821B22D94600FA2C76 /* NestTests */,
				630B4DA61B48DE5F00830454 /* Targets */,
				6347114A1B22D91B00FA2C76 /* Products */,
				630B4D6A1B48DC6800830454 /* Frameworks */,
			);
			sourceTree = "<group>";
		};
		6347114A1B22D91B00FA2C76 /* Products */ = {
			isa = PBXGroup;
			children = (
				634711491B22D91B00FA2C76 /* Nest.framework */,
				634711541B22D91B00FA2C76 /* NestTest.xctest */,
				634711681B22D92600FA2C76 /* Nest.framework */,
				634711721B22D92600FA2C76 /* NestTest.xctest */,
				630B4D701B48DD2F00830454 /* Nest.framework */,
			);
			name = Products;
			sourceTree = "<group>";
		};
		6347114B1B22D91B00FA2C76 /* Nest-for-iOS */ = {
			isa = PBXGroup;
			children = (
				6347114E1B22D91B00FA2C76 /* Nest-for-iOS.h */,
				6347114C1B22D91B00FA2C76 /* Supporting Files */,
			);
			path = "Nest-for-iOS";
			sourceTree = "<group>";
		};
		6347114C1B22D91B00FA2C76 /* Supporting Files */ = {
			isa = PBXGroup;
			children = (
				6347114D1B22D91B00FA2C76 /* Info.plist */,
			);
			name = "Supporting Files";
			sourceTree = "<group>";
		};
		634711581B22D91B00FA2C76 /* Nest-for-iOSTests */ = {
			isa = PBXGroup;
			children = (
				634711591B22D91B00FA2C76 /* Supporting Files */,
			);
			path = "Nest-for-iOSTests";
			sourceTree = "<group>";
		};
		634711591B22D91B00FA2C76 /* Supporting Files */ = {
			isa = PBXGroup;
			children = (
				6347115A1B22D91B00FA2C76 /* Info.plist */,
			);
			name = "Supporting Files";
			sourceTree = "<group>";
		};
		634711691B22D92600FA2C76 /* Nest-for-OS-X */ = {
			isa = PBXGroup;
			children = (
				6347116C1B22D92600FA2C76 /* Nest-for-OS-X.h */,
				6347116A1B22D92600FA2C76 /* Supporting Files */,
			);
			path = "Nest-for-OS-X";
			sourceTree = "<group>";
		};
		6347116A1B22D92600FA2C76 /* Supporting Files */ = {
			isa = PBXGroup;
			children = (
				6347116B1B22D92600FA2C76 /* Info.plist */,
			);
			name = "Supporting Files";
			sourceTree = "<group>";
		};
		634711761B22D92600FA2C76 /* Nest-for-OS-XTests */ = {
			isa = PBXGroup;
			children = (
				634711771B22D92600FA2C76 /* Supporting Files */,
			);
			path = "Nest-for-OS-XTests";
			sourceTree = "<group>";
		};
		634711771B22D92600FA2C76 /* Supporting Files */ = {
			isa = PBXGroup;
			children = (
				634711781B22D92600FA2C76 /* Info.plist */,
			);
			name = "Supporting Files";
			sourceTree = "<group>";
		};
		634711811B22D94600FA2C76 /* Nest */ = {
			isa = PBXGroup;
			children = (
				634711831B22D9A200FA2C76 /* Extensions */,
				6347118B1B22D9A200FA2C76 /* Functions */,
				6347119D1B22DEC700FA2C76 /* Controllers */,
				634711A41B22E4CE00FA2C76 /* Model */,
			);
			path = Nest;
			sourceTree = "<group>";
		};
		634711821B22D94600FA2C76 /* NestTests */ = {
			isa = PBXGroup;
			children = (
				634711AD1B22E6FB00FA2C76 /* NSProtocolInterceptorTest.swift */,
				634711B31B22FDBE00FA2C76 /* NSReuseCenterTest.swift */,
				6323131C1B65FE9800AEA8EF /* NotificationDeliveryTest.swift */,
			);
			path = NestTests;
			sourceTree = "<group>";
		};
		634711831B22D9A200FA2C76 /* Extensions */ = {
			isa = PBXGroup;
			children = (
				634711851B22D9A200FA2C76 /* NSDate+Comparable.swift */,
				634711861B22D9A200FA2C76 /* NSError+InitConveniences.swift */,
				634711881B22D9A200FA2C76 /* NSRange+NSRangeMake.swift */,
				634711891B22D9A200FA2C76 /* NSString+RangesOfString.swift */,
				63AADF391B9E97B1007A7116 /* NSIndexPath+Comparable.swift */,
			);
			path = Extensions;
			sourceTree = "<group>";
		};
		6347118B1B22D9A200FA2C76 /* Functions */ = {
			isa = PBXGroup;
			children = (
				6347118C1B22D9A200FA2C76 /* Collections.swift */,
				634711B01B22FC6300FA2C76 /* ObjectiveC.swift */,
			);
			path = Functions;
			sourceTree = "<group>";
		};
		6347119D1B22DEC700FA2C76 /* Controllers */ = {
			isa = PBXGroup;
			children = (
				63A521491BB0E30300D7876D /* NSProtocolDispatcherType.swift */,
				6347119E1B22DEC700FA2C76 /* NSProtocolInterceptor.swift */,
				634711A11B22E4B700FA2C76 /* ReuseCenter.swift */,
				63204CD01B26D844003647C8 /* HierarchicalPickablePicker.swift */,
				631AA5801B6515E70037CF4D /* Notifications.swift */,
			);
			path = Controllers;
			sourceTree = "<group>";
		};
		634711A41B22E4CE00FA2C76 /* Model */ = {
			isa = PBXGroup;
			children = (
				63A2EA3B1B69DA3900CA9F46 /* NSRunLoopMode.swift */,
				634711A51B22E4CE00FA2C76 /* ReusableType.swift */,
			);
			path = Model;
			sourceTree = "<group>";
		};
/* End PBXGroup section */

/* Begin PBXHeadersBuildPhase section */
		630B4D6D1B48DD2F00830454 /* Headers */ = {
			isa = PBXHeadersBuildPhase;
			buildActionMask = 2147483647;
			files = (
				630B4D731B48DD2F00830454 /* Nest-for-watchOS.h in Headers */,
			);
			runOnlyForDeploymentPostprocessing = 0;
		};
		634711461B22D91B00FA2C76 /* Headers */ = {
			isa = PBXHeadersBuildPhase;
			buildActionMask = 2147483647;
			files = (
				6347114F1B22D91B00FA2C76 /* Nest-for-iOS.h in Headers */,
			);
			runOnlyForDeploymentPostprocessing = 0;
		};
		634711651B22D92600FA2C76 /* Headers */ = {
			isa = PBXHeadersBuildPhase;
			buildActionMask = 2147483647;
			files = (
				6347116D1B22D92600FA2C76 /* Nest-for-OS-X.h in Headers */,
			);
			runOnlyForDeploymentPostprocessing = 0;
		};
/* End PBXHeadersBuildPhase section */

/* Begin PBXNativeTarget section */
		630B4D6F1B48DD2F00830454 /* Nest-for-watchOS */ = {
			isa = PBXNativeTarget;
			buildConfigurationList = 630B4D751B48DD2F00830454 /* Build configuration list for PBXNativeTarget "Nest-for-watchOS" */;
			buildPhases = (
				630B4D6B1B48DD2F00830454 /* Sources */,
				630B4D6C1B48DD2F00830454 /* Frameworks */,
				630B4D6D1B48DD2F00830454 /* Headers */,
				630B4D6E1B48DD2F00830454 /* Resources */,
			);
			buildRules = (
			);
			dependencies = (
			);
			name = "Nest-for-watchOS";
			productName = "Nest-for-watchOS";
			productReference = 630B4D701B48DD2F00830454 /* Nest.framework */;
			productType = "com.apple.product-type.framework";
		};
		634711481B22D91B00FA2C76 /* Nest-for-iOS */ = {
			isa = PBXNativeTarget;
			buildConfigurationList = 6347115D1B22D91B00FA2C76 /* Build configuration list for PBXNativeTarget "Nest-for-iOS" */;
			buildPhases = (
				634711441B22D91B00FA2C76 /* Sources */,
				634711451B22D91B00FA2C76 /* Frameworks */,
				634711461B22D91B00FA2C76 /* Headers */,
				634711471B22D91B00FA2C76 /* Resources */,
			);
			buildRules = (
			);
			dependencies = (
			);
			name = "Nest-for-iOS";
			productName = "Nest-for-iOS";
			productReference = 634711491B22D91B00FA2C76 /* Nest.framework */;
			productType = "com.apple.product-type.framework";
		};
		634711531B22D91B00FA2C76 /* Nest-for-iOSTests */ = {
			isa = PBXNativeTarget;
			buildConfigurationList = 634711601B22D91B00FA2C76 /* Build configuration list for PBXNativeTarget "Nest-for-iOSTests" */;
			buildPhases = (
				634711501B22D91B00FA2C76 /* Sources */,
				634711511B22D91B00FA2C76 /* Frameworks */,
				634711521B22D91B00FA2C76 /* Resources */,
			);
			buildRules = (
			);
			dependencies = (
				634711571B22D91B00FA2C76 /* PBXTargetDependency */,
			);
			name = "Nest-for-iOSTests";
			productName = "Nest-for-iOSTests";
			productReference = 634711541B22D91B00FA2C76 /* NestTest.xctest */;
			productType = "com.apple.product-type.bundle.unit-test";
		};
		634711671B22D92600FA2C76 /* Nest-for-OS-X */ = {
			isa = PBXNativeTarget;
			buildConfigurationList = 6347117B1B22D92600FA2C76 /* Build configuration list for PBXNativeTarget "Nest-for-OS-X" */;
			buildPhases = (
				634711631B22D92600FA2C76 /* Sources */,
				634711641B22D92600FA2C76 /* Frameworks */,
				634711651B22D92600FA2C76 /* Headers */,
				634711661B22D92600FA2C76 /* Resources */,
			);
			buildRules = (
			);
			dependencies = (
			);
			name = "Nest-for-OS-X";
			productName = "Nest-for-OS-X";
			productReference = 634711681B22D92600FA2C76 /* Nest.framework */;
			productType = "com.apple.product-type.framework";
		};
		634711711B22D92600FA2C76 /* Nest-for-OS-XTests */ = {
			isa = PBXNativeTarget;
			buildConfigurationList = 6347117E1B22D92600FA2C76 /* Build configuration list for PBXNativeTarget "Nest-for-OS-XTests" */;
			buildPhases = (
				6347116E1B22D92600FA2C76 /* Sources */,
				6347116F1B22D92600FA2C76 /* Frameworks */,
				634711701B22D92600FA2C76 /* Resources */,
			);
			buildRules = (
			);
			dependencies = (
				634711751B22D92600FA2C76 /* PBXTargetDependency */,
			);
			name = "Nest-for-OS-XTests";
			productName = "Nest-for-OS-XTests";
			productReference = 634711721B22D92600FA2C76 /* NestTest.xctest */;
			productType = "com.apple.product-type.bundle.unit-test";
		};
/* End PBXNativeTarget section */

/* Begin PBXProject section */
		6347113E1B22D90600FA2C76 /* Project object */ = {
			isa = PBXProject;
			attributes = {
				LastSwiftUpdateCheck = 0700;
				LastUpgradeCheck = 0700;
				TargetAttributes = {
					630B4D6F1B48DD2F00830454 = {
						CreatedOnToolsVersion = 7.0;
					};
					634711481B22D91B00FA2C76 = {
						CreatedOnToolsVersion = 6.3.2;
					};
					634711531B22D91B00FA2C76 = {
						CreatedOnToolsVersion = 6.3.2;
					};
					634711671B22D92600FA2C76 = {
						CreatedOnToolsVersion = 6.3.2;
					};
					634711711B22D92600FA2C76 = {
						CreatedOnToolsVersion = 6.3.2;
					};
				};
			};
			buildConfigurationList = 634711411B22D90600FA2C76 /* Build configuration list for PBXProject "Nest" */;
			compatibilityVersion = "Xcode 3.2";
			developmentRegion = English;
			hasScannedForEncodings = 0;
			knownRegions = (
				en,
			);
			mainGroup = 6347113D1B22D90600FA2C76;
			productRefGroup = 6347114A1B22D91B00FA2C76 /* Products */;
			projectDirPath = "";
			projectRoot = "";
			targets = (
				634711481B22D91B00FA2C76 /* Nest-for-iOS */,
				634711531B22D91B00FA2C76 /* Nest-for-iOSTests */,
				634711671B22D92600FA2C76 /* Nest-for-OS-X */,
				634711711B22D92600FA2C76 /* Nest-for-OS-XTests */,
				630B4D6F1B48DD2F00830454 /* Nest-for-watchOS */,
			);
		};
/* End PBXProject section */

/* Begin PBXResourcesBuildPhase section */
		630B4D6E1B48DD2F00830454 /* Resources */ = {
			isa = PBXResourcesBuildPhase;
			buildActionMask = 2147483647;
			files = (
			);
			runOnlyForDeploymentPostprocessing = 0;
		};
		634711471B22D91B00FA2C76 /* Resources */ = {
			isa = PBXResourcesBuildPhase;
			buildActionMask = 2147483647;
			files = (
			);
			runOnlyForDeploymentPostprocessing = 0;
		};
		634711521B22D91B00FA2C76 /* Resources */ = {
			isa = PBXResourcesBuildPhase;
			buildActionMask = 2147483647;
			files = (
			);
			runOnlyForDeploymentPostprocessing = 0;
		};
		634711661B22D92600FA2C76 /* Resources */ = {
			isa = PBXResourcesBuildPhase;
			buildActionMask = 2147483647;
			files = (
			);
			runOnlyForDeploymentPostprocessing = 0;
		};
		634711701B22D92600FA2C76 /* Resources */ = {
			isa = PBXResourcesBuildPhase;
			buildActionMask = 2147483647;
			files = (
			);
			runOnlyForDeploymentPostprocessing = 0;
		};
/* End PBXResourcesBuildPhase section */

/* Begin PBXSourcesBuildPhase section */
		630B4D6B1B48DD2F00830454 /* Sources */ = {
			isa = PBXSourcesBuildPhase;
			buildActionMask = 2147483647;
			files = (
				630B4D801B48DD4B00830454 /* HierarchicalPickablePicker.swift in Sources */,
				63A5214C1BB0E30300D7876D /* NSProtocolDispatcherType.swift in Sources */,
				630B4D7A1B48DD4B00830454 /* NSRange+NSRangeMake.swift in Sources */,
				631AA5831B6515E70037CF4D /* Notifications.swift in Sources */,
				630B4D7F1B48DD4B00830454 /* ReuseCenter.swift in Sources */,
				630B4D7E1B48DD4B00830454 /* NSProtocolInterceptor.swift in Sources */,
				63AADF3C1B9E97B1007A7116 /* NSIndexPath+Comparable.swift in Sources */,
				630B4D781B48DD4B00830454 /* NSDate+Comparable.swift in Sources */,
				630B4D791B48DD4B00830454 /* NSError+InitConveniences.swift in Sources */,
				630B4D7B1B48DD4B00830454 /* NSString+RangesOfString.swift in Sources */,
				630B4D811B48DD4B00830454 /* ReusableType.swift in Sources */,
				630B4D7C1B48DD4B00830454 /* Collections.swift in Sources */,
				630B4D7D1B48DD4B00830454 /* ObjectiveC.swift in Sources */,
				63A2EA3E1B69DA3900CA9F46 /* NSRunLoopMode.swift in Sources */,
			);
			runOnlyForDeploymentPostprocessing = 0;
		};
		634711441B22D91B00FA2C76 /* Sources */ = {
			isa = PBXSourcesBuildPhase;
			buildActionMask = 2147483647;
			files = (
				634711971B22D9A200FA2C76 /* NSString+RangesOfString.swift in Sources */,
				63A5214A1BB0E30300D7876D /* NSProtocolDispatcherType.swift in Sources */,
				634711A21B22E4B700FA2C76 /* ReuseCenter.swift in Sources */,
				631AA5811B6515E70037CF4D /* Notifications.swift in Sources */,
				63204CD11B26D844003647C8 /* HierarchicalPickablePicker.swift in Sources */,
				634711A61B22E4CE00FA2C76 /* ReusableType.swift in Sources */,
				63AADF3A1B9E97B1007A7116 /* NSIndexPath+Comparable.swift in Sources */,
				6347119B1B22D9A200FA2C76 /* Collections.swift in Sources */,
				634711B11B22FC6300FA2C76 /* ObjectiveC.swift in Sources */,
				6347118F1B22D9A200FA2C76 /* NSDate+Comparable.swift in Sources */,
				634711951B22D9A200FA2C76 /* NSRange+NSRangeMake.swift in Sources */,
				634711911B22D9A200FA2C76 /* NSError+InitConveniences.swift in Sources */,
				6347119F1B22DEC700FA2C76 /* NSProtocolInterceptor.swift in Sources */,
				63A2EA3C1B69DA3900CA9F46 /* NSRunLoopMode.swift in Sources */,
			);
			runOnlyForDeploymentPostprocessing = 0;
		};
		634711501B22D91B00FA2C76 /* Sources */ = {
			isa = PBXSourcesBuildPhase;
			buildActionMask = 2147483647;
			files = (
				6388F79A1B663CB900CDD64A /* NotificationDeliveryTest.swift in Sources */,
				634711B41B22FDBE00FA2C76 /* NSReuseCenterTest.swift in Sources */,
				63EACCF01B6A027D0086561F /* NSProtocolInterceptorTest.swift in Sources */,
			);
			runOnlyForDeploymentPostprocessing = 0;
		};
		634711631B22D92600FA2C76 /* Sources */ = {
			isa = PBXSourcesBuildPhase;
			buildActionMask = 2147483647;
			files = (
				634711981B22D9A200FA2C76 /* NSString+RangesOfString.swift in Sources */,
				63A5214B1BB0E30300D7876D /* NSProtocolDispatcherType.swift in Sources */,
				634711A31B22E4B700FA2C76 /* ReuseCenter.swift in Sources */,
				631AA5821B6515E70037CF4D /* Notifications.swift in Sources */,
				63204CD21B26D844003647C8 /* HierarchicalPickablePicker.swift in Sources */,
				634711A71B22E4CE00FA2C76 /* ReusableType.swift in Sources */,
				63AADF3B1B9E97B1007A7116 /* NSIndexPath+Comparable.swift in Sources */,
				6347119C1B22D9A200FA2C76 /* Collections.swift in Sources */,
				634711B21B22FC6300FA2C76 /* ObjectiveC.swift in Sources */,
				634711901B22D9A200FA2C76 /* NSDate+Comparable.swift in Sources */,
				634711961B22D9A200FA2C76 /* NSRange+NSRangeMake.swift in Sources */,
				634711921B22D9A200FA2C76 /* NSError+InitConveniences.swift in Sources */,
				634711A01B22DEC700FA2C76 /* NSProtocolInterceptor.swift in Sources */,
				63A2EA3D1B69DA3900CA9F46 /* NSRunLoopMode.swift in Sources */,
			);
			runOnlyForDeploymentPostprocessing = 0;
		};
		6347116E1B22D92600FA2C76 /* Sources */ = {
			isa = PBXSourcesBuildPhase;
			buildActionMask = 2147483647;
			files = (
				6388F79C1B663CD200CDD64A /* NotificationDeliveryTest.swift in Sources */,
				634711B51B22FDBE00FA2C76 /* NSReuseCenterTest.swift in Sources */,
				63EACCF11B6A027F0086561F /* NSProtocolInterceptorTest.swift in Sources */,
			);
			runOnlyForDeploymentPostprocessing = 0;
		};
/* End PBXSourcesBuildPhase section */

/* Begin PBXTargetDependency section */
		634711571B22D91B00FA2C76 /* PBXTargetDependency */ = {
			isa = PBXTargetDependency;
			target = 634711481B22D91B00FA2C76 /* Nest-for-iOS */;
			targetProxy = 634711561B22D91B00FA2C76 /* PBXContainerItemProxy */;
		};
		634711751B22D92600FA2C76 /* PBXTargetDependency */ = {
			isa = PBXTargetDependency;
			target = 634711671B22D92600FA2C76 /* Nest-for-OS-X */;
			targetProxy = 634711741B22D92600FA2C76 /* PBXContainerItemProxy */;
		};
/* End PBXTargetDependency section */

/* Begin XCBuildConfiguration section */
		630B4D761B48DD2F00830454 /* Debug */ = {
			isa = XCBuildConfiguration;
			buildSettings = {
				ALWAYS_SEARCH_USER_PATHS = NO;
				CLANG_CXX_LANGUAGE_STANDARD = "gnu++0x";
				CLANG_CXX_LIBRARY = "libc++";
				CLANG_ENABLE_MODULES = YES;
				CLANG_ENABLE_OBJC_ARC = YES;
				CLANG_WARN_BOOL_CONVERSION = YES;
				CLANG_WARN_CONSTANT_CONVERSION = YES;
				CLANG_WARN_DIRECT_OBJC_ISA_USAGE = YES_ERROR;
				CLANG_WARN_EMPTY_BODY = YES;
				CLANG_WARN_ENUM_CONVERSION = YES;
				CLANG_WARN_INT_CONVERSION = YES;
				CLANG_WARN_OBJC_ROOT_CLASS = YES_ERROR;
				CLANG_WARN_UNREACHABLE_CODE = YES;
				CLANG_WARN__DUPLICATE_METHOD_MATCH = YES;
				COPY_PHASE_STRIP = NO;
				CURRENT_PROJECT_VERSION = 1;
				DEFINES_MODULE = YES;
				DYLIB_COMPATIBILITY_VERSION = 1;
				DYLIB_CURRENT_VERSION = 1;
				DYLIB_INSTALL_NAME_BASE = "@rpath";
				ENABLE_STRICT_OBJC_MSGSEND = YES;
				FRAMEWORK_SEARCH_PATHS = (
					"$(inherited)",
					"$(PROJECT_DIR)/Frameworks/SwiftExt/build/Debug-watchos",
				);
				GCC_C_LANGUAGE_STANDARD = gnu99;
				GCC_DYNAMIC_NO_PIC = NO;
				GCC_NO_COMMON_BLOCKS = YES;
				GCC_OPTIMIZATION_LEVEL = 0;
				GCC_PREPROCESSOR_DEFINITIONS = (
					"DEBUG=1",
					"$(inherited)",
				);
				GCC_WARN_64_TO_32_BIT_CONVERSION = YES;
				GCC_WARN_ABOUT_RETURN_TYPE = YES_ERROR;
				GCC_WARN_UNDECLARED_SELECTOR = YES;
				GCC_WARN_UNINITIALIZED_AUTOS = YES_AGGRESSIVE;
				GCC_WARN_UNUSED_FUNCTION = YES;
				GCC_WARN_UNUSED_VARIABLE = YES;
				INFOPLIST_FILE = "Nest-for-watchOS/Info.plist";
				INSTALL_PATH = "$(LOCAL_LIBRARY_DIR)/Frameworks";
				LD_RUNPATH_SEARCH_PATHS = "$(inherited) @executable_path/Frameworks @loader_path/Frameworks";
				MTL_ENABLE_DEBUG_INFO = YES;
				PRODUCT_BUNDLE_IDENTIFIER = "com.WeZZard.Nest-for-watchOS";
				PRODUCT_NAME = Nest;
				SDKROOT = watchos;
				SKIP_INSTALL = YES;
				SWIFT_OPTIMIZATION_LEVEL = "-Onone";
				TARGETED_DEVICE_FAMILY = 4;
				VERSIONING_SYSTEM = "apple-generic";
				VERSION_INFO_PREFIX = "";
				WATCHOS_DEPLOYMENT_TARGET = 2.0;
			};
			name = Debug;
		};
		630B4D771B48DD2F00830454 /* Release */ = {
			isa = XCBuildConfiguration;
			buildSettings = {
				ALWAYS_SEARCH_USER_PATHS = NO;
				CLANG_CXX_LANGUAGE_STANDARD = "gnu++0x";
				CLANG_CXX_LIBRARY = "libc++";
				CLANG_ENABLE_MODULES = YES;
				CLANG_ENABLE_OBJC_ARC = YES;
				CLANG_WARN_BOOL_CONVERSION = YES;
				CLANG_WARN_CONSTANT_CONVERSION = YES;
				CLANG_WARN_DIRECT_OBJC_ISA_USAGE = YES_ERROR;
				CLANG_WARN_EMPTY_BODY = YES;
				CLANG_WARN_ENUM_CONVERSION = YES;
				CLANG_WARN_INT_CONVERSION = YES;
				CLANG_WARN_OBJC_ROOT_CLASS = YES_ERROR;
				CLANG_WARN_UNREACHABLE_CODE = YES;
				CLANG_WARN__DUPLICATE_METHOD_MATCH = YES;
				CODE_SIGN_IDENTITY = "iPhone Distribution";
				COPY_PHASE_STRIP = NO;
				CURRENT_PROJECT_VERSION = 1;
				DEFINES_MODULE = YES;
				DYLIB_COMPATIBILITY_VERSION = 1;
				DYLIB_CURRENT_VERSION = 1;
				DYLIB_INSTALL_NAME_BASE = "@rpath";
				ENABLE_NS_ASSERTIONS = NO;
				ENABLE_STRICT_OBJC_MSGSEND = YES;
				FRAMEWORK_SEARCH_PATHS = (
					"$(inherited)",
					"$(PROJECT_DIR)/Frameworks/SwiftExt/build/Debug-watchos",
				);
				GCC_C_LANGUAGE_STANDARD = gnu99;
				GCC_NO_COMMON_BLOCKS = YES;
				GCC_WARN_64_TO_32_BIT_CONVERSION = YES;
				GCC_WARN_ABOUT_RETURN_TYPE = YES_ERROR;
				GCC_WARN_UNDECLARED_SELECTOR = YES;
				GCC_WARN_UNINITIALIZED_AUTOS = YES_AGGRESSIVE;
				GCC_WARN_UNUSED_FUNCTION = YES;
				GCC_WARN_UNUSED_VARIABLE = YES;
				INFOPLIST_FILE = "Nest-for-watchOS/Info.plist";
				INSTALL_PATH = "$(LOCAL_LIBRARY_DIR)/Frameworks";
				LD_RUNPATH_SEARCH_PATHS = "$(inherited) @executable_path/Frameworks @loader_path/Frameworks";
				MTL_ENABLE_DEBUG_INFO = NO;
				PRODUCT_BUNDLE_IDENTIFIER = "com.WeZZard.Nest-for-watchOS";
				PRODUCT_NAME = Nest;
				SDKROOT = watchos;
				SKIP_INSTALL = YES;
				TARGETED_DEVICE_FAMILY = 4;
				VALIDATE_PRODUCT = YES;
				VERSIONING_SYSTEM = "apple-generic";
				VERSION_INFO_PREFIX = "";
				WATCHOS_DEPLOYMENT_TARGET = 2.0;
			};
			name = Release;
		};
		634711421B22D90600FA2C76 /* Debug */ = {
			isa = XCBuildConfiguration;
			buildSettings = {
				APPLICATION_EXTENSION_API_ONLY = YES;
				DEBUG_INFORMATION_FORMAT = "dwarf-with-dsym";
				ENABLE_TESTABILITY = YES;
				FRAMEWORK_SEARCH_PATHS = (
					"$(inherited)",
					"$(CONFIGURATION_BUILD_DIR)",
				);
				IPHONEOS_DEPLOYMENT_TARGET = 8.0;
				MACOSX_DEPLOYMENT_TARGET = 10.10;
				ONLY_ACTIVE_ARCH = YES;
			};
			name = Debug;
		};
		634711431B22D90600FA2C76 /* Release */ = {
			isa = XCBuildConfiguration;
			buildSettings = {
				APPLICATION_EXTENSION_API_ONLY = YES;
				DEBUG_INFORMATION_FORMAT = "dwarf-with-dsym";
				FRAMEWORK_SEARCH_PATHS = (
					"$(inherited)",
					"$(CONFIGURATION_BUILD_DIR)",
				);
				IPHONEOS_DEPLOYMENT_TARGET = 8.0;
				MACOSX_DEPLOYMENT_TARGET = 10.10;
			};
			name = Release;
		};
		6347115E1B22D91B00FA2C76 /* Debug */ = {
			isa = XCBuildConfiguration;
			buildSettings = {
				ALWAYS_SEARCH_USER_PATHS = NO;
				CLANG_CXX_LANGUAGE_STANDARD = "gnu++0x";
				CLANG_CXX_LIBRARY = "libc++";
				CLANG_ENABLE_MODULES = YES;
				CLANG_ENABLE_OBJC_ARC = YES;
				CLANG_WARN_BOOL_CONVERSION = YES;
				CLANG_WARN_CONSTANT_CONVERSION = YES;
				CLANG_WARN_DIRECT_OBJC_ISA_USAGE = YES_ERROR;
				CLANG_WARN_EMPTY_BODY = YES;
				CLANG_WARN_ENUM_CONVERSION = YES;
				CLANG_WARN_INT_CONVERSION = YES;
				CLANG_WARN_OBJC_ROOT_CLASS = YES_ERROR;
				CLANG_WARN_UNREACHABLE_CODE = YES;
				CLANG_WARN__DUPLICATE_METHOD_MATCH = YES;
				CODE_SIGN_IDENTITY = "iPhone Developer";
				COPY_PHASE_STRIP = NO;
				CURRENT_PROJECT_VERSION = 1;
				DEFINES_MODULE = YES;
				DYLIB_COMPATIBILITY_VERSION = 1;
				DYLIB_CURRENT_VERSION = 1;
				DYLIB_INSTALL_NAME_BASE = "@rpath";
				ENABLE_STRICT_OBJC_MSGSEND = YES;
				FRAMEWORK_SEARCH_PATHS = (
					"$(inherited)",
					"$(PROJECT_DIR)/Frameworks/SwiftExt/build/Debug-iphoneos",
				);
				GCC_C_LANGUAGE_STANDARD = gnu99;
				GCC_DYNAMIC_NO_PIC = NO;
				GCC_NO_COMMON_BLOCKS = YES;
				GCC_OPTIMIZATION_LEVEL = 0;
				GCC_PREPROCESSOR_DEFINITIONS = (
					"DEBUG=1",
					"$(inherited)",
				);
				GCC_SYMBOLS_PRIVATE_EXTERN = NO;
				GCC_WARN_64_TO_32_BIT_CONVERSION = YES;
				GCC_WARN_ABOUT_RETURN_TYPE = YES_ERROR;
				GCC_WARN_UNDECLARED_SELECTOR = YES;
				GCC_WARN_UNINITIALIZED_AUTOS = YES_AGGRESSIVE;
				GCC_WARN_UNUSED_FUNCTION = YES;
				GCC_WARN_UNUSED_VARIABLE = YES;
				INFOPLIST_FILE = "Nest-for-iOS/Info.plist";
				INSTALL_PATH = "$(LOCAL_LIBRARY_DIR)/Frameworks";
				LD_RUNPATH_SEARCH_PATHS = "$(inherited) @executable_path/Frameworks @loader_path/Frameworks";
				MTL_ENABLE_DEBUG_INFO = YES;
				ONLY_ACTIVE_ARCH = YES;
				PRODUCT_BUNDLE_IDENTIFIER = "com.WeZZard.$(PRODUCT_NAME:rfc1034identifier)";
				PRODUCT_NAME = Nest;
				SDKROOT = iphoneos;
				SKIP_INSTALL = YES;
				SWIFT_OPTIMIZATION_LEVEL = "-Onone";
				TARGETED_DEVICE_FAMILY = "1,2";
				VERSIONING_SYSTEM = "apple-generic";
				VERSION_INFO_PREFIX = "";
			};
			name = Debug;
		};
		6347115F1B22D91B00FA2C76 /* Release */ = {
			isa = XCBuildConfiguration;
			buildSettings = {
				ALWAYS_SEARCH_USER_PATHS = NO;
				CLANG_CXX_LANGUAGE_STANDARD = "gnu++0x";
				CLANG_CXX_LIBRARY = "libc++";
				CLANG_ENABLE_MODULES = YES;
				CLANG_ENABLE_OBJC_ARC = YES;
				CLANG_WARN_BOOL_CONVERSION = YES;
				CLANG_WARN_CONSTANT_CONVERSION = YES;
				CLANG_WARN_DIRECT_OBJC_ISA_USAGE = YES_ERROR;
				CLANG_WARN_EMPTY_BODY = YES;
				CLANG_WARN_ENUM_CONVERSION = YES;
				CLANG_WARN_INT_CONVERSION = YES;
				CLANG_WARN_OBJC_ROOT_CLASS = YES_ERROR;
				CLANG_WARN_UNREACHABLE_CODE = YES;
				CLANG_WARN__DUPLICATE_METHOD_MATCH = YES;
				CODE_SIGN_IDENTITY = "iPhone Distribution";
				COPY_PHASE_STRIP = NO;
				CURRENT_PROJECT_VERSION = 1;
				DEFINES_MODULE = YES;
				DYLIB_COMPATIBILITY_VERSION = 1;
				DYLIB_CURRENT_VERSION = 1;
				DYLIB_INSTALL_NAME_BASE = "@rpath";
				ENABLE_NS_ASSERTIONS = NO;
				ENABLE_STRICT_OBJC_MSGSEND = YES;
				FRAMEWORK_SEARCH_PATHS = (
					"$(inherited)",
					"$(PROJECT_DIR)/Frameworks/SwiftExt/build/Debug-iphoneos",
				);
				GCC_C_LANGUAGE_STANDARD = gnu99;
				GCC_NO_COMMON_BLOCKS = YES;
				GCC_WARN_64_TO_32_BIT_CONVERSION = YES;
				GCC_WARN_ABOUT_RETURN_TYPE = YES_ERROR;
				GCC_WARN_UNDECLARED_SELECTOR = YES;
				GCC_WARN_UNINITIALIZED_AUTOS = YES_AGGRESSIVE;
				GCC_WARN_UNUSED_FUNCTION = YES;
				GCC_WARN_UNUSED_VARIABLE = YES;
				INFOPLIST_FILE = "Nest-for-iOS/Info.plist";
				INSTALL_PATH = "$(LOCAL_LIBRARY_DIR)/Frameworks";
				LD_RUNPATH_SEARCH_PATHS = "$(inherited) @executable_path/Frameworks @loader_path/Frameworks";
				MTL_ENABLE_DEBUG_INFO = NO;
				PRODUCT_BUNDLE_IDENTIFIER = "com.WeZZard.$(PRODUCT_NAME:rfc1034identifier)";
				PRODUCT_NAME = Nest;
				SDKROOT = iphoneos;
				SKIP_INSTALL = YES;
				TARGETED_DEVICE_FAMILY = "1,2";
				VALIDATE_PRODUCT = YES;
				VERSIONING_SYSTEM = "apple-generic";
				VERSION_INFO_PREFIX = "";
			};
			name = Release;
		};
		634711611B22D91B00FA2C76 /* Debug */ = {
			isa = XCBuildConfiguration;
			buildSettings = {
				ALWAYS_SEARCH_USER_PATHS = NO;
				CLANG_CXX_LANGUAGE_STANDARD = "gnu++0x";
				CLANG_CXX_LIBRARY = "libc++";
				CLANG_ENABLE_MODULES = YES;
				CLANG_ENABLE_OBJC_ARC = YES;
				CLANG_WARN_BOOL_CONVERSION = YES;
				CLANG_WARN_CONSTANT_CONVERSION = YES;
				CLANG_WARN_DIRECT_OBJC_ISA_USAGE = YES_ERROR;
				CLANG_WARN_EMPTY_BODY = YES;
				CLANG_WARN_ENUM_CONVERSION = YES;
				CLANG_WARN_INT_CONVERSION = YES;
				CLANG_WARN_OBJC_ROOT_CLASS = YES_ERROR;
				CLANG_WARN_UNREACHABLE_CODE = YES;
				CLANG_WARN__DUPLICATE_METHOD_MATCH = YES;
				"CODE_SIGN_IDENTITY[sdk=iphoneos*]" = "iPhone Developer";
				COPY_PHASE_STRIP = NO;
				DEBUG_INFORMATION_FORMAT = "dwarf-with-dsym";
				ENABLE_STRICT_OBJC_MSGSEND = YES;
				GCC_C_LANGUAGE_STANDARD = gnu99;
				GCC_DYNAMIC_NO_PIC = NO;
				GCC_NO_COMMON_BLOCKS = YES;
				GCC_OPTIMIZATION_LEVEL = 0;
				GCC_PREPROCESSOR_DEFINITIONS = (
					"DEBUG=1",
					"$(inherited)",
				);
				GCC_SYMBOLS_PRIVATE_EXTERN = NO;
				GCC_WARN_64_TO_32_BIT_CONVERSION = YES;
				GCC_WARN_ABOUT_RETURN_TYPE = YES_ERROR;
				GCC_WARN_UNDECLARED_SELECTOR = YES;
				GCC_WARN_UNINITIALIZED_AUTOS = YES_AGGRESSIVE;
				GCC_WARN_UNUSED_FUNCTION = YES;
				GCC_WARN_UNUSED_VARIABLE = YES;
				INFOPLIST_FILE = "Nest-for-iOSTests/Info.plist";
				LD_RUNPATH_SEARCH_PATHS = "$(inherited) @executable_path/Frameworks @loader_path/Frameworks";
				MTL_ENABLE_DEBUG_INFO = YES;
				ONLY_ACTIVE_ARCH = YES;
				PRODUCT_BUNDLE_IDENTIFIER = "com.WeZZard.$(PRODUCT_NAME:rfc1034identifier)";
				PRODUCT_NAME = NestTest;
				SDKROOT = iphoneos;
			};
			name = Debug;
		};
		634711621B22D91B00FA2C76 /* Release */ = {
			isa = XCBuildConfiguration;
			buildSettings = {
				ALWAYS_SEARCH_USER_PATHS = NO;
				CLANG_CXX_LANGUAGE_STANDARD = "gnu++0x";
				CLANG_CXX_LIBRARY = "libc++";
				CLANG_ENABLE_MODULES = YES;
				CLANG_ENABLE_OBJC_ARC = YES;
				CLANG_WARN_BOOL_CONVERSION = YES;
				CLANG_WARN_CONSTANT_CONVERSION = YES;
				CLANG_WARN_DIRECT_OBJC_ISA_USAGE = YES_ERROR;
				CLANG_WARN_EMPTY_BODY = YES;
				CLANG_WARN_ENUM_CONVERSION = YES;
				CLANG_WARN_INT_CONVERSION = YES;
				CLANG_WARN_OBJC_ROOT_CLASS = YES_ERROR;
				CLANG_WARN_UNREACHABLE_CODE = YES;
				CLANG_WARN__DUPLICATE_METHOD_MATCH = YES;
				"CODE_SIGN_IDENTITY[sdk=iphoneos*]" = "iPhone Developer";
				COPY_PHASE_STRIP = NO;
				DEBUG_INFORMATION_FORMAT = "dwarf-with-dsym";
				ENABLE_NS_ASSERTIONS = NO;
				ENABLE_STRICT_OBJC_MSGSEND = YES;
				GCC_C_LANGUAGE_STANDARD = gnu99;
				GCC_NO_COMMON_BLOCKS = YES;
				GCC_WARN_64_TO_32_BIT_CONVERSION = YES;
				GCC_WARN_ABOUT_RETURN_TYPE = YES_ERROR;
				GCC_WARN_UNDECLARED_SELECTOR = YES;
				GCC_WARN_UNINITIALIZED_AUTOS = YES_AGGRESSIVE;
				GCC_WARN_UNUSED_FUNCTION = YES;
				GCC_WARN_UNUSED_VARIABLE = YES;
				INFOPLIST_FILE = "Nest-for-iOSTests/Info.plist";
				LD_RUNPATH_SEARCH_PATHS = "$(inherited) @executable_path/Frameworks @loader_path/Frameworks";
				MTL_ENABLE_DEBUG_INFO = NO;
				PRODUCT_BUNDLE_IDENTIFIER = "com.WeZZard.$(PRODUCT_NAME:rfc1034identifier)";
				PRODUCT_NAME = NestTest;
				SDKROOT = iphoneos;
				VALIDATE_PRODUCT = YES;
			};
			name = Release;
		};
		6347117C1B22D92600FA2C76 /* Debug */ = {
			isa = XCBuildConfiguration;
			buildSettings = {
				ALWAYS_SEARCH_USER_PATHS = NO;
				CLANG_CXX_LANGUAGE_STANDARD = "gnu++0x";
				CLANG_CXX_LIBRARY = "libc++";
				CLANG_ENABLE_MODULES = YES;
				CLANG_ENABLE_OBJC_ARC = YES;
				CLANG_WARN_BOOL_CONVERSION = YES;
				CLANG_WARN_CONSTANT_CONVERSION = YES;
				CLANG_WARN_DIRECT_OBJC_ISA_USAGE = YES_ERROR;
				CLANG_WARN_EMPTY_BODY = YES;
				CLANG_WARN_ENUM_CONVERSION = YES;
				CLANG_WARN_INT_CONVERSION = YES;
				CLANG_WARN_OBJC_ROOT_CLASS = YES_ERROR;
				CLANG_WARN_UNREACHABLE_CODE = YES;
				CLANG_WARN__DUPLICATE_METHOD_MATCH = YES;
				CODE_SIGN_IDENTITY = "Mac Developer";
				COMBINE_HIDPI_IMAGES = YES;
				COPY_PHASE_STRIP = NO;
				CURRENT_PROJECT_VERSION = 1;
				DEFINES_MODULE = YES;
				DYLIB_COMPATIBILITY_VERSION = 1;
				DYLIB_CURRENT_VERSION = 1;
				DYLIB_INSTALL_NAME_BASE = "@rpath";
				ENABLE_STRICT_OBJC_MSGSEND = YES;
				FRAMEWORK_SEARCH_PATHS = (
					"$(inherited)",
					"$(PROJECT_DIR)/Frameworks/SwiftExt/build/Debug",
				);
				FRAMEWORK_VERSION = A;
				GCC_C_LANGUAGE_STANDARD = gnu99;
				GCC_DYNAMIC_NO_PIC = NO;
				GCC_NO_COMMON_BLOCKS = YES;
				GCC_OPTIMIZATION_LEVEL = 0;
				GCC_PREPROCESSOR_DEFINITIONS = (
					"DEBUG=1",
					"$(inherited)",
				);
				GCC_SYMBOLS_PRIVATE_EXTERN = NO;
				GCC_WARN_64_TO_32_BIT_CONVERSION = YES;
				GCC_WARN_ABOUT_RETURN_TYPE = YES_ERROR;
				GCC_WARN_UNDECLARED_SELECTOR = YES;
				GCC_WARN_UNINITIALIZED_AUTOS = YES_AGGRESSIVE;
				GCC_WARN_UNUSED_FUNCTION = YES;
				GCC_WARN_UNUSED_VARIABLE = YES;
				INFOPLIST_FILE = "Nest-for-OS-X/Info.plist";
				INSTALL_PATH = "$(LOCAL_LIBRARY_DIR)/Frameworks";
				LD_RUNPATH_SEARCH_PATHS = "$(inherited) @executable_path/../Frameworks @loader_path/Frameworks";
				MTL_ENABLE_DEBUG_INFO = YES;
				ONLY_ACTIVE_ARCH = YES;
				PRODUCT_BUNDLE_IDENTIFIER = "com.WeZZard.$(PRODUCT_NAME:rfc1034identifier)";
				PRODUCT_NAME = Nest;
				SDKROOT = macosx;
				SKIP_INSTALL = YES;
				SWIFT_OPTIMIZATION_LEVEL = "-Onone";
				VERSIONING_SYSTEM = "apple-generic";
				VERSION_INFO_PREFIX = "";
			};
			name = Debug;
		};
		6347117D1B22D92600FA2C76 /* Release */ = {
			isa = XCBuildConfiguration;
			buildSettings = {
				ALWAYS_SEARCH_USER_PATHS = NO;
				CLANG_CXX_LANGUAGE_STANDARD = "gnu++0x";
				CLANG_CXX_LIBRARY = "libc++";
				CLANG_ENABLE_MODULES = YES;
				CLANG_ENABLE_OBJC_ARC = YES;
				CLANG_WARN_BOOL_CONVERSION = YES;
				CLANG_WARN_CONSTANT_CONVERSION = YES;
				CLANG_WARN_DIRECT_OBJC_ISA_USAGE = YES_ERROR;
				CLANG_WARN_EMPTY_BODY = YES;
				CLANG_WARN_ENUM_CONVERSION = YES;
				CLANG_WARN_INT_CONVERSION = YES;
				CLANG_WARN_OBJC_ROOT_CLASS = YES_ERROR;
				CLANG_WARN_UNREACHABLE_CODE = YES;
				CLANG_WARN__DUPLICATE_METHOD_MATCH = YES;
				CODE_SIGN_IDENTITY = "3rd Party Mac Developer Application";
				COMBINE_HIDPI_IMAGES = YES;
				COPY_PHASE_STRIP = NO;
				CURRENT_PROJECT_VERSION = 1;
				DEFINES_MODULE = YES;
				DYLIB_COMPATIBILITY_VERSION = 1;
				DYLIB_CURRENT_VERSION = 1;
				DYLIB_INSTALL_NAME_BASE = "@rpath";
				ENABLE_NS_ASSERTIONS = NO;
				ENABLE_STRICT_OBJC_MSGSEND = YES;
				FRAMEWORK_SEARCH_PATHS = (
					"$(inherited)",
					"$(PROJECT_DIR)/Frameworks/SwiftExt/build/Debug",
				);
				FRAMEWORK_VERSION = A;
				GCC_C_LANGUAGE_STANDARD = gnu99;
				GCC_NO_COMMON_BLOCKS = YES;
				GCC_WARN_64_TO_32_BIT_CONVERSION = YES;
				GCC_WARN_ABOUT_RETURN_TYPE = YES_ERROR;
				GCC_WARN_UNDECLARED_SELECTOR = YES;
				GCC_WARN_UNINITIALIZED_AUTOS = YES_AGGRESSIVE;
				GCC_WARN_UNUSED_FUNCTION = YES;
				GCC_WARN_UNUSED_VARIABLE = YES;
				INFOPLIST_FILE = "Nest-for-OS-X/Info.plist";
				INSTALL_PATH = "$(LOCAL_LIBRARY_DIR)/Frameworks";
				LD_RUNPATH_SEARCH_PATHS = "$(inherited) @executable_path/../Frameworks @loader_path/Frameworks";
				MTL_ENABLE_DEBUG_INFO = NO;
				PRODUCT_BUNDLE_IDENTIFIER = "com.WeZZard.$(PRODUCT_NAME:rfc1034identifier)";
				PRODUCT_NAME = Nest;
				SDKROOT = macosx;
				SKIP_INSTALL = YES;
				VERSIONING_SYSTEM = "apple-generic";
				VERSION_INFO_PREFIX = "";
			};
			name = Release;
		};
		6347117F1B22D92600FA2C76 /* Debug */ = {
			isa = XCBuildConfiguration;
			buildSettings = {
				ALWAYS_SEARCH_USER_PATHS = NO;
				CLANG_CXX_LANGUAGE_STANDARD = "gnu++0x";
				CLANG_CXX_LIBRARY = "libc++";
				CLANG_ENABLE_MODULES = YES;
				CLANG_ENABLE_OBJC_ARC = YES;
				CLANG_WARN_BOOL_CONVERSION = YES;
				CLANG_WARN_CONSTANT_CONVERSION = YES;
				CLANG_WARN_DIRECT_OBJC_ISA_USAGE = YES_ERROR;
				CLANG_WARN_EMPTY_BODY = YES;
				CLANG_WARN_ENUM_CONVERSION = YES;
				CLANG_WARN_INT_CONVERSION = YES;
				CLANG_WARN_OBJC_ROOT_CLASS = YES_ERROR;
				CLANG_WARN_UNREACHABLE_CODE = YES;
				CLANG_WARN__DUPLICATE_METHOD_MATCH = YES;
				COMBINE_HIDPI_IMAGES = YES;
				COPY_PHASE_STRIP = NO;
				DEBUG_INFORMATION_FORMAT = dwarf;
				ENABLE_STRICT_OBJC_MSGSEND = YES;
				GCC_C_LANGUAGE_STANDARD = gnu99;
				GCC_DYNAMIC_NO_PIC = NO;
				GCC_NO_COMMON_BLOCKS = YES;
				GCC_OPTIMIZATION_LEVEL = 0;
				GCC_PREPROCESSOR_DEFINITIONS = (
					"DEBUG=1",
					"$(inherited)",
				);
				GCC_SYMBOLS_PRIVATE_EXTERN = NO;
				GCC_WARN_64_TO_32_BIT_CONVERSION = YES;
				GCC_WARN_ABOUT_RETURN_TYPE = YES_ERROR;
				GCC_WARN_UNDECLARED_SELECTOR = YES;
				GCC_WARN_UNINITIALIZED_AUTOS = YES_AGGRESSIVE;
				GCC_WARN_UNUSED_FUNCTION = YES;
				GCC_WARN_UNUSED_VARIABLE = YES;
				INFOPLIST_FILE = "Nest-for-OS-XTests/Info.plist";
				LD_RUNPATH_SEARCH_PATHS = "$(inherited) @executable_path/../Frameworks @loader_path/../Frameworks";
				MTL_ENABLE_DEBUG_INFO = YES;
				ONLY_ACTIVE_ARCH = YES;
				PRODUCT_BUNDLE_IDENTIFIER = "com.WeZZard.$(PRODUCT_NAME:rfc1034identifier)";
				PRODUCT_NAME = NestTest;
				SDKROOT = macosx;
			};
			name = Debug;
		};
		634711801B22D92600FA2C76 /* Release */ = {
			isa = XCBuildConfiguration;
			buildSettings = {
				ALWAYS_SEARCH_USER_PATHS = NO;
				CLANG_CXX_LANGUAGE_STANDARD = "gnu++0x";
				CLANG_CXX_LIBRARY = "libc++";
				CLANG_ENABLE_MODULES = YES;
				CLANG_ENABLE_OBJC_ARC = YES;
				CLANG_WARN_BOOL_CONVERSION = YES;
				CLANG_WARN_CONSTANT_CONVERSION = YES;
				CLANG_WARN_DIRECT_OBJC_ISA_USAGE = YES_ERROR;
				CLANG_WARN_EMPTY_BODY = YES;
				CLANG_WARN_ENUM_CONVERSION = YES;
				CLANG_WARN_INT_CONVERSION = YES;
				CLANG_WARN_OBJC_ROOT_CLASS = YES_ERROR;
				CLANG_WARN_UNREACHABLE_CODE = YES;
				CLANG_WARN__DUPLICATE_METHOD_MATCH = YES;
				COMBINE_HIDPI_IMAGES = YES;
				COPY_PHASE_STRIP = NO;
				DEBUG_INFORMATION_FORMAT = "dwarf-with-dsym";
				ENABLE_NS_ASSERTIONS = NO;
				ENABLE_STRICT_OBJC_MSGSEND = YES;
				GCC_C_LANGUAGE_STANDARD = gnu99;
				GCC_NO_COMMON_BLOCKS = YES;
				GCC_WARN_64_TO_32_BIT_CONVERSION = YES;
				GCC_WARN_ABOUT_RETURN_TYPE = YES_ERROR;
				GCC_WARN_UNDECLARED_SELECTOR = YES;
				GCC_WARN_UNINITIALIZED_AUTOS = YES_AGGRESSIVE;
				GCC_WARN_UNUSED_FUNCTION = YES;
				GCC_WARN_UNUSED_VARIABLE = YES;
				INFOPLIST_FILE = "Nest-for-OS-XTests/Info.plist";
				LD_RUNPATH_SEARCH_PATHS = "$(inherited) @executable_path/../Frameworks @loader_path/../Frameworks";
				MTL_ENABLE_DEBUG_INFO = NO;
				PRODUCT_BUNDLE_IDENTIFIER = "com.WeZZard.$(PRODUCT_NAME:rfc1034identifier)";
				PRODUCT_NAME = NestTest;
				SDKROOT = macosx;
			};
			name = Release;
		};
/* End XCBuildConfiguration section */

/* Begin XCConfigurationList section */
		630B4D751B48DD2F00830454 /* Build configuration list for PBXNativeTarget "Nest-for-watchOS" */ = {
			isa = XCConfigurationList;
			buildConfigurations = (
				630B4D761B48DD2F00830454 /* Debug */,
				630B4D771B48DD2F00830454 /* Release */,
			);
			defaultConfigurationIsVisible = 0;
			defaultConfigurationName = Release;
		};
		634711411B22D90600FA2C76 /* Build configuration list for PBXProject "Nest" */ = {
			isa = XCConfigurationList;
			buildConfigurations = (
				634711421B22D90600FA2C76 /* Debug */,
				634711431B22D90600FA2C76 /* Release */,
			);
			defaultConfigurationIsVisible = 0;
			defaultConfigurationName = Release;
		};
		6347115D1B22D91B00FA2C76 /* Build configuration list for PBXNativeTarget "Nest-for-iOS" */ = {
			isa = XCConfigurationList;
			buildConfigurations = (
				6347115E1B22D91B00FA2C76 /* Debug */,
				6347115F1B22D91B00FA2C76 /* Release */,
			);
			defaultConfigurationIsVisible = 0;
			defaultConfigurationName = Release;
		};
		634711601B22D91B00FA2C76 /* Build configuration list for PBXNativeTarget "Nest-for-iOSTests" */ = {
			isa = XCConfigurationList;
			buildConfigurations = (
				634711611B22D91B00FA2C76 /* Debug */,
				634711621B22D91B00FA2C76 /* Release */,
			);
			defaultConfigurationIsVisible = 0;
			defaultConfigurationName = Release;
		};
		6347117B1B22D92600FA2C76 /* Build configuration list for PBXNativeTarget "Nest-for-OS-X" */ = {
			isa = XCConfigurationList;
			buildConfigurations = (
				6347117C1B22D92600FA2C76 /* Debug */,
				6347117D1B22D92600FA2C76 /* Release */,
			);
			defaultConfigurationIsVisible = 0;
			defaultConfigurationName = Release;
		};
		6347117E1B22D92600FA2C76 /* Build configuration list for PBXNativeTarget "Nest-for-OS-XTests" */ = {
			isa = XCConfigurationList;
			buildConfigurations = (
				6347117F1B22D92600FA2C76 /* Debug */,
				634711801B22D92600FA2C76 /* Release */,
			);
			defaultConfigurationIsVisible = 0;
			defaultConfigurationName = Release;
		};
/* End XCConfigurationList section */
	};
	rootObject = 6347113E1B22D90600FA2C76 /* Project object */;
}
